
Microsoft Visual Studio Solution File, Format Version 12.00
# Visual Studio 15
VisualStudioVersion = 15.0.27130.2010
MinimumVisualStudioVersion = 10.0.40219.1
Project("{FAE04EC0-301F-11D3-BF4B-00C04F79EFBC}") = "01. Day of Week", "01. Day of Week\01. Day of Week.csproj", "{9AAA254F-4625-45D9-8653-DBBD6CC3E27E}"
EndProject
Project("{FAE04EC0-301F-11D3-BF4B-00C04F79EFBC}") = "02. Reverse Array of Integers", "02. Reverse Array of Integers\02. Reverse Array of Integers.csproj", "{F9B2394B-62FD-4AA0-A97E-8B0D5E7D6278}"
EndProject
Project("{FAE04EC0-301F-11D3-BF4B-00C04F79EFBC}") = "03. Last K Numbers Sums", "03. Last K Numbers Sums\03. Last K Numbers Sums.csproj", "{673DAF0F-9D22-4510-917D-A413A5CD5920}"
EndProject
Project("{FAE04EC0-301F-11D3-BF4B-00C04F79EFBC}") = "04. Triple Sum", "04. Triple Sum\04. Triple Sum.csproj", "{CBF4149C-126B-4047-BF3E-C5DD30CFB687}"
EndProject
Project("{FAE04EC0-301F-11D3-BF4B-00C04F79EFBC}") = "05. Rounding Numbers", "05. Rounding Numbers\05. Rounding Numbers.csproj", "{3C45E33F-7D10-4E87-8456-EC1B42D2FEB2}"
EndProject
Project("{FAE04EC0-301F-11D3-BF4B-00C04F79EFBC}") = "06. Reverse Array of Strings", "06. Reverse Array of Strings\06. Reverse Array of Strings.csproj", "{720E637B-C59E-4447-B90C-AAEDB325B1E9}"
EndProject
Project("{FAE04EC0-301F-11D3-BF4B-00C04F79EFBC}") = "07. Sum Arrays", "07. Sum Arrays\07. Sum Arrays.csproj", "{1D2CA2FF-1B5B-4810-BA20-F9C3F2C17D6D}"
EndProject
Project("{FAE04EC0-301F-11D3-BF4B-00C04F79EFBC}") = "08. Condense Array to Number", "08. Condense Array to Number\08. Condense Array to Number.csproj", "{1BBE0B31-94A1-4E5E-BC5A-ACC71EC5D33B}"
EndProject
Project("{FAE04EC0-301F-11D3-BF4B-00C04F79EFBC}") = "09. Extract Middle Elements", "09. Extract Middle Elements\09. Extract Middle Elements.csproj", "{20BC2C8D-5456-4732-B8D7-BE0EFAE8BF0E}"
EndProject
Project("{FAE04EC0-301F-11D3-BF4B-00C04F79EFBC}") = "10. Sum Array Elements", "10. Sum Array Elements\10. Sum Array Elements.csproj", "{4A8A2E0A-F859-48D2-87F9-406E8DCB0049}"
EndProject
Project("{FAE04EC0-301F-11D3-BF4B-00C04F79EFBC}") = "11. Multiply an Array of Doubles", "11. Multiply an Array of Doubles\11. Multiply an Array of Doubles.csproj", "{79FE165D-0CCE-4D7F-B544-36C26556FD53}"
EndProject
Project("{FAE04EC0-301F-11D3-BF4B-00C04F79EFBC}") = "12. Smallest Element in Array", "12. Smallest Element in Array\12. Smallest Element in Array.csproj", "{5A01FFD0-7E11-46A4-8D92-179131623363}"
EndProject
Project("{FAE04EC0-301F-11D3-BF4B-00C04F79EFBC}") = "13. Rotate Array of Strings", "13. Rotate Array of Strings\13. Rotate Array of Strings.csproj", "{8954D482-F117-49F6-BCE7-17840349FB96}"
EndProject
Project("{FAE04EC0-301F-11D3-BF4B-00C04F79EFBC}") = "14. Count of Odd Numbers in Array", "14. Count of Odd Numbers in Array\14. Count of Odd Numbers in Array.csproj", "{3F84FC55-1A58-46C4-8855-998C5CD82506}"
EndProject
Global
	GlobalSection(SolutionConfigurationPlatforms) = preSolution
		Debug|Any CPU = Debug|Any CPU
		Release|Any CPU = Release|Any CPU
	EndGlobalSection
	GlobalSection(ProjectConfigurationPlatforms) = postSolution
		{9AAA254F-4625-45D9-8653-DBBD6CC3E27E}.Debug|Any CPU.ActiveCfg = Debug|Any CPU
		{9AAA254F-4625-45D9-8653-DBBD6CC3E27E}.Debug|Any CPU.Build.0 = Debug|Any CPU
		{9AAA254F-4625-45D9-8653-DBBD6CC3E27E}.Release|Any CPU.ActiveCfg = Release|Any CPU
		{9AAA254F-4625-45D9-8653-DBBD6CC3E27E}.Release|Any CPU.Build.0 = Release|Any CPU
		{F9B2394B-62FD-4AA0-A97E-8B0D5E7D6278}.Debug|Any CPU.ActiveCfg = Debug|Any CPU
		{F9B2394B-62FD-4AA0-A97E-8B0D5E7D6278}.Debug|Any CPU.Build.0 = Debug|Any CPU
		{F9B2394B-62FD-4AA0-A97E-8B0D5E7D6278}.Release|Any CPU.ActiveCfg = Release|Any CPU
		{F9B2394B-62FD-4AA0-A97E-8B0D5E7D6278}.Release|Any CPU.Build.0 = Release|Any CPU
		{673DAF0F-9D22-4510-917D-A413A5CD5920}.Debug|Any CPU.ActiveCfg = Debug|Any CPU
		{673DAF0F-9D22-4510-917D-A413A5CD5920}.Debug|Any CPU.Build.0 = Debug|Any CPU
		{673DAF0F-9D22-4510-917D-A413A5CD5920}.Release|Any CPU.ActiveCfg = Release|Any CPU
		{673DAF0F-9D22-4510-917D-A413A5CD5920}.Release|Any CPU.Build.0 = Release|Any CPU
		{CBF4149C-126B-4047-BF3E-C5DD30CFB687}.Debug|Any CPU.ActiveCfg = Debug|Any CPU
		{CBF4149C-126B-4047-BF3E-C5DD30CFB687}.Debug|Any CPU.Build.0 = Debug|Any CPU
		{CBF4149C-126B-4047-BF3E-C5DD30CFB687}.Release|Any CPU.ActiveCfg = Release|Any CPU
		{CBF4149C-126B-4047-BF3E-C5DD30CFB687}.Release|Any CPU.Build.0 = Release|Any CPU
		{3C45E33F-7D10-4E87-8456-EC1B42D2FEB2}.Debug|Any CPU.ActiveCfg = Debug|Any CPU
		{3C45E33F-7D10-4E87-8456-EC1B42D2FEB2}.Debug|Any CPU.Build.0 = Debug|Any CPU
		{3C45E33F-7D10-4E87-8456-EC1B42D2FEB2}.Release|Any CPU.ActiveCfg = Release|Any CPU
		{3C45E33F-7D10-4E87-8456-EC1B42D2FEB2}.Release|Any CPU.Build.0 = Release|Any CPU
		{720E637B-C59E-4447-B90C-AAEDB325B1E9}.Debug|Any CPU.ActiveCfg = Debug|Any CPU
		{720E637B-C59E-4447-B90C-AAEDB325B1E9}.Debug|Any CPU.Build.0 = Debug|Any CPU
		{720E637B-C59E-4447-B90C-AAEDB325B1E9}.Release|Any CPU.ActiveCfg = Release|Any CPU
		{720E637B-C59E-4447-B90C-AAEDB325B1E9}.Release|Any CPU.Build.0 = Release|Any CPU
		{1D2CA2FF-1B5B-4810-BA20-F9C3F2C17D6D}.Debug|Any CPU.ActiveCfg = Debug|Any CPU
		{1D2CA2FF-1B5B-4810-BA20-F9C3F2C17D6D}.Debug|Any CPU.Build.0 = Debug|Any CPU
		{1D2CA2FF-1B5B-4810-BA20-F9C3F2C17D6D}.Release|Any CPU.ActiveCfg = Release|Any CPU
		{1D2CA2FF-1B5B-4810-BA20-F9C3F2C17D6D}.Release|Any CPU.Build.0 = Release|Any CPU
		{1BBE0B31-94A1-4E5E-BC5A-ACC71EC5D33B}.Debug|Any CPU.ActiveCfg = Debug|Any CPU
		{1BBE0B31-94A1-4E5E-BC5A-ACC71EC5D33B}.Debug|Any CPU.Build.0 = Debug|Any CPU
		{1BBE0B31-94A1-4E5E-BC5A-ACC71EC5D33B}.Release|Any CPU.ActiveCfg = Release|Any CPU
		{1BBE0B31-94A1-4E5E-BC5A-ACC71EC5D33B}.Release|Any CPU.Build.0 = Release|Any CPU
		{20BC2C8D-5456-4732-B8D7-BE0EFAE8BF0E}.Debug|Any CPU.ActiveCfg = Debug|Any CPU
		{20BC2C8D-5456-4732-B8D7-BE0EFAE8BF0E}.Debug|Any CPU.Build.0 = Debug|Any CPU
		{20BC2C8D-5456-4732-B8D7-BE0EFAE8BF0E}.Release|Any CPU.ActiveCfg = Release|Any CPU
		{20BC2C8D-5456-4732-B8D7-BE0EFAE8BF0E}.Release|Any CPU.Build.0 = Release|Any CPU
		{4A8A2E0A-F859-48D2-87F9-406E8DCB0049}.Debug|Any CPU.ActiveCfg = Debug|Any CPU
		{4A8A2E0A-F859-48D2-87F9-406E8DCB0049}.Debug|Any CPU.Build.0 = Debug|Any CPU
		{4A8A2E0A-F859-48D2-87F9-406E8DCB0049}.Release|Any CPU.ActiveCfg = Release|Any CPU
		{4A8A2E0A-F859-48D2-87F9-406E8DCB0049}.Release|Any CPU.Build.0 = Release|Any CPU
		{79FE165D-0CCE-4D7F-B544-36C26556FD53}.Debug|Any CPU.ActiveCfg = Debug|Any CPU
		{79FE165D-0CCE-4D7F-B544-36C26556FD53}.Debug|Any CPU.Build.0 = Debug|Any CPU
		{79FE165D-0CCE-4D7F-B544-36C26556FD53}.Release|Any CPU.ActiveCfg = Release|Any CPU
		{79FE165D-0CCE-4D7F-B544-36C26556FD53}.Release|Any CPU.Build.0 = Release|Any CPU
		{5A01FFD0-7E11-46A4-8D92-179131623363}.Debug|Any CPU.ActiveCfg = Debug|Any CPU
		{5A01FFD0-7E11-46A4-8D92-179131623363}.Debug|Any CPU.Build.0 = Debug|Any CPU
		{5A01FFD0-7E11-46A4-8D92-179131623363}.Release|Any CPU.ActiveCfg = Release|Any CPU
		{5A01FFD0-7E11-46A4-8D92-179131623363}.Release|Any CPU.Build.0 = Release|Any CPU
		{8954D482-F117-49F6-BCE7-17840349FB96}.Debug|Any CPU.ActiveCfg = Debug|Any CPU
		{8954D482-F117-49F6-BCE7-17840349FB96}.Debug|Any CPU.Build.0 = Debug|Any CPU
		{8954D482-F117-49F6-BCE7-17840349FB96}.Release|Any CPU.ActiveCfg = Release|Any CPU
		{8954D482-F117-49F6-BCE7-17840349FB96}.Release|Any CPU.Build.0 = Release|Any CPU
		{3F84FC55-1A58-46C4-8855-998C5CD82506}.Debug|Any CPU.ActiveCfg = Debug|Any CPU
		{3F84FC55-1A58-46C4-8855-998C5CD82506}.Debug|Any CPU.Build.0 = Debug|Any CPU
		{3F84FC55-1A58-46C4-8855-998C5CD82506}.Release|Any CPU.ActiveCfg = Release|Any CPU
		{3F84FC55-1A58-46C4-8855-998C5CD82506}.Release|Any CPU.Build.0 = Release|Any CPU
	EndGlobalSection
	GlobalSection(SolutionProperties) = preSolution
		HideSolutionNode = FALSE
	EndGlobalSection
	GlobalSection(ExtensibilityGlobals) = postSolution
		SolutionGuid = {4934CC7B-FA81-478B-AB4D-3418EA6424D6}
	EndGlobalSection
EndGlobal
