
Microsoft Visual Studio Solution File, Format Version 12.00
# Visual Studio 15
VisualStudioVersion = 15.0.27130.2010
MinimumVisualStudioVersion = 10.0.40219.1
Project("{FAE04EC0-301F-11D3-BF4B-00C04F79EFBC}") = "ConvertSpeedUnits", "PracticeIntegers\ConvertSpeedUnits.csproj", "{979D956A-AE2D-48BE-B57F-43ECDD6F7EB9}"
EndProject
Project("{FAE04EC0-301F-11D3-BF4B-00C04F79EFBC}") = "RectangleProperties", "RectangleProperties\RectangleProperties.csproj", "{6B1F430D-B307-4992-ADB5-76DB21D5EF70}"
EndProject
Project("{FAE04EC0-301F-11D3-BF4B-00C04F79EFBC}") = "VowelDigit", "VowelDigit\VowelDigit.csproj", "{550BC122-C133-4EA3-B77C-2F26029658AB}"
EndProject
Project("{FAE04EC0-301F-11D3-BF4B-00C04F79EFBC}") = "IntegerToHexAndBinary", "IntegerToHexAndBinary\IntegerToHexAndBinary.csproj", "{8677C6F9-A276-48CE-89C0-20F6DCCBBCDE}"
EndProject
Project("{FAE04EC0-301F-11D3-BF4B-00C04F79EFBC}") = "FastPrimeCheckerRefactor", "FastPrimeCheckerRefactor\FastPrimeCheckerRefactor.csproj", "{AD55BD59-B49C-421A-AA08-7D9D85128BA6}"
EndProject
Project("{FAE04EC0-301F-11D3-BF4B-00C04F79EFBC}") = "ComparingFloats", "ComparingFloats\ComparingFloats.csproj", "{A3417A75-395B-4FA0-8362-F11C3EC34E33}"
EndProject
Project("{FAE04EC0-301F-11D3-BF4B-00C04F79EFBC}") = "PrintPartASCIITable", "PrintPartASCIITable\PrintPartASCIITable.csproj", "{9353011E-60B4-4F62-874B-70A3E742C947}"
EndProject
Project("{FAE04EC0-301F-11D3-BF4B-00C04F79EFBC}") = "DifferentIntegersSize", "DifferentIntegersSize\DifferentIntegersSize.csproj", "{FB8BC38C-4E3E-4ADC-B278-3C8BED209CA1}"
EndProject
Project("{FAE04EC0-301F-11D3-BF4B-00C04F79EFBC}") = "ThePhotographer", "TheaPhotographer\ThePhotographer.csproj", "{8F94C07A-EFB4-4FC4-A696-856C70DA1A0F}"
EndProject
Project("{FAE04EC0-301F-11D3-BF4B-00C04F79EFBC}") = "TypeBoundaries", "TypeBoundaries\TypeBoundaries.csproj", "{A6260D8C-982B-4C88-9F40-E87EEA2763A6}"
EndProject
Project("{FAE04EC0-301F-11D3-BF4B-00C04F79EFBC}") = "NumberChecker", "NumberChecker\NumberChecker.csproj", "{2DA7FE63-6EDB-4E97-9408-08938103383A}"
EndProject
Project("{FAE04EC0-301F-11D3-BF4B-00C04F79EFBC}") = "WaterOverflow", "WaterOverflow\WaterOverflow.csproj", "{28C8778A-F94D-4B73-93F4-1A2F362A11AC}"
EndProject
Project("{FAE04EC0-301F-11D3-BF4B-00C04F79EFBC}") = "TouristInformation", "TouristInformation\TouristInformation.csproj", "{C61663F0-F4A2-4D55-A663-93D208F5981A}"
EndProject
Global
	GlobalSection(SolutionConfigurationPlatforms) = preSolution
		Debug|Any CPU = Debug|Any CPU
		Release|Any CPU = Release|Any CPU
	EndGlobalSection
	GlobalSection(ProjectConfigurationPlatforms) = postSolution
		{979D956A-AE2D-48BE-B57F-43ECDD6F7EB9}.Debug|Any CPU.ActiveCfg = Debug|Any CPU
		{979D956A-AE2D-48BE-B57F-43ECDD6F7EB9}.Debug|Any CPU.Build.0 = Debug|Any CPU
		{979D956A-AE2D-48BE-B57F-43ECDD6F7EB9}.Release|Any CPU.ActiveCfg = Release|Any CPU
		{979D956A-AE2D-48BE-B57F-43ECDD6F7EB9}.Release|Any CPU.Build.0 = Release|Any CPU
		{6B1F430D-B307-4992-ADB5-76DB21D5EF70}.Debug|Any CPU.ActiveCfg = Debug|Any CPU
		{6B1F430D-B307-4992-ADB5-76DB21D5EF70}.Debug|Any CPU.Build.0 = Debug|Any CPU
		{6B1F430D-B307-4992-ADB5-76DB21D5EF70}.Release|Any CPU.ActiveCfg = Release|Any CPU
		{6B1F430D-B307-4992-ADB5-76DB21D5EF70}.Release|Any CPU.Build.0 = Release|Any CPU
		{550BC122-C133-4EA3-B77C-2F26029658AB}.Debug|Any CPU.ActiveCfg = Debug|Any CPU
		{550BC122-C133-4EA3-B77C-2F26029658AB}.Debug|Any CPU.Build.0 = Debug|Any CPU
		{550BC122-C133-4EA3-B77C-2F26029658AB}.Release|Any CPU.ActiveCfg = Release|Any CPU
		{550BC122-C133-4EA3-B77C-2F26029658AB}.Release|Any CPU.Build.0 = Release|Any CPU
		{8677C6F9-A276-48CE-89C0-20F6DCCBBCDE}.Debug|Any CPU.ActiveCfg = Debug|Any CPU
		{8677C6F9-A276-48CE-89C0-20F6DCCBBCDE}.Debug|Any CPU.Build.0 = Debug|Any CPU
		{8677C6F9-A276-48CE-89C0-20F6DCCBBCDE}.Release|Any CPU.ActiveCfg = Release|Any CPU
		{8677C6F9-A276-48CE-89C0-20F6DCCBBCDE}.Release|Any CPU.Build.0 = Release|Any CPU
		{AD55BD59-B49C-421A-AA08-7D9D85128BA6}.Debug|Any CPU.ActiveCfg = Debug|Any CPU
		{AD55BD59-B49C-421A-AA08-7D9D85128BA6}.Debug|Any CPU.Build.0 = Debug|Any CPU
		{AD55BD59-B49C-421A-AA08-7D9D85128BA6}.Release|Any CPU.ActiveCfg = Release|Any CPU
		{AD55BD59-B49C-421A-AA08-7D9D85128BA6}.Release|Any CPU.Build.0 = Release|Any CPU
		{A3417A75-395B-4FA0-8362-F11C3EC34E33}.Debug|Any CPU.ActiveCfg = Debug|Any CPU
		{A3417A75-395B-4FA0-8362-F11C3EC34E33}.Debug|Any CPU.Build.0 = Debug|Any CPU
		{A3417A75-395B-4FA0-8362-F11C3EC34E33}.Release|Any CPU.ActiveCfg = Release|Any CPU
		{A3417A75-395B-4FA0-8362-F11C3EC34E33}.Release|Any CPU.Build.0 = Release|Any CPU
		{9353011E-60B4-4F62-874B-70A3E742C947}.Debug|Any CPU.ActiveCfg = Debug|Any CPU
		{9353011E-60B4-4F62-874B-70A3E742C947}.Debug|Any CPU.Build.0 = Debug|Any CPU
		{9353011E-60B4-4F62-874B-70A3E742C947}.Release|Any CPU.ActiveCfg = Release|Any CPU
		{9353011E-60B4-4F62-874B-70A3E742C947}.Release|Any CPU.Build.0 = Release|Any CPU
		{FB8BC38C-4E3E-4ADC-B278-3C8BED209CA1}.Debug|Any CPU.ActiveCfg = Debug|Any CPU
		{FB8BC38C-4E3E-4ADC-B278-3C8BED209CA1}.Debug|Any CPU.Build.0 = Debug|Any CPU
		{FB8BC38C-4E3E-4ADC-B278-3C8BED209CA1}.Release|Any CPU.ActiveCfg = Release|Any CPU
		{FB8BC38C-4E3E-4ADC-B278-3C8BED209CA1}.Release|Any CPU.Build.0 = Release|Any CPU
		{8F94C07A-EFB4-4FC4-A696-856C70DA1A0F}.Debug|Any CPU.ActiveCfg = Debug|Any CPU
		{8F94C07A-EFB4-4FC4-A696-856C70DA1A0F}.Debug|Any CPU.Build.0 = Debug|Any CPU
		{8F94C07A-EFB4-4FC4-A696-856C70DA1A0F}.Release|Any CPU.ActiveCfg = Release|Any CPU
		{8F94C07A-EFB4-4FC4-A696-856C70DA1A0F}.Release|Any CPU.Build.0 = Release|Any CPU
		{A6260D8C-982B-4C88-9F40-E87EEA2763A6}.Debug|Any CPU.ActiveCfg = Debug|Any CPU
		{A6260D8C-982B-4C88-9F40-E87EEA2763A6}.Debug|Any CPU.Build.0 = Debug|Any CPU
		{A6260D8C-982B-4C88-9F40-E87EEA2763A6}.Release|Any CPU.ActiveCfg = Release|Any CPU
		{A6260D8C-982B-4C88-9F40-E87EEA2763A6}.Release|Any CPU.Build.0 = Release|Any CPU
		{2DA7FE63-6EDB-4E97-9408-08938103383A}.Debug|Any CPU.ActiveCfg = Debug|Any CPU
		{2DA7FE63-6EDB-4E97-9408-08938103383A}.Debug|Any CPU.Build.0 = Debug|Any CPU
		{2DA7FE63-6EDB-4E97-9408-08938103383A}.Release|Any CPU.ActiveCfg = Release|Any CPU
		{2DA7FE63-6EDB-4E97-9408-08938103383A}.Release|Any CPU.Build.0 = Release|Any CPU
		{28C8778A-F94D-4B73-93F4-1A2F362A11AC}.Debug|Any CPU.ActiveCfg = Debug|Any CPU
		{28C8778A-F94D-4B73-93F4-1A2F362A11AC}.Debug|Any CPU.Build.0 = Debug|Any CPU
		{28C8778A-F94D-4B73-93F4-1A2F362A11AC}.Release|Any CPU.ActiveCfg = Release|Any CPU
		{28C8778A-F94D-4B73-93F4-1A2F362A11AC}.Release|Any CPU.Build.0 = Release|Any CPU
		{C61663F0-F4A2-4D55-A663-93D208F5981A}.Debug|Any CPU.ActiveCfg = Debug|Any CPU
		{C61663F0-F4A2-4D55-A663-93D208F5981A}.Debug|Any CPU.Build.0 = Debug|Any CPU
		{C61663F0-F4A2-4D55-A663-93D208F5981A}.Release|Any CPU.ActiveCfg = Release|Any CPU
		{C61663F0-F4A2-4D55-A663-93D208F5981A}.Release|Any CPU.Build.0 = Release|Any CPU
	EndGlobalSection
	GlobalSection(SolutionProperties) = preSolution
		HideSolutionNode = FALSE
	EndGlobalSection
	GlobalSection(ExtensibilityGlobals) = postSolution
		SolutionGuid = {A894F709-1DA5-4DAF-A632-E5377440E720}
	EndGlobalSection
EndGlobal
