
Microsoft Visual Studio Solution File, Format Version 12.00
# Visual Studio 15
VisualStudioVersion = 15.0.27130.2026
MinimumVisualStudioVersion = 10.0.40219.1
Project("{FAE04EC0-301F-11D3-BF4B-00C04F79EFBC}") = "01. Cards", "01. Cards\01. Cards.csproj", "{7247AC28-0547-47DE-955A-A553813C186D}"
EndProject
Project("{FAE04EC0-301F-11D3-BF4B-00C04F79EFBC}") = "02. Word Encounter", "02. Word Encounter\02. Word Encounter.csproj", "{6F22CC22-2109-4D57-8747-D64F98725679}"
EndProject
Project("{FAE04EC0-301F-11D3-BF4B-00C04F79EFBC}") = "03. Booming Cannon", "03. Booming Cannon\03. Booming Cannon.csproj", "{4C2F218D-3416-4C08-A878-D7662286AF53}"
EndProject
Project("{FAE04EC0-301F-11D3-BF4B-00C04F79EFBC}") = "04. Grocery Shop", "04. Grocery Shop\04. Grocery Shop.csproj", "{7CB8A1E7-EEB8-471D-8407-11D5D1A01D10}"
EndProject
Project("{FAE04EC0-301F-11D3-BF4B-00C04F79EFBC}") = "05. SoftUni Messages", "05. SoftUni Messages\05. SoftUni Messages.csproj", "{DD69687A-5201-448C-A924-B3CE52691A4A}"
EndProject
Project("{FAE04EC0-301F-11D3-BF4B-00C04F79EFBC}") = "06. Fish Statistics", "06. Fish Statistics\06. Fish Statistics.csproj", "{268A22F0-0B2D-486A-987B-446A43232CF1}"
EndProject
Project("{FAE04EC0-301F-11D3-BF4B-00C04F79EFBC}") = "07. Happiness Index", "07. Happiness Index\07. Happiness Index.csproj", "{3C28C2FB-FC9D-47BE-823F-1BB0FF5DCACC}"
EndProject
Project("{FAE04EC0-301F-11D3-BF4B-00C04F79EFBC}") = "08. Commits", "08. Commits\08. Commits.csproj", "{755476C1-F4F2-4D06-906F-165069F1C109}"
EndProject
Project("{FAE04EC0-301F-11D3-BF4B-00C04F79EFBC}") = "09. Extract Emails", "09. Extract Emails\09. Extract Emails.csproj", "{DAED28AF-A6E9-4734-8ECA-E308A7ECEB61}"
EndProject
Project("{FAE04EC0-301F-11D3-BF4B-00C04F79EFBC}") = "10. Extract Sentences by Keyword", "10. Extract Sentences by Keyword\10. Extract Sentences by Keyword.csproj", "{549BCB64-E76A-4E2A-A32F-012AFD9F9F73}"
EndProject
Project("{FAE04EC0-301F-11D3-BF4B-00C04F79EFBC}") = "11. Camera View", "11. Camera View\11. Camera View.csproj", "{355DC73D-7ECF-49AA-BF35-E6CF0B77E203}"
EndProject
Project("{FAE04EC0-301F-11D3-BF4B-00C04F79EFBC}") = "12. Weather", "12. Weather\12. Weather.csproj", "{B8694FB8-0983-4733-A83D-289C116788C8}"
EndProject
Global
	GlobalSection(SolutionConfigurationPlatforms) = preSolution
		Debug|Any CPU = Debug|Any CPU
		Release|Any CPU = Release|Any CPU
	EndGlobalSection
	GlobalSection(ProjectConfigurationPlatforms) = postSolution
		{7247AC28-0547-47DE-955A-A553813C186D}.Debug|Any CPU.ActiveCfg = Debug|Any CPU
		{7247AC28-0547-47DE-955A-A553813C186D}.Debug|Any CPU.Build.0 = Debug|Any CPU
		{7247AC28-0547-47DE-955A-A553813C186D}.Release|Any CPU.ActiveCfg = Release|Any CPU
		{7247AC28-0547-47DE-955A-A553813C186D}.Release|Any CPU.Build.0 = Release|Any CPU
		{6F22CC22-2109-4D57-8747-D64F98725679}.Debug|Any CPU.ActiveCfg = Debug|Any CPU
		{6F22CC22-2109-4D57-8747-D64F98725679}.Debug|Any CPU.Build.0 = Debug|Any CPU
		{6F22CC22-2109-4D57-8747-D64F98725679}.Release|Any CPU.ActiveCfg = Release|Any CPU
		{6F22CC22-2109-4D57-8747-D64F98725679}.Release|Any CPU.Build.0 = Release|Any CPU
		{4C2F218D-3416-4C08-A878-D7662286AF53}.Debug|Any CPU.ActiveCfg = Debug|Any CPU
		{4C2F218D-3416-4C08-A878-D7662286AF53}.Debug|Any CPU.Build.0 = Debug|Any CPU
		{4C2F218D-3416-4C08-A878-D7662286AF53}.Release|Any CPU.ActiveCfg = Release|Any CPU
		{4C2F218D-3416-4C08-A878-D7662286AF53}.Release|Any CPU.Build.0 = Release|Any CPU
		{7CB8A1E7-EEB8-471D-8407-11D5D1A01D10}.Debug|Any CPU.ActiveCfg = Debug|Any CPU
		{7CB8A1E7-EEB8-471D-8407-11D5D1A01D10}.Debug|Any CPU.Build.0 = Debug|Any CPU
		{7CB8A1E7-EEB8-471D-8407-11D5D1A01D10}.Release|Any CPU.ActiveCfg = Release|Any CPU
		{7CB8A1E7-EEB8-471D-8407-11D5D1A01D10}.Release|Any CPU.Build.0 = Release|Any CPU
		{DD69687A-5201-448C-A924-B3CE52691A4A}.Debug|Any CPU.ActiveCfg = Debug|Any CPU
		{DD69687A-5201-448C-A924-B3CE52691A4A}.Debug|Any CPU.Build.0 = Debug|Any CPU
		{DD69687A-5201-448C-A924-B3CE52691A4A}.Release|Any CPU.ActiveCfg = Release|Any CPU
		{DD69687A-5201-448C-A924-B3CE52691A4A}.Release|Any CPU.Build.0 = Release|Any CPU
		{268A22F0-0B2D-486A-987B-446A43232CF1}.Debug|Any CPU.ActiveCfg = Debug|Any CPU
		{268A22F0-0B2D-486A-987B-446A43232CF1}.Debug|Any CPU.Build.0 = Debug|Any CPU
		{268A22F0-0B2D-486A-987B-446A43232CF1}.Release|Any CPU.ActiveCfg = Release|Any CPU
		{268A22F0-0B2D-486A-987B-446A43232CF1}.Release|Any CPU.Build.0 = Release|Any CPU
		{3C28C2FB-FC9D-47BE-823F-1BB0FF5DCACC}.Debug|Any CPU.ActiveCfg = Debug|Any CPU
		{3C28C2FB-FC9D-47BE-823F-1BB0FF5DCACC}.Debug|Any CPU.Build.0 = Debug|Any CPU
		{3C28C2FB-FC9D-47BE-823F-1BB0FF5DCACC}.Release|Any CPU.ActiveCfg = Release|Any CPU
		{3C28C2FB-FC9D-47BE-823F-1BB0FF5DCACC}.Release|Any CPU.Build.0 = Release|Any CPU
		{755476C1-F4F2-4D06-906F-165069F1C109}.Debug|Any CPU.ActiveCfg = Debug|Any CPU
		{755476C1-F4F2-4D06-906F-165069F1C109}.Debug|Any CPU.Build.0 = Debug|Any CPU
		{755476C1-F4F2-4D06-906F-165069F1C109}.Release|Any CPU.ActiveCfg = Release|Any CPU
		{755476C1-F4F2-4D06-906F-165069F1C109}.Release|Any CPU.Build.0 = Release|Any CPU
		{DAED28AF-A6E9-4734-8ECA-E308A7ECEB61}.Debug|Any CPU.ActiveCfg = Debug|Any CPU
		{DAED28AF-A6E9-4734-8ECA-E308A7ECEB61}.Debug|Any CPU.Build.0 = Debug|Any CPU
		{DAED28AF-A6E9-4734-8ECA-E308A7ECEB61}.Release|Any CPU.ActiveCfg = Release|Any CPU
		{DAED28AF-A6E9-4734-8ECA-E308A7ECEB61}.Release|Any CPU.Build.0 = Release|Any CPU
		{549BCB64-E76A-4E2A-A32F-012AFD9F9F73}.Debug|Any CPU.ActiveCfg = Debug|Any CPU
		{549BCB64-E76A-4E2A-A32F-012AFD9F9F73}.Debug|Any CPU.Build.0 = Debug|Any CPU
		{549BCB64-E76A-4E2A-A32F-012AFD9F9F73}.Release|Any CPU.ActiveCfg = Release|Any CPU
		{549BCB64-E76A-4E2A-A32F-012AFD9F9F73}.Release|Any CPU.Build.0 = Release|Any CPU
		{355DC73D-7ECF-49AA-BF35-E6CF0B77E203}.Debug|Any CPU.ActiveCfg = Debug|Any CPU
		{355DC73D-7ECF-49AA-BF35-E6CF0B77E203}.Debug|Any CPU.Build.0 = Debug|Any CPU
		{355DC73D-7ECF-49AA-BF35-E6CF0B77E203}.Release|Any CPU.ActiveCfg = Release|Any CPU
		{355DC73D-7ECF-49AA-BF35-E6CF0B77E203}.Release|Any CPU.Build.0 = Release|Any CPU
		{B8694FB8-0983-4733-A83D-289C116788C8}.Debug|Any CPU.ActiveCfg = Debug|Any CPU
		{B8694FB8-0983-4733-A83D-289C116788C8}.Debug|Any CPU.Build.0 = Debug|Any CPU
		{B8694FB8-0983-4733-A83D-289C116788C8}.Release|Any CPU.ActiveCfg = Release|Any CPU
		{B8694FB8-0983-4733-A83D-289C116788C8}.Release|Any CPU.Build.0 = Release|Any CPU
	EndGlobalSection
	GlobalSection(SolutionProperties) = preSolution
		HideSolutionNode = FALSE
	EndGlobalSection
	GlobalSection(ExtensibilityGlobals) = postSolution
		SolutionGuid = {CDF3ECDF-58EC-4439-97AB-9FB10980E488}
	EndGlobalSection
EndGlobal
