
Microsoft Visual Studio Solution File, Format Version 12.00
# Visual Studio Version 16
VisualStudioVersion = 16.0.30907.101
MinimumVisualStudioVersion = 10.0.40219.1
Project("{9A19103F-16F7-4668-BE54-9A1E7A4F7556}") = "01. The Imitation Game", "01. The Imitation Game\01. The Imitation Game.csproj", "{71BA8961-0345-4ED7-8707-F51B55B2A5F0}"
EndProject
Project("{9A19103F-16F7-4668-BE54-9A1E7A4F7556}") = "02. Ad Astra", "02. Ad Astra\02. Ad Astra.csproj", "{D044E2EC-AEF8-4F45-A539-5978489F9E29}"
EndProject
Project("{9A19103F-16F7-4668-BE54-9A1E7A4F7556}") = "03. The Pianist", "03. The Pianist\03. The Pianist.csproj", "{4E05B57B-7918-4F1C-B858-8AA9073F13FF}"
EndProject
Project("{FAE04EC0-301F-11D3-BF4B-00C04F79EFBC}") = "04. Activation", "04. Activation\04. Activation.csproj", "{D92E9A78-4947-4958-8E54-158A8E71439A}"
EndProject
Project("{FAE04EC0-301F-11D3-BF4B-00C04F79EFBC}") = "05. Emoji Detector", "05. Emoji Detector\05. Emoji Detector.csproj", "{49B10F2E-762B-4240-A76D-CEDD5F53D373}"
EndProject
Project("{FAE04EC0-301F-11D3-BF4B-00C04F79EFBC}") = "06. P!rates", "06. P!rates\06. P!rates.csproj", "{BF2F86EB-61C2-4FDE-BD10-0BBC180206D5}"
EndProject
Global
	GlobalSection(SolutionConfigurationPlatforms) = preSolution
		Debug|Any CPU = Debug|Any CPU
		Release|Any CPU = Release|Any CPU
	EndGlobalSection
	GlobalSection(ProjectConfigurationPlatforms) = postSolution
		{71BA8961-0345-4ED7-8707-F51B55B2A5F0}.Debug|Any CPU.ActiveCfg = Debug|Any CPU
		{71BA8961-0345-4ED7-8707-F51B55B2A5F0}.Debug|Any CPU.Build.0 = Debug|Any CPU
		{71BA8961-0345-4ED7-8707-F51B55B2A5F0}.Release|Any CPU.ActiveCfg = Release|Any CPU
		{71BA8961-0345-4ED7-8707-F51B55B2A5F0}.Release|Any CPU.Build.0 = Release|Any CPU
		{D044E2EC-AEF8-4F45-A539-5978489F9E29}.Debug|Any CPU.ActiveCfg = Debug|Any CPU
		{D044E2EC-AEF8-4F45-A539-5978489F9E29}.Debug|Any CPU.Build.0 = Debug|Any CPU
		{D044E2EC-AEF8-4F45-A539-5978489F9E29}.Release|Any CPU.ActiveCfg = Release|Any CPU
		{D044E2EC-AEF8-4F45-A539-5978489F9E29}.Release|Any CPU.Build.0 = Release|Any CPU
		{4E05B57B-7918-4F1C-B858-8AA9073F13FF}.Debug|Any CPU.ActiveCfg = Debug|Any CPU
		{4E05B57B-7918-4F1C-B858-8AA9073F13FF}.Debug|Any CPU.Build.0 = Debug|Any CPU
		{4E05B57B-7918-4F1C-B858-8AA9073F13FF}.Release|Any CPU.ActiveCfg = Release|Any CPU
		{4E05B57B-7918-4F1C-B858-8AA9073F13FF}.Release|Any CPU.Build.0 = Release|Any CPU
		{D92E9A78-4947-4958-8E54-158A8E71439A}.Debug|Any CPU.ActiveCfg = Debug|Any CPU
		{D92E9A78-4947-4958-8E54-158A8E71439A}.Debug|Any CPU.Build.0 = Debug|Any CPU
		{D92E9A78-4947-4958-8E54-158A8E71439A}.Release|Any CPU.ActiveCfg = Release|Any CPU
		{D92E9A78-4947-4958-8E54-158A8E71439A}.Release|Any CPU.Build.0 = Release|Any CPU
		{49B10F2E-762B-4240-A76D-CEDD5F53D373}.Debug|Any CPU.ActiveCfg = Debug|Any CPU
		{49B10F2E-762B-4240-A76D-CEDD5F53D373}.Debug|Any CPU.Build.0 = Debug|Any CPU
		{49B10F2E-762B-4240-A76D-CEDD5F53D373}.Release|Any CPU.ActiveCfg = Release|Any CPU
		{49B10F2E-762B-4240-A76D-CEDD5F53D373}.Release|Any CPU.Build.0 = Release|Any CPU
		{BF2F86EB-61C2-4FDE-BD10-0BBC180206D5}.Debug|Any CPU.ActiveCfg = Debug|Any CPU
		{BF2F86EB-61C2-4FDE-BD10-0BBC180206D5}.Debug|Any CPU.Build.0 = Debug|Any CPU
		{BF2F86EB-61C2-4FDE-BD10-0BBC180206D5}.Release|Any CPU.ActiveCfg = Release|Any CPU
		{BF2F86EB-61C2-4FDE-BD10-0BBC180206D5}.Release|Any CPU.Build.0 = Release|Any CPU
	EndGlobalSection
	GlobalSection(SolutionProperties) = preSolution
		HideSolutionNode = FALSE
	EndGlobalSection
	GlobalSection(ExtensibilityGlobals) = postSolution
		SolutionGuid = {10AF905F-F7BC-49C6-8C48-8ED90BF918B6}
	EndGlobalSection
EndGlobal
