
Microsoft Visual Studio Solution File, Format Version 12.00
# Visual Studio 15
VisualStudioVersion = 15.0.27130.2024
MinimumVisualStudioVersion = 10.0.40219.1
Project("{FAE04EC0-301F-11D3-BF4B-00C04F79EFBC}") = "01. Register Users", "01. Register Users\01. Register Users.csproj", "{1ADCE981-1759-4FC1-9BC4-28034AEF30B2}"
EndProject
Project("{FAE04EC0-301F-11D3-BF4B-00C04F79EFBC}") = "02. Default Values", "02. Default Values\02. Default Values.csproj", "{A4BEAB04-F65B-4418-AAF8-6D4665B5E1B9}"
EndProject
Project("{FAE04EC0-301F-11D3-BF4B-00C04F79EFBC}") = "03. Shopping Spree", "03. Shopping Spree\03. Shopping Spree.csproj", "{269E5062-0963-49A0-B248-DCF935318E54}"
EndProject
Project("{FAE04EC0-301F-11D3-BF4B-00C04F79EFBC}") = "04 SoftUni Beer Pong", "04 SoftUni Beer Pong\04 SoftUni Beer Pong.csproj", "{0E2CE2FB-EB0A-4E0F-AAFD-EA4D51E87034}"
EndProject
Project("{FAE04EC0-301F-11D3-BF4B-00C04F79EFBC}") = "05. Flatten Dictionary", "05. Flatten Dictionary\05. Flatten Dictionary.csproj", "{B39B68CE-7BC7-423F-AADA-869AE8827F5F}"
EndProject
Project("{FAE04EC0-301F-11D3-BF4B-00C04F79EFBC}") = "06. CottageScraper", "06. CottageScraper\06. CottageScraper.csproj", "{93DDD6CB-3764-4C9E-A6F9-B56A0E50CACC}"
EndProject
Project("{FAE04EC0-301F-11D3-BF4B-00C04F79EFBC}") = "07. Array Data", "07. Array Data\07. Array Data.csproj", "{5E724356-FD90-42AF-9ED8-2737B4C65524}"
EndProject
Global
	GlobalSection(SolutionConfigurationPlatforms) = preSolution
		Debug|Any CPU = Debug|Any CPU
		Release|Any CPU = Release|Any CPU
	EndGlobalSection
	GlobalSection(ProjectConfigurationPlatforms) = postSolution
		{1ADCE981-1759-4FC1-9BC4-28034AEF30B2}.Debug|Any CPU.ActiveCfg = Debug|Any CPU
		{1ADCE981-1759-4FC1-9BC4-28034AEF30B2}.Debug|Any CPU.Build.0 = Debug|Any CPU
		{1ADCE981-1759-4FC1-9BC4-28034AEF30B2}.Release|Any CPU.ActiveCfg = Release|Any CPU
		{1ADCE981-1759-4FC1-9BC4-28034AEF30B2}.Release|Any CPU.Build.0 = Release|Any CPU
		{A4BEAB04-F65B-4418-AAF8-6D4665B5E1B9}.Debug|Any CPU.ActiveCfg = Debug|Any CPU
		{A4BEAB04-F65B-4418-AAF8-6D4665B5E1B9}.Debug|Any CPU.Build.0 = Debug|Any CPU
		{A4BEAB04-F65B-4418-AAF8-6D4665B5E1B9}.Release|Any CPU.ActiveCfg = Release|Any CPU
		{A4BEAB04-F65B-4418-AAF8-6D4665B5E1B9}.Release|Any CPU.Build.0 = Release|Any CPU
		{269E5062-0963-49A0-B248-DCF935318E54}.Debug|Any CPU.ActiveCfg = Debug|Any CPU
		{269E5062-0963-49A0-B248-DCF935318E54}.Debug|Any CPU.Build.0 = Debug|Any CPU
		{269E5062-0963-49A0-B248-DCF935318E54}.Release|Any CPU.ActiveCfg = Release|Any CPU
		{269E5062-0963-49A0-B248-DCF935318E54}.Release|Any CPU.Build.0 = Release|Any CPU
		{0E2CE2FB-EB0A-4E0F-AAFD-EA4D51E87034}.Debug|Any CPU.ActiveCfg = Debug|Any CPU
		{0E2CE2FB-EB0A-4E0F-AAFD-EA4D51E87034}.Debug|Any CPU.Build.0 = Debug|Any CPU
		{0E2CE2FB-EB0A-4E0F-AAFD-EA4D51E87034}.Release|Any CPU.ActiveCfg = Release|Any CPU
		{0E2CE2FB-EB0A-4E0F-AAFD-EA4D51E87034}.Release|Any CPU.Build.0 = Release|Any CPU
		{B39B68CE-7BC7-423F-AADA-869AE8827F5F}.Debug|Any CPU.ActiveCfg = Debug|Any CPU
		{B39B68CE-7BC7-423F-AADA-869AE8827F5F}.Debug|Any CPU.Build.0 = Debug|Any CPU
		{B39B68CE-7BC7-423F-AADA-869AE8827F5F}.Release|Any CPU.ActiveCfg = Release|Any CPU
		{B39B68CE-7BC7-423F-AADA-869AE8827F5F}.Release|Any CPU.Build.0 = Release|Any CPU
		{93DDD6CB-3764-4C9E-A6F9-B56A0E50CACC}.Debug|Any CPU.ActiveCfg = Debug|Any CPU
		{93DDD6CB-3764-4C9E-A6F9-B56A0E50CACC}.Debug|Any CPU.Build.0 = Debug|Any CPU
		{93DDD6CB-3764-4C9E-A6F9-B56A0E50CACC}.Release|Any CPU.ActiveCfg = Release|Any CPU
		{93DDD6CB-3764-4C9E-A6F9-B56A0E50CACC}.Release|Any CPU.Build.0 = Release|Any CPU
		{5E724356-FD90-42AF-9ED8-2737B4C65524}.Debug|Any CPU.ActiveCfg = Debug|Any CPU
		{5E724356-FD90-42AF-9ED8-2737B4C65524}.Debug|Any CPU.Build.0 = Debug|Any CPU
		{5E724356-FD90-42AF-9ED8-2737B4C65524}.Release|Any CPU.ActiveCfg = Release|Any CPU
		{5E724356-FD90-42AF-9ED8-2737B4C65524}.Release|Any CPU.Build.0 = Release|Any CPU
	EndGlobalSection
	GlobalSection(SolutionProperties) = preSolution
		HideSolutionNode = FALSE
	EndGlobalSection
	GlobalSection(ExtensibilityGlobals) = postSolution
		SolutionGuid = {6BEDFB63-FC65-4E19-AED5-FFC62D71A8A3}
	EndGlobalSection
EndGlobal
