
Microsoft Visual Studio Solution File, Format Version 12.00
# Visual Studio 15
VisualStudioVersion = 15.0.27130.2010
MinimumVisualStudioVersion = 10.0.40219.1
Project("{FAE04EC0-301F-11D3-BF4B-00C04F79EFBC}") = "01.HelloName!", "HelloName!\01.HelloName!.csproj", "{7ACFE9B7-1BEE-4723-8E7C-8804864958E4}"
EndProject
Project("{FAE04EC0-301F-11D3-BF4B-00C04F79EFBC}") = "02.MaxMethod", "2.MaxMethod\02.MaxMethod.csproj", "{D93B4503-953D-40AF-8FFA-B641764C2FA3}"
EndProject
Project("{FAE04EC0-301F-11D3-BF4B-00C04F79EFBC}") = "03.EnglishNameOfTheLastDigit", "3.EnglishNameOfTheLastDigit\03.EnglishNameOfTheLastDigit.csproj", "{0DB827BE-49AF-481C-87A0-CCBE9D38F92F}"
EndProject
Project("{FAE04EC0-301F-11D3-BF4B-00C04F79EFBC}") = "04.Numbers in Reversed Order", "04. Numbers in Reversed Order\04.Numbers in Reversed Order.csproj", "{156C677F-39BD-457B-B70D-4C9ED6A08795}"
EndProject
Project("{FAE04EC0-301F-11D3-BF4B-00C04F79EFBC}") = "05.FibonacciNumbers", "05.FibonacciNumbers\05.FibonacciNumbers.csproj", "{0E2D1E80-234A-409F-880D-778AD6BD5DBC}"
EndProject
Project("{FAE04EC0-301F-11D3-BF4B-00C04F79EFBC}") = "06.PrimeChecker", "06.PrimeChecker\06.PrimeChecker.csproj", "{D8CDFF55-5B89-4D82-B0FA-C1EB5CC90262}"
EndProject
Project("{FAE04EC0-301F-11D3-BF4B-00C04F79EFBC}") = "07.PrimesInGivenRange", "07PrimesInGivenRange\07.PrimesInGivenRange.csproj", "{2CED93AF-DDA9-4A0A-A9A3-2F9719AFF3DA}"
EndProject
Project("{FAE04EC0-301F-11D3-BF4B-00C04F79EFBC}") = "08.CenterPoint", "08.CenterPoint\08.CenterPoint.csproj", "{676490C8-B464-41D6-B4FC-71AE56D960DB}"
EndProject
Project("{FAE04EC0-301F-11D3-BF4B-00C04F79EFBC}") = "09.LongerLine", "09.LongerLine\09.LongerLine.csproj", "{B85F938E-3193-437E-84E1-5653EA675CDE}"
EndProject
Project("{FAE04EC0-301F-11D3-BF4B-00C04F79EFBC}") = "10.CubeProperties", "10.CubeProperties\10.CubeProperties.csproj", "{043D6CDE-0A9D-4705-87A4-11FC65C32F46}"
EndProject
Project("{FAE04EC0-301F-11D3-BF4B-00C04F79EFBC}") = "11.GeometryCalculator", "11.GeometryCalculator\11.GeometryCalculator.csproj", "{3C2512DC-6ED5-44BF-AE8B-F014571EECA3}"
EndProject
Project("{FAE04EC0-301F-11D3-BF4B-00C04F79EFBC}") = "12.MasterNumber", "12.MasterNumber\12.MasterNumber.csproj", "{BF899F51-F739-40AA-882F-74C960466B69}"
EndProject
Project("{FAE04EC0-301F-11D3-BF4B-00C04F79EFBC}") = "13.Factorial", "13.Factorial\13.Factorial.csproj", "{E0090DE7-E338-4699-8063-C44A021943BD}"
EndProject
Project("{FAE04EC0-301F-11D3-BF4B-00C04F79EFBC}") = "14.FactorialTrailingZeroes", "14.FactorialTrailingZeroes\14.FactorialTrailingZeroes.csproj", "{4F1CF6ED-3254-4065-AFD2-360A057388D6}"
EndProject
Project("{FAE04EC0-301F-11D3-BF4B-00C04F79EFBC}") = "15.Substring", "15.Substring\15.Substring.csproj", "{523E0E88-284E-4F58-BABD-AEFD338C27DA}"
EndProject
Project("{FAE04EC0-301F-11D3-BF4B-00C04F79EFBC}") = "16.InstructionSet", "16.InstructionSet\16.InstructionSet.csproj", "{F4A6C45A-BF1F-469D-968E-5F63273F2F0A}"
EndProject
Project("{FAE04EC0-301F-11D3-BF4B-00C04F79EFBC}") = "17.BePositive", "17.BePositive\17.BePositive.csproj", "{7F02FC8E-987F-4C8C-8D0C-0549A0E3F38F}"
EndProject
Project("{FAE04EC0-301F-11D3-BF4B-00C04F79EFBC}") = "18.SequenceCommands", "18.SequenceCommands\18.SequenceCommands.csproj", "{57A6EAE8-C1EF-4959-84A7-22805D99FF70}"
EndProject
Project("{FAE04EC0-301F-11D3-BF4B-00C04F79EFBC}") = "19.String Repeater", "19.String Repeater\19.String Repeater.csproj", "{E16095A7-46CB-4DAC-B5DF-3754D6A19443}"
EndProject
Project("{FAE04EC0-301F-11D3-BF4B-00C04F79EFBC}") = "20.Notifications", "20.Notifications\20.Notifications.csproj", "{F1261464-95A6-472A-A4C2-3C3B6A57B359}"
EndProject
Project("{FAE04EC0-301F-11D3-BF4B-00C04F79EFBC}") = "21.Debugging Exercise Tricky Strings", "21.Debugging Exercise Tricky Strings\21.Debugging Exercise Tricky Strings.csproj", "{A3167833-FFFD-4B01-8ECD-7F517396A3CD}"
EndProject
Global
	GlobalSection(SolutionConfigurationPlatforms) = preSolution
		Debug|Any CPU = Debug|Any CPU
		Release|Any CPU = Release|Any CPU
	EndGlobalSection
	GlobalSection(ProjectConfigurationPlatforms) = postSolution
		{7ACFE9B7-1BEE-4723-8E7C-8804864958E4}.Debug|Any CPU.ActiveCfg = Debug|Any CPU
		{7ACFE9B7-1BEE-4723-8E7C-8804864958E4}.Debug|Any CPU.Build.0 = Debug|Any CPU
		{7ACFE9B7-1BEE-4723-8E7C-8804864958E4}.Release|Any CPU.ActiveCfg = Release|Any CPU
		{7ACFE9B7-1BEE-4723-8E7C-8804864958E4}.Release|Any CPU.Build.0 = Release|Any CPU
		{D93B4503-953D-40AF-8FFA-B641764C2FA3}.Debug|Any CPU.ActiveCfg = Debug|Any CPU
		{D93B4503-953D-40AF-8FFA-B641764C2FA3}.Debug|Any CPU.Build.0 = Debug|Any CPU
		{D93B4503-953D-40AF-8FFA-B641764C2FA3}.Release|Any CPU.ActiveCfg = Release|Any CPU
		{D93B4503-953D-40AF-8FFA-B641764C2FA3}.Release|Any CPU.Build.0 = Release|Any CPU
		{0DB827BE-49AF-481C-87A0-CCBE9D38F92F}.Debug|Any CPU.ActiveCfg = Debug|Any CPU
		{0DB827BE-49AF-481C-87A0-CCBE9D38F92F}.Debug|Any CPU.Build.0 = Debug|Any CPU
		{0DB827BE-49AF-481C-87A0-CCBE9D38F92F}.Release|Any CPU.ActiveCfg = Release|Any CPU
		{0DB827BE-49AF-481C-87A0-CCBE9D38F92F}.Release|Any CPU.Build.0 = Release|Any CPU
		{156C677F-39BD-457B-B70D-4C9ED6A08795}.Debug|Any CPU.ActiveCfg = Debug|Any CPU
		{156C677F-39BD-457B-B70D-4C9ED6A08795}.Debug|Any CPU.Build.0 = Debug|Any CPU
		{156C677F-39BD-457B-B70D-4C9ED6A08795}.Release|Any CPU.ActiveCfg = Release|Any CPU
		{156C677F-39BD-457B-B70D-4C9ED6A08795}.Release|Any CPU.Build.0 = Release|Any CPU
		{0E2D1E80-234A-409F-880D-778AD6BD5DBC}.Debug|Any CPU.ActiveCfg = Debug|Any CPU
		{0E2D1E80-234A-409F-880D-778AD6BD5DBC}.Debug|Any CPU.Build.0 = Debug|Any CPU
		{0E2D1E80-234A-409F-880D-778AD6BD5DBC}.Release|Any CPU.ActiveCfg = Release|Any CPU
		{0E2D1E80-234A-409F-880D-778AD6BD5DBC}.Release|Any CPU.Build.0 = Release|Any CPU
		{D8CDFF55-5B89-4D82-B0FA-C1EB5CC90262}.Debug|Any CPU.ActiveCfg = Debug|Any CPU
		{D8CDFF55-5B89-4D82-B0FA-C1EB5CC90262}.Debug|Any CPU.Build.0 = Debug|Any CPU
		{D8CDFF55-5B89-4D82-B0FA-C1EB5CC90262}.Release|Any CPU.ActiveCfg = Release|Any CPU
		{D8CDFF55-5B89-4D82-B0FA-C1EB5CC90262}.Release|Any CPU.Build.0 = Release|Any CPU
		{2CED93AF-DDA9-4A0A-A9A3-2F9719AFF3DA}.Debug|Any CPU.ActiveCfg = Debug|Any CPU
		{2CED93AF-DDA9-4A0A-A9A3-2F9719AFF3DA}.Debug|Any CPU.Build.0 = Debug|Any CPU
		{2CED93AF-DDA9-4A0A-A9A3-2F9719AFF3DA}.Release|Any CPU.ActiveCfg = Release|Any CPU
		{2CED93AF-DDA9-4A0A-A9A3-2F9719AFF3DA}.Release|Any CPU.Build.0 = Release|Any CPU
		{676490C8-B464-41D6-B4FC-71AE56D960DB}.Debug|Any CPU.ActiveCfg = Debug|Any CPU
		{676490C8-B464-41D6-B4FC-71AE56D960DB}.Debug|Any CPU.Build.0 = Debug|Any CPU
		{676490C8-B464-41D6-B4FC-71AE56D960DB}.Release|Any CPU.ActiveCfg = Release|Any CPU
		{676490C8-B464-41D6-B4FC-71AE56D960DB}.Release|Any CPU.Build.0 = Release|Any CPU
		{B85F938E-3193-437E-84E1-5653EA675CDE}.Debug|Any CPU.ActiveCfg = Debug|Any CPU
		{B85F938E-3193-437E-84E1-5653EA675CDE}.Debug|Any CPU.Build.0 = Debug|Any CPU
		{B85F938E-3193-437E-84E1-5653EA675CDE}.Release|Any CPU.ActiveCfg = Release|Any CPU
		{B85F938E-3193-437E-84E1-5653EA675CDE}.Release|Any CPU.Build.0 = Release|Any CPU
		{043D6CDE-0A9D-4705-87A4-11FC65C32F46}.Debug|Any CPU.ActiveCfg = Debug|Any CPU
		{043D6CDE-0A9D-4705-87A4-11FC65C32F46}.Debug|Any CPU.Build.0 = Debug|Any CPU
		{043D6CDE-0A9D-4705-87A4-11FC65C32F46}.Release|Any CPU.ActiveCfg = Release|Any CPU
		{043D6CDE-0A9D-4705-87A4-11FC65C32F46}.Release|Any CPU.Build.0 = Release|Any CPU
		{3C2512DC-6ED5-44BF-AE8B-F014571EECA3}.Debug|Any CPU.ActiveCfg = Debug|Any CPU
		{3C2512DC-6ED5-44BF-AE8B-F014571EECA3}.Debug|Any CPU.Build.0 = Debug|Any CPU
		{3C2512DC-6ED5-44BF-AE8B-F014571EECA3}.Release|Any CPU.ActiveCfg = Release|Any CPU
		{3C2512DC-6ED5-44BF-AE8B-F014571EECA3}.Release|Any CPU.Build.0 = Release|Any CPU
		{BF899F51-F739-40AA-882F-74C960466B69}.Debug|Any CPU.ActiveCfg = Debug|Any CPU
		{BF899F51-F739-40AA-882F-74C960466B69}.Debug|Any CPU.Build.0 = Debug|Any CPU
		{BF899F51-F739-40AA-882F-74C960466B69}.Release|Any CPU.ActiveCfg = Release|Any CPU
		{BF899F51-F739-40AA-882F-74C960466B69}.Release|Any CPU.Build.0 = Release|Any CPU
		{E0090DE7-E338-4699-8063-C44A021943BD}.Debug|Any CPU.ActiveCfg = Debug|Any CPU
		{E0090DE7-E338-4699-8063-C44A021943BD}.Debug|Any CPU.Build.0 = Debug|Any CPU
		{E0090DE7-E338-4699-8063-C44A021943BD}.Release|Any CPU.ActiveCfg = Release|Any CPU
		{E0090DE7-E338-4699-8063-C44A021943BD}.Release|Any CPU.Build.0 = Release|Any CPU
		{4F1CF6ED-3254-4065-AFD2-360A057388D6}.Debug|Any CPU.ActiveCfg = Debug|Any CPU
		{4F1CF6ED-3254-4065-AFD2-360A057388D6}.Debug|Any CPU.Build.0 = Debug|Any CPU
		{4F1CF6ED-3254-4065-AFD2-360A057388D6}.Release|Any CPU.ActiveCfg = Release|Any CPU
		{4F1CF6ED-3254-4065-AFD2-360A057388D6}.Release|Any CPU.Build.0 = Release|Any CPU
		{523E0E88-284E-4F58-BABD-AEFD338C27DA}.Debug|Any CPU.ActiveCfg = Debug|Any CPU
		{523E0E88-284E-4F58-BABD-AEFD338C27DA}.Debug|Any CPU.Build.0 = Debug|Any CPU
		{523E0E88-284E-4F58-BABD-AEFD338C27DA}.Release|Any CPU.ActiveCfg = Release|Any CPU
		{523E0E88-284E-4F58-BABD-AEFD338C27DA}.Release|Any CPU.Build.0 = Release|Any CPU
		{F4A6C45A-BF1F-469D-968E-5F63273F2F0A}.Debug|Any CPU.ActiveCfg = Debug|Any CPU
		{F4A6C45A-BF1F-469D-968E-5F63273F2F0A}.Debug|Any CPU.Build.0 = Debug|Any CPU
		{F4A6C45A-BF1F-469D-968E-5F63273F2F0A}.Release|Any CPU.ActiveCfg = Release|Any CPU
		{F4A6C45A-BF1F-469D-968E-5F63273F2F0A}.Release|Any CPU.Build.0 = Release|Any CPU
		{7F02FC8E-987F-4C8C-8D0C-0549A0E3F38F}.Debug|Any CPU.ActiveCfg = Debug|Any CPU
		{7F02FC8E-987F-4C8C-8D0C-0549A0E3F38F}.Debug|Any CPU.Build.0 = Debug|Any CPU
		{7F02FC8E-987F-4C8C-8D0C-0549A0E3F38F}.Release|Any CPU.ActiveCfg = Release|Any CPU
		{7F02FC8E-987F-4C8C-8D0C-0549A0E3F38F}.Release|Any CPU.Build.0 = Release|Any CPU
		{57A6EAE8-C1EF-4959-84A7-22805D99FF70}.Debug|Any CPU.ActiveCfg = Debug|Any CPU
		{57A6EAE8-C1EF-4959-84A7-22805D99FF70}.Debug|Any CPU.Build.0 = Debug|Any CPU
		{57A6EAE8-C1EF-4959-84A7-22805D99FF70}.Release|Any CPU.ActiveCfg = Release|Any CPU
		{57A6EAE8-C1EF-4959-84A7-22805D99FF70}.Release|Any CPU.Build.0 = Release|Any CPU
		{E16095A7-46CB-4DAC-B5DF-3754D6A19443}.Debug|Any CPU.ActiveCfg = Debug|Any CPU
		{E16095A7-46CB-4DAC-B5DF-3754D6A19443}.Debug|Any CPU.Build.0 = Debug|Any CPU
		{E16095A7-46CB-4DAC-B5DF-3754D6A19443}.Release|Any CPU.ActiveCfg = Release|Any CPU
		{E16095A7-46CB-4DAC-B5DF-3754D6A19443}.Release|Any CPU.Build.0 = Release|Any CPU
		{F1261464-95A6-472A-A4C2-3C3B6A57B359}.Debug|Any CPU.ActiveCfg = Debug|Any CPU
		{F1261464-95A6-472A-A4C2-3C3B6A57B359}.Debug|Any CPU.Build.0 = Debug|Any CPU
		{F1261464-95A6-472A-A4C2-3C3B6A57B359}.Release|Any CPU.ActiveCfg = Release|Any CPU
		{F1261464-95A6-472A-A4C2-3C3B6A57B359}.Release|Any CPU.Build.0 = Release|Any CPU
		{A3167833-FFFD-4B01-8ECD-7F517396A3CD}.Debug|Any CPU.ActiveCfg = Debug|Any CPU
		{A3167833-FFFD-4B01-8ECD-7F517396A3CD}.Debug|Any CPU.Build.0 = Debug|Any CPU
		{A3167833-FFFD-4B01-8ECD-7F517396A3CD}.Release|Any CPU.ActiveCfg = Release|Any CPU
		{A3167833-FFFD-4B01-8ECD-7F517396A3CD}.Release|Any CPU.Build.0 = Release|Any CPU
	EndGlobalSection
	GlobalSection(SolutionProperties) = preSolution
		HideSolutionNode = FALSE
	EndGlobalSection
	GlobalSection(ExtensibilityGlobals) = postSolution
		SolutionGuid = {CCB48C50-DD56-4972-84EF-4B5E753CC37C}
	EndGlobalSection
EndGlobal
