
Microsoft Visual Studio Solution File, Format Version 12.00
# Visual Studio 15
VisualStudioVersion = 15.0.27130.2010
MinimumVisualStudioVersion = 10.0.40219.1
Project("{FAE04EC0-301F-11D3-BF4B-00C04F79EFBC}") = "01.HelloName!", "HelloName!\01.HelloName!.csproj", "{7ACFE9B7-1BEE-4723-8E7C-8804864958E4}"
EndProject
Project("{FAE04EC0-301F-11D3-BF4B-00C04F79EFBC}") = "02.MaxMethod", "2.MaxMethod\02.MaxMethod.csproj", "{D93B4503-953D-40AF-8FFA-B641764C2FA3}"
EndProject
Project("{FAE04EC0-301F-11D3-BF4B-00C04F79EFBC}") = "03.EnglishNameOfTheLastDigit", "3.EnglishNameOfTheLastDigit\03.EnglishNameOfTheLastDigit.csproj", "{0DB827BE-49AF-481C-87A0-CCBE9D38F92F}"
EndProject
Project("{FAE04EC0-301F-11D3-BF4B-00C04F79EFBC}") = "04. Numbers in Reversed Order", "04. Numbers in Reversed Order\04. Numbers in Reversed Order.csproj", "{156C677F-39BD-457B-B70D-4C9ED6A08795}"
EndProject
Project("{FAE04EC0-301F-11D3-BF4B-00C04F79EFBC}") = "05.FibonacciNumbers", "05.FibonacciNumbers\05.FibonacciNumbers.csproj", "{0E2D1E80-234A-409F-880D-778AD6BD5DBC}"
EndProject
Project("{FAE04EC0-301F-11D3-BF4B-00C04F79EFBC}") = "06.PrimeChecker", "06.PrimeChecker\06.PrimeChecker.csproj", "{D8CDFF55-5B89-4D82-B0FA-C1EB5CC90262}"
EndProject
Project("{FAE04EC0-301F-11D3-BF4B-00C04F79EFBC}") = "07PrimesInGivenRange", "07PrimesInGivenRange\07PrimesInGivenRange.csproj", "{2CED93AF-DDA9-4A0A-A9A3-2F9719AFF3DA}"
EndProject
Global
	GlobalSection(SolutionConfigurationPlatforms) = preSolution
		Debug|Any CPU = Debug|Any CPU
		Release|Any CPU = Release|Any CPU
	EndGlobalSection
	GlobalSection(ProjectConfigurationPlatforms) = postSolution
		{7ACFE9B7-1BEE-4723-8E7C-8804864958E4}.Debug|Any CPU.ActiveCfg = Debug|Any CPU
		{7ACFE9B7-1BEE-4723-8E7C-8804864958E4}.Debug|Any CPU.Build.0 = Debug|Any CPU
		{7ACFE9B7-1BEE-4723-8E7C-8804864958E4}.Release|Any CPU.ActiveCfg = Release|Any CPU
		{7ACFE9B7-1BEE-4723-8E7C-8804864958E4}.Release|Any CPU.Build.0 = Release|Any CPU
		{D93B4503-953D-40AF-8FFA-B641764C2FA3}.Debug|Any CPU.ActiveCfg = Debug|Any CPU
		{D93B4503-953D-40AF-8FFA-B641764C2FA3}.Debug|Any CPU.Build.0 = Debug|Any CPU
		{D93B4503-953D-40AF-8FFA-B641764C2FA3}.Release|Any CPU.ActiveCfg = Release|Any CPU
		{D93B4503-953D-40AF-8FFA-B641764C2FA3}.Release|Any CPU.Build.0 = Release|Any CPU
		{0DB827BE-49AF-481C-87A0-CCBE9D38F92F}.Debug|Any CPU.ActiveCfg = Debug|Any CPU
		{0DB827BE-49AF-481C-87A0-CCBE9D38F92F}.Debug|Any CPU.Build.0 = Debug|Any CPU
		{0DB827BE-49AF-481C-87A0-CCBE9D38F92F}.Release|Any CPU.ActiveCfg = Release|Any CPU
		{0DB827BE-49AF-481C-87A0-CCBE9D38F92F}.Release|Any CPU.Build.0 = Release|Any CPU
		{156C677F-39BD-457B-B70D-4C9ED6A08795}.Debug|Any CPU.ActiveCfg = Debug|Any CPU
		{156C677F-39BD-457B-B70D-4C9ED6A08795}.Debug|Any CPU.Build.0 = Debug|Any CPU
		{156C677F-39BD-457B-B70D-4C9ED6A08795}.Release|Any CPU.ActiveCfg = Release|Any CPU
		{156C677F-39BD-457B-B70D-4C9ED6A08795}.Release|Any CPU.Build.0 = Release|Any CPU
		{0E2D1E80-234A-409F-880D-778AD6BD5DBC}.Debug|Any CPU.ActiveCfg = Debug|Any CPU
		{0E2D1E80-234A-409F-880D-778AD6BD5DBC}.Debug|Any CPU.Build.0 = Debug|Any CPU
		{0E2D1E80-234A-409F-880D-778AD6BD5DBC}.Release|Any CPU.ActiveCfg = Release|Any CPU
		{0E2D1E80-234A-409F-880D-778AD6BD5DBC}.Release|Any CPU.Build.0 = Release|Any CPU
		{D8CDFF55-5B89-4D82-B0FA-C1EB5CC90262}.Debug|Any CPU.ActiveCfg = Debug|Any CPU
		{D8CDFF55-5B89-4D82-B0FA-C1EB5CC90262}.Debug|Any CPU.Build.0 = Debug|Any CPU
		{D8CDFF55-5B89-4D82-B0FA-C1EB5CC90262}.Release|Any CPU.ActiveCfg = Release|Any CPU
		{D8CDFF55-5B89-4D82-B0FA-C1EB5CC90262}.Release|Any CPU.Build.0 = Release|Any CPU
		{2CED93AF-DDA9-4A0A-A9A3-2F9719AFF3DA}.Debug|Any CPU.ActiveCfg = Debug|Any CPU
		{2CED93AF-DDA9-4A0A-A9A3-2F9719AFF3DA}.Debug|Any CPU.Build.0 = Debug|Any CPU
		{2CED93AF-DDA9-4A0A-A9A3-2F9719AFF3DA}.Release|Any CPU.ActiveCfg = Release|Any CPU
		{2CED93AF-DDA9-4A0A-A9A3-2F9719AFF3DA}.Release|Any CPU.Build.0 = Release|Any CPU
	EndGlobalSection
	GlobalSection(SolutionProperties) = preSolution
		HideSolutionNode = FALSE
	EndGlobalSection
	GlobalSection(ExtensibilityGlobals) = postSolution
		SolutionGuid = {CCB48C50-DD56-4972-84EF-4B5E753CC37C}
	EndGlobalSection
EndGlobal
