
Microsoft Visual Studio Solution File, Format Version 12.00
# Visual Studio 15
VisualStudioVersion = 15.0.27130.2010
MinimumVisualStudioVersion = 10.0.40219.1
Project("{FAE04EC0-301F-11D3-BF4B-00C04F79EFBC}") = "01. Largest Element in Array", "01. Largest Element in Array\01. Largest Element in Array.csproj", "{DE4A33F2-8E88-4063-AA7D-CB27FD052ADD}"
EndProject
Project("{FAE04EC0-301F-11D3-BF4B-00C04F79EFBC}") = "02 Count of Negative Elements in Array", "02 Count of Negative Elements in Array\02 Count of Negative Elements in Array.csproj", "{9F6449C8-7B07-4872-9AF9-4EA5DC5C382C}"
EndProject
Project("{FAE04EC0-301F-11D3-BF4B-00C04F79EFBC}") = "03 Count of Given Element in Array", "03 Count of Given Element in Array\03 Count of Given Element in Array.csproj", "{7F726E5B-21B8-4520-906C-6419E4C6E244}"
EndProject
Project("{FAE04EC0-301F-11D3-BF4B-00C04F79EFBC}") = "04. Count Occurrences of Larger Numbers", "04. Count Occurrences of Larger Numbers\04. Count Occurrences of Larger Numbers.csproj", "{0DBC3844-7734-486D-991A-F7A83B0C603E}"
EndProject
Project("{FAE04EC0-301F-11D3-BF4B-00C04F79EFBC}") = "05. Increasing Sequence of Elements", "05. Increasing Sequence of Elements\05. Increasing Sequence of Elements.csproj", "{C4A00DED-B8D2-42E2-BD4F-50E50CEE0C88}"
EndProject
Project("{FAE04EC0-301F-11D3-BF4B-00C04F79EFBC}") = "06. Equal Sequence of Elements in Array", "06. Equal Sequence of Elements in Array\06. Equal Sequence of Elements in Array.csproj", "{C225DD53-DD94-4AC1-92C2-CEA69F12343B}"
EndProject
Project("{FAE04EC0-301F-11D3-BF4B-00C04F79EFBC}") = "07. Count of Capital Letters in Array", "07. Count of Capital Letters in Array\07. Count of Capital Letters in Array.csproj", "{0BAC61C5-BA0E-4BE6-8244-F5E3EFEE96C6}"
EndProject
Project("{FAE04EC0-301F-11D3-BF4B-00C04F79EFBC}") = "08. Array Symmetry", "08. Array Symmetry\08. Array Symmetry.csproj", "{37EEACC5-1FE3-41C7-A0C1-773A15A660A9}"
EndProject
Project("{FAE04EC0-301F-11D3-BF4B-00C04F79EFBC}") = "09. Altitude", "09. Altitude\09. Altitude.csproj", "{3FD8694E-14F3-4B8A-B4EC-F023D854C3D9}"
EndProject
Project("{FAE04EC0-301F-11D3-BF4B-00C04F79EFBC}") = "10. Ballistics Training", "10. Ballistics Training\10. Ballistics Training.csproj", "{4F5CD9E8-5AFC-4A57-BEB4-A99868779F8C}"
EndProject
Project("{FAE04EC0-301F-11D3-BF4B-00C04F79EFBC}") = "11. Last 3 Consecutive Equal Strings", "11. Last 3 Consecutive Equal Strings\11. Last 3 Consecutive Equal Strings.csproj", "{32650068-AA91-46B1-83EF-8687ECAF3173}"
EndProject
Project("{FAE04EC0-301F-11D3-BF4B-00C04F79EFBC}") = "12. Array Elements Equal to Their Index", "12. Array Elements Equal to Their Index\12. Array Elements Equal to Their Index.csproj", "{CC90069D-82B2-4A5E-9AC0-3C6AD7D14BCE}"
EndProject
Project("{FAE04EC0-301F-11D3-BF4B-00C04F79EFBC}") = "13. Phonebook", "13. Phonebook\13. Phonebook.csproj", "{7FBDD745-898C-497E-B6F4-17B2EEC19618}"
EndProject
Project("{FAE04EC0-301F-11D3-BF4B-00C04F79EFBC}") = "14. Phone", "14. Phone\14. Phone.csproj", "{1778B504-84B8-446B-867A-53E002196B2E}"
EndProject
Project("{FAE04EC0-301F-11D3-BF4B-00C04F79EFBC}") = "15. Char Rotation", "15. Char Rotation\15. Char Rotation.csproj", "{59C62B57-E6B5-4485-AE59-DCC5E9184C3B}"
EndProject
Project("{FAE04EC0-301F-11D3-BF4B-00C04F79EFBC}") = "16. Power Plants", "16. Power Plants\16. Power Plants.csproj", "{811F2CB7-7A35-4EA0-ADA4-F5E84268E918}"
EndProject
Project("{FAE04EC0-301F-11D3-BF4B-00C04F79EFBC}") = "17. Resizable Array", "17. Resizable Array\17. Resizable Array.csproj", "{94EDB03A-BB97-443D-9D56-35186B5471FD}"
EndProject
Project("{FAE04EC0-301F-11D3-BF4B-00C04F79EFBC}") = "18. Largest Common End", "18. Largest Common End\18. Largest Common End.csproj", "{B132E282-BEAC-4171-A14D-B3D02C4D8B4D}"
EndProject
Project("{FAE04EC0-301F-11D3-BF4B-00C04F79EFBC}") = "19. Rotate and Sum", "19. Rotate and Sum\19. Rotate and Sum.csproj", "{BA9A9845-B9D7-4EAF-88D4-F90B0C46F8F9}"
EndProject
Project("{FAE04EC0-301F-11D3-BF4B-00C04F79EFBC}") = "20. Fold and Sum", "20. Fold and Sum\20. Fold and Sum.csproj", "{C07B9DFC-F5B0-4814-88EF-BCF77E0BAEEF}"
EndProject
Project("{FAE04EC0-301F-11D3-BF4B-00C04F79EFBC}") = "21. Sieve of Eratosthenes", "21. Sieve of Eratosthenes\21. Sieve of Eratosthenes.csproj", "{22DBE168-B3C1-4A31-A13F-F7061BAE660F}"
EndProject
Project("{FAE04EC0-301F-11D3-BF4B-00C04F79EFBC}") = "22. Compare Char Arrays", "22. Compare Char Arrays\22. Compare Char Arrays.csproj", "{5B0F6A09-1C37-46B8-B029-BC9D28069889}"
EndProject
Project("{FAE04EC0-301F-11D3-BF4B-00C04F79EFBC}") = "23. Max Sequence of Equal Elements", "23. Max Sequence of Equal Elements\23. Max Sequence of Equal Elements.csproj", "{DF81D39F-94E4-4C26-916D-890371329F00}"
EndProject
Project("{FAE04EC0-301F-11D3-BF4B-00C04F79EFBC}") = "24. Max Sequence of Increasing Elements", "24. Max Sequence of Increasing Elements\24. Max Sequence of Increasing Elements.csproj", "{5C3A0769-875A-4EB7-AFD1-05E2D4F76FA3}"
EndProject
Project("{FAE04EC0-301F-11D3-BF4B-00C04F79EFBC}") = "25. Most Frequent Number", "25. Most Frequent Number\25. Most Frequent Number.csproj", "{9DEDCBB3-370A-4466-B6A7-37CC0EBCD54B}"
EndProject
Global
	GlobalSection(SolutionConfigurationPlatforms) = preSolution
		Debug|Any CPU = Debug|Any CPU
		Release|Any CPU = Release|Any CPU
	EndGlobalSection
	GlobalSection(ProjectConfigurationPlatforms) = postSolution
		{DE4A33F2-8E88-4063-AA7D-CB27FD052ADD}.Debug|Any CPU.ActiveCfg = Debug|Any CPU
		{DE4A33F2-8E88-4063-AA7D-CB27FD052ADD}.Debug|Any CPU.Build.0 = Debug|Any CPU
		{DE4A33F2-8E88-4063-AA7D-CB27FD052ADD}.Release|Any CPU.ActiveCfg = Release|Any CPU
		{DE4A33F2-8E88-4063-AA7D-CB27FD052ADD}.Release|Any CPU.Build.0 = Release|Any CPU
		{9F6449C8-7B07-4872-9AF9-4EA5DC5C382C}.Debug|Any CPU.ActiveCfg = Debug|Any CPU
		{9F6449C8-7B07-4872-9AF9-4EA5DC5C382C}.Debug|Any CPU.Build.0 = Debug|Any CPU
		{9F6449C8-7B07-4872-9AF9-4EA5DC5C382C}.Release|Any CPU.ActiveCfg = Release|Any CPU
		{9F6449C8-7B07-4872-9AF9-4EA5DC5C382C}.Release|Any CPU.Build.0 = Release|Any CPU
		{7F726E5B-21B8-4520-906C-6419E4C6E244}.Debug|Any CPU.ActiveCfg = Debug|Any CPU
		{7F726E5B-21B8-4520-906C-6419E4C6E244}.Debug|Any CPU.Build.0 = Debug|Any CPU
		{7F726E5B-21B8-4520-906C-6419E4C6E244}.Release|Any CPU.ActiveCfg = Release|Any CPU
		{7F726E5B-21B8-4520-906C-6419E4C6E244}.Release|Any CPU.Build.0 = Release|Any CPU
		{0DBC3844-7734-486D-991A-F7A83B0C603E}.Debug|Any CPU.ActiveCfg = Debug|Any CPU
		{0DBC3844-7734-486D-991A-F7A83B0C603E}.Debug|Any CPU.Build.0 = Debug|Any CPU
		{0DBC3844-7734-486D-991A-F7A83B0C603E}.Release|Any CPU.ActiveCfg = Release|Any CPU
		{0DBC3844-7734-486D-991A-F7A83B0C603E}.Release|Any CPU.Build.0 = Release|Any CPU
		{C4A00DED-B8D2-42E2-BD4F-50E50CEE0C88}.Debug|Any CPU.ActiveCfg = Debug|Any CPU
		{C4A00DED-B8D2-42E2-BD4F-50E50CEE0C88}.Debug|Any CPU.Build.0 = Debug|Any CPU
		{C4A00DED-B8D2-42E2-BD4F-50E50CEE0C88}.Release|Any CPU.ActiveCfg = Release|Any CPU
		{C4A00DED-B8D2-42E2-BD4F-50E50CEE0C88}.Release|Any CPU.Build.0 = Release|Any CPU
		{C225DD53-DD94-4AC1-92C2-CEA69F12343B}.Debug|Any CPU.ActiveCfg = Debug|Any CPU
		{C225DD53-DD94-4AC1-92C2-CEA69F12343B}.Debug|Any CPU.Build.0 = Debug|Any CPU
		{C225DD53-DD94-4AC1-92C2-CEA69F12343B}.Release|Any CPU.ActiveCfg = Release|Any CPU
		{C225DD53-DD94-4AC1-92C2-CEA69F12343B}.Release|Any CPU.Build.0 = Release|Any CPU
		{0BAC61C5-BA0E-4BE6-8244-F5E3EFEE96C6}.Debug|Any CPU.ActiveCfg = Debug|Any CPU
		{0BAC61C5-BA0E-4BE6-8244-F5E3EFEE96C6}.Debug|Any CPU.Build.0 = Debug|Any CPU
		{0BAC61C5-BA0E-4BE6-8244-F5E3EFEE96C6}.Release|Any CPU.ActiveCfg = Release|Any CPU
		{0BAC61C5-BA0E-4BE6-8244-F5E3EFEE96C6}.Release|Any CPU.Build.0 = Release|Any CPU
		{37EEACC5-1FE3-41C7-A0C1-773A15A660A9}.Debug|Any CPU.ActiveCfg = Debug|Any CPU
		{37EEACC5-1FE3-41C7-A0C1-773A15A660A9}.Debug|Any CPU.Build.0 = Debug|Any CPU
		{37EEACC5-1FE3-41C7-A0C1-773A15A660A9}.Release|Any CPU.ActiveCfg = Release|Any CPU
		{37EEACC5-1FE3-41C7-A0C1-773A15A660A9}.Release|Any CPU.Build.0 = Release|Any CPU
		{3FD8694E-14F3-4B8A-B4EC-F023D854C3D9}.Debug|Any CPU.ActiveCfg = Debug|Any CPU
		{3FD8694E-14F3-4B8A-B4EC-F023D854C3D9}.Debug|Any CPU.Build.0 = Debug|Any CPU
		{3FD8694E-14F3-4B8A-B4EC-F023D854C3D9}.Release|Any CPU.ActiveCfg = Release|Any CPU
		{3FD8694E-14F3-4B8A-B4EC-F023D854C3D9}.Release|Any CPU.Build.0 = Release|Any CPU
		{4F5CD9E8-5AFC-4A57-BEB4-A99868779F8C}.Debug|Any CPU.ActiveCfg = Debug|Any CPU
		{4F5CD9E8-5AFC-4A57-BEB4-A99868779F8C}.Debug|Any CPU.Build.0 = Debug|Any CPU
		{4F5CD9E8-5AFC-4A57-BEB4-A99868779F8C}.Release|Any CPU.ActiveCfg = Release|Any CPU
		{4F5CD9E8-5AFC-4A57-BEB4-A99868779F8C}.Release|Any CPU.Build.0 = Release|Any CPU
		{32650068-AA91-46B1-83EF-8687ECAF3173}.Debug|Any CPU.ActiveCfg = Debug|Any CPU
		{32650068-AA91-46B1-83EF-8687ECAF3173}.Debug|Any CPU.Build.0 = Debug|Any CPU
		{32650068-AA91-46B1-83EF-8687ECAF3173}.Release|Any CPU.ActiveCfg = Release|Any CPU
		{32650068-AA91-46B1-83EF-8687ECAF3173}.Release|Any CPU.Build.0 = Release|Any CPU
		{CC90069D-82B2-4A5E-9AC0-3C6AD7D14BCE}.Debug|Any CPU.ActiveCfg = Debug|Any CPU
		{CC90069D-82B2-4A5E-9AC0-3C6AD7D14BCE}.Debug|Any CPU.Build.0 = Debug|Any CPU
		{CC90069D-82B2-4A5E-9AC0-3C6AD7D14BCE}.Release|Any CPU.ActiveCfg = Release|Any CPU
		{CC90069D-82B2-4A5E-9AC0-3C6AD7D14BCE}.Release|Any CPU.Build.0 = Release|Any CPU
		{7FBDD745-898C-497E-B6F4-17B2EEC19618}.Debug|Any CPU.ActiveCfg = Debug|Any CPU
		{7FBDD745-898C-497E-B6F4-17B2EEC19618}.Debug|Any CPU.Build.0 = Debug|Any CPU
		{7FBDD745-898C-497E-B6F4-17B2EEC19618}.Release|Any CPU.ActiveCfg = Release|Any CPU
		{7FBDD745-898C-497E-B6F4-17B2EEC19618}.Release|Any CPU.Build.0 = Release|Any CPU
		{1778B504-84B8-446B-867A-53E002196B2E}.Debug|Any CPU.ActiveCfg = Debug|Any CPU
		{1778B504-84B8-446B-867A-53E002196B2E}.Debug|Any CPU.Build.0 = Debug|Any CPU
		{1778B504-84B8-446B-867A-53E002196B2E}.Release|Any CPU.ActiveCfg = Release|Any CPU
		{1778B504-84B8-446B-867A-53E002196B2E}.Release|Any CPU.Build.0 = Release|Any CPU
		{59C62B57-E6B5-4485-AE59-DCC5E9184C3B}.Debug|Any CPU.ActiveCfg = Debug|Any CPU
		{59C62B57-E6B5-4485-AE59-DCC5E9184C3B}.Debug|Any CPU.Build.0 = Debug|Any CPU
		{59C62B57-E6B5-4485-AE59-DCC5E9184C3B}.Release|Any CPU.ActiveCfg = Release|Any CPU
		{59C62B57-E6B5-4485-AE59-DCC5E9184C3B}.Release|Any CPU.Build.0 = Release|Any CPU
		{811F2CB7-7A35-4EA0-ADA4-F5E84268E918}.Debug|Any CPU.ActiveCfg = Debug|Any CPU
		{811F2CB7-7A35-4EA0-ADA4-F5E84268E918}.Debug|Any CPU.Build.0 = Debug|Any CPU
		{811F2CB7-7A35-4EA0-ADA4-F5E84268E918}.Release|Any CPU.ActiveCfg = Release|Any CPU
		{811F2CB7-7A35-4EA0-ADA4-F5E84268E918}.Release|Any CPU.Build.0 = Release|Any CPU
		{94EDB03A-BB97-443D-9D56-35186B5471FD}.Debug|Any CPU.ActiveCfg = Debug|Any CPU
		{94EDB03A-BB97-443D-9D56-35186B5471FD}.Debug|Any CPU.Build.0 = Debug|Any CPU
		{94EDB03A-BB97-443D-9D56-35186B5471FD}.Release|Any CPU.ActiveCfg = Release|Any CPU
		{94EDB03A-BB97-443D-9D56-35186B5471FD}.Release|Any CPU.Build.0 = Release|Any CPU
		{B132E282-BEAC-4171-A14D-B3D02C4D8B4D}.Debug|Any CPU.ActiveCfg = Debug|Any CPU
		{B132E282-BEAC-4171-A14D-B3D02C4D8B4D}.Debug|Any CPU.Build.0 = Debug|Any CPU
		{B132E282-BEAC-4171-A14D-B3D02C4D8B4D}.Release|Any CPU.ActiveCfg = Release|Any CPU
		{B132E282-BEAC-4171-A14D-B3D02C4D8B4D}.Release|Any CPU.Build.0 = Release|Any CPU
		{BA9A9845-B9D7-4EAF-88D4-F90B0C46F8F9}.Debug|Any CPU.ActiveCfg = Debug|Any CPU
		{BA9A9845-B9D7-4EAF-88D4-F90B0C46F8F9}.Debug|Any CPU.Build.0 = Debug|Any CPU
		{BA9A9845-B9D7-4EAF-88D4-F90B0C46F8F9}.Release|Any CPU.ActiveCfg = Release|Any CPU
		{BA9A9845-B9D7-4EAF-88D4-F90B0C46F8F9}.Release|Any CPU.Build.0 = Release|Any CPU
		{C07B9DFC-F5B0-4814-88EF-BCF77E0BAEEF}.Debug|Any CPU.ActiveCfg = Debug|Any CPU
		{C07B9DFC-F5B0-4814-88EF-BCF77E0BAEEF}.Debug|Any CPU.Build.0 = Debug|Any CPU
		{C07B9DFC-F5B0-4814-88EF-BCF77E0BAEEF}.Release|Any CPU.ActiveCfg = Release|Any CPU
		{C07B9DFC-F5B0-4814-88EF-BCF77E0BAEEF}.Release|Any CPU.Build.0 = Release|Any CPU
		{22DBE168-B3C1-4A31-A13F-F7061BAE660F}.Debug|Any CPU.ActiveCfg = Debug|Any CPU
		{22DBE168-B3C1-4A31-A13F-F7061BAE660F}.Debug|Any CPU.Build.0 = Debug|Any CPU
		{22DBE168-B3C1-4A31-A13F-F7061BAE660F}.Release|Any CPU.ActiveCfg = Release|Any CPU
		{22DBE168-B3C1-4A31-A13F-F7061BAE660F}.Release|Any CPU.Build.0 = Release|Any CPU
		{5B0F6A09-1C37-46B8-B029-BC9D28069889}.Debug|Any CPU.ActiveCfg = Debug|Any CPU
		{5B0F6A09-1C37-46B8-B029-BC9D28069889}.Debug|Any CPU.Build.0 = Debug|Any CPU
		{5B0F6A09-1C37-46B8-B029-BC9D28069889}.Release|Any CPU.ActiveCfg = Release|Any CPU
		{5B0F6A09-1C37-46B8-B029-BC9D28069889}.Release|Any CPU.Build.0 = Release|Any CPU
		{DF81D39F-94E4-4C26-916D-890371329F00}.Debug|Any CPU.ActiveCfg = Debug|Any CPU
		{DF81D39F-94E4-4C26-916D-890371329F00}.Debug|Any CPU.Build.0 = Debug|Any CPU
		{DF81D39F-94E4-4C26-916D-890371329F00}.Release|Any CPU.ActiveCfg = Release|Any CPU
		{DF81D39F-94E4-4C26-916D-890371329F00}.Release|Any CPU.Build.0 = Release|Any CPU
		{5C3A0769-875A-4EB7-AFD1-05E2D4F76FA3}.Debug|Any CPU.ActiveCfg = Debug|Any CPU
		{5C3A0769-875A-4EB7-AFD1-05E2D4F76FA3}.Debug|Any CPU.Build.0 = Debug|Any CPU
		{5C3A0769-875A-4EB7-AFD1-05E2D4F76FA3}.Release|Any CPU.ActiveCfg = Release|Any CPU
		{5C3A0769-875A-4EB7-AFD1-05E2D4F76FA3}.Release|Any CPU.Build.0 = Release|Any CPU
		{9DEDCBB3-370A-4466-B6A7-37CC0EBCD54B}.Debug|Any CPU.ActiveCfg = Debug|Any CPU
		{9DEDCBB3-370A-4466-B6A7-37CC0EBCD54B}.Debug|Any CPU.Build.0 = Debug|Any CPU
		{9DEDCBB3-370A-4466-B6A7-37CC0EBCD54B}.Release|Any CPU.ActiveCfg = Release|Any CPU
		{9DEDCBB3-370A-4466-B6A7-37CC0EBCD54B}.Release|Any CPU.Build.0 = Release|Any CPU
	EndGlobalSection
	GlobalSection(SolutionProperties) = preSolution
		HideSolutionNode = FALSE
	EndGlobalSection
	GlobalSection(ExtensibilityGlobals) = postSolution
		SolutionGuid = {46A759E2-5FFE-47F0-AF11-E4957E42A0B9}
	EndGlobalSection
EndGlobal
