
Microsoft Visual Studio Solution File, Format Version 12.00
# Visual Studio 15
VisualStudioVersion = 15.0.27130.2020
MinimumVisualStudioVersion = 10.0.40219.1
Project("{FAE04EC0-301F-11D3-BF4B-00C04F79EFBC}") = "01. Max Sequence of Equal Elements", "01. Max Sequence of Equal Elements\01. Max Sequence of Equal Elements.csproj", "{ADFD1365-98AC-4D10-87D6-8B85EBC39CAD}"
EndProject
Project("{FAE04EC0-301F-11D3-BF4B-00C04F79EFBC}") = "02. Change List", "02. Change List\02. Change List.csproj", "{AF8BEF5F-39E0-4ED3-809C-8AE4E1F7BA53}"
EndProject
Project("{FAE04EC0-301F-11D3-BF4B-00C04F79EFBC}") = "03. Search for a Number", "03. Search for a Number\03. Search for a Number.csproj", "{837CDFEF-2156-4F8D-B603-0760420A4FE8}"
EndProject
Project("{FAE04EC0-301F-11D3-BF4B-00C04F79EFBC}") = "04. Longest Increasing Subsequence", "04. Longest Increasing Subsequence\04. Longest Increasing Subsequence.csproj", "{B05F0938-462D-4412-B673-31A0C3B0B9AF}"
EndProject
Project("{FAE04EC0-301F-11D3-BF4B-00C04F79EFBC}") = "05. Array Manipulator", "05. Array Manipulator\05. Array Manipulator.csproj", "{1E205447-9A5C-4A87-927A-C142099B1D7D}"
EndProject
Project("{FAE04EC0-301F-11D3-BF4B-00C04F79EFBC}") = "06. Sum Reversed Numbers", "06. Sum Reversed Numbers\06. Sum Reversed Numbers.csproj", "{35571937-75BF-43A0-9146-E78D410EF8A9}"
EndProject
Project("{FAE04EC0-301F-11D3-BF4B-00C04F79EFBC}") = "07. Bomb Numbers", "07. Bomb Numbers\07. Bomb Numbers.csproj", "{029395F2-4516-4436-A103-D69FE93E2460}"
EndProject
Project("{FAE04EC0-301F-11D3-BF4B-00C04F79EFBC}") = "08. Remove Elements at Odd Positions", "08. Remove Elements at Odd Positions\08. Remove Elements at Odd Positions.csproj", "{6E2F4F7F-AD06-45D4-980B-95E73AAAFD4B}"
EndProject
Project("{FAE04EC0-301F-11D3-BF4B-00C04F79EFBC}") = "09. Track Downloader", "09. Track Downloader\09. Track Downloader.csproj", "{1A59855E-A526-42F6-8BA7-9D63653964A1}"
EndProject
Project("{FAE04EC0-301F-11D3-BF4B-00C04F79EFBC}") = "10. Equal Sum After Extraction", "10. Equal Sum After Extraction\10. Equal Sum After Extraction.csproj", "{3DB99D45-C10A-4898-A97D-741C733CEE0F}"
EndProject
Project("{FAE04EC0-301F-11D3-BF4B-00C04F79EFBC}") = "11. Flip List Sides", "11. Flip List Sides\11. Flip List Sides.csproj", "{F2065B85-595E-414F-8423-A2D89F412124}"
EndProject
Project("{FAE04EC0-301F-11D3-BF4B-00C04F79EFBC}") = "12. Tear List in Half", "12. Tear List in Half\12. Tear List in Half.csproj", "{FEB2A72A-B3DE-4A86-8BCD-09260E96A90D}"
EndProject
Project("{FAE04EC0-301F-11D3-BF4B-00C04F79EFBC}") = "13. Stuck Zipper", "13. Stuck Zipper\13. Stuck Zipper.csproj", "{C70890AD-281E-40D9-95CA-DBF003FD97FD}"
EndProject
Global
	GlobalSection(SolutionConfigurationPlatforms) = preSolution
		Debug|Any CPU = Debug|Any CPU
		Release|Any CPU = Release|Any CPU
	EndGlobalSection
	GlobalSection(ProjectConfigurationPlatforms) = postSolution
		{ADFD1365-98AC-4D10-87D6-8B85EBC39CAD}.Debug|Any CPU.ActiveCfg = Debug|Any CPU
		{ADFD1365-98AC-4D10-87D6-8B85EBC39CAD}.Debug|Any CPU.Build.0 = Debug|Any CPU
		{ADFD1365-98AC-4D10-87D6-8B85EBC39CAD}.Release|Any CPU.ActiveCfg = Release|Any CPU
		{ADFD1365-98AC-4D10-87D6-8B85EBC39CAD}.Release|Any CPU.Build.0 = Release|Any CPU
		{AF8BEF5F-39E0-4ED3-809C-8AE4E1F7BA53}.Debug|Any CPU.ActiveCfg = Debug|Any CPU
		{AF8BEF5F-39E0-4ED3-809C-8AE4E1F7BA53}.Debug|Any CPU.Build.0 = Debug|Any CPU
		{AF8BEF5F-39E0-4ED3-809C-8AE4E1F7BA53}.Release|Any CPU.ActiveCfg = Release|Any CPU
		{AF8BEF5F-39E0-4ED3-809C-8AE4E1F7BA53}.Release|Any CPU.Build.0 = Release|Any CPU
		{837CDFEF-2156-4F8D-B603-0760420A4FE8}.Debug|Any CPU.ActiveCfg = Debug|Any CPU
		{837CDFEF-2156-4F8D-B603-0760420A4FE8}.Debug|Any CPU.Build.0 = Debug|Any CPU
		{837CDFEF-2156-4F8D-B603-0760420A4FE8}.Release|Any CPU.ActiveCfg = Release|Any CPU
		{837CDFEF-2156-4F8D-B603-0760420A4FE8}.Release|Any CPU.Build.0 = Release|Any CPU
		{B05F0938-462D-4412-B673-31A0C3B0B9AF}.Debug|Any CPU.ActiveCfg = Debug|Any CPU
		{B05F0938-462D-4412-B673-31A0C3B0B9AF}.Debug|Any CPU.Build.0 = Debug|Any CPU
		{B05F0938-462D-4412-B673-31A0C3B0B9AF}.Release|Any CPU.ActiveCfg = Release|Any CPU
		{B05F0938-462D-4412-B673-31A0C3B0B9AF}.Release|Any CPU.Build.0 = Release|Any CPU
		{1E205447-9A5C-4A87-927A-C142099B1D7D}.Debug|Any CPU.ActiveCfg = Debug|Any CPU
		{1E205447-9A5C-4A87-927A-C142099B1D7D}.Debug|Any CPU.Build.0 = Debug|Any CPU
		{1E205447-9A5C-4A87-927A-C142099B1D7D}.Release|Any CPU.ActiveCfg = Release|Any CPU
		{1E205447-9A5C-4A87-927A-C142099B1D7D}.Release|Any CPU.Build.0 = Release|Any CPU
		{35571937-75BF-43A0-9146-E78D410EF8A9}.Debug|Any CPU.ActiveCfg = Debug|Any CPU
		{35571937-75BF-43A0-9146-E78D410EF8A9}.Debug|Any CPU.Build.0 = Debug|Any CPU
		{35571937-75BF-43A0-9146-E78D410EF8A9}.Release|Any CPU.ActiveCfg = Release|Any CPU
		{35571937-75BF-43A0-9146-E78D410EF8A9}.Release|Any CPU.Build.0 = Release|Any CPU
		{029395F2-4516-4436-A103-D69FE93E2460}.Debug|Any CPU.ActiveCfg = Debug|Any CPU
		{029395F2-4516-4436-A103-D69FE93E2460}.Debug|Any CPU.Build.0 = Debug|Any CPU
		{029395F2-4516-4436-A103-D69FE93E2460}.Release|Any CPU.ActiveCfg = Release|Any CPU
		{029395F2-4516-4436-A103-D69FE93E2460}.Release|Any CPU.Build.0 = Release|Any CPU
		{6E2F4F7F-AD06-45D4-980B-95E73AAAFD4B}.Debug|Any CPU.ActiveCfg = Debug|Any CPU
		{6E2F4F7F-AD06-45D4-980B-95E73AAAFD4B}.Debug|Any CPU.Build.0 = Debug|Any CPU
		{6E2F4F7F-AD06-45D4-980B-95E73AAAFD4B}.Release|Any CPU.ActiveCfg = Release|Any CPU
		{6E2F4F7F-AD06-45D4-980B-95E73AAAFD4B}.Release|Any CPU.Build.0 = Release|Any CPU
		{1A59855E-A526-42F6-8BA7-9D63653964A1}.Debug|Any CPU.ActiveCfg = Debug|Any CPU
		{1A59855E-A526-42F6-8BA7-9D63653964A1}.Debug|Any CPU.Build.0 = Debug|Any CPU
		{1A59855E-A526-42F6-8BA7-9D63653964A1}.Release|Any CPU.ActiveCfg = Release|Any CPU
		{1A59855E-A526-42F6-8BA7-9D63653964A1}.Release|Any CPU.Build.0 = Release|Any CPU
		{3DB99D45-C10A-4898-A97D-741C733CEE0F}.Debug|Any CPU.ActiveCfg = Debug|Any CPU
		{3DB99D45-C10A-4898-A97D-741C733CEE0F}.Debug|Any CPU.Build.0 = Debug|Any CPU
		{3DB99D45-C10A-4898-A97D-741C733CEE0F}.Release|Any CPU.ActiveCfg = Release|Any CPU
		{3DB99D45-C10A-4898-A97D-741C733CEE0F}.Release|Any CPU.Build.0 = Release|Any CPU
		{F2065B85-595E-414F-8423-A2D89F412124}.Debug|Any CPU.ActiveCfg = Debug|Any CPU
		{F2065B85-595E-414F-8423-A2D89F412124}.Debug|Any CPU.Build.0 = Debug|Any CPU
		{F2065B85-595E-414F-8423-A2D89F412124}.Release|Any CPU.ActiveCfg = Release|Any CPU
		{F2065B85-595E-414F-8423-A2D89F412124}.Release|Any CPU.Build.0 = Release|Any CPU
		{FEB2A72A-B3DE-4A86-8BCD-09260E96A90D}.Debug|Any CPU.ActiveCfg = Debug|Any CPU
		{FEB2A72A-B3DE-4A86-8BCD-09260E96A90D}.Debug|Any CPU.Build.0 = Debug|Any CPU
		{FEB2A72A-B3DE-4A86-8BCD-09260E96A90D}.Release|Any CPU.ActiveCfg = Release|Any CPU
		{FEB2A72A-B3DE-4A86-8BCD-09260E96A90D}.Release|Any CPU.Build.0 = Release|Any CPU
		{C70890AD-281E-40D9-95CA-DBF003FD97FD}.Debug|Any CPU.ActiveCfg = Debug|Any CPU
		{C70890AD-281E-40D9-95CA-DBF003FD97FD}.Debug|Any CPU.Build.0 = Debug|Any CPU
		{C70890AD-281E-40D9-95CA-DBF003FD97FD}.Release|Any CPU.ActiveCfg = Release|Any CPU
		{C70890AD-281E-40D9-95CA-DBF003FD97FD}.Release|Any CPU.Build.0 = Release|Any CPU
	EndGlobalSection
	GlobalSection(SolutionProperties) = preSolution
		HideSolutionNode = FALSE
	EndGlobalSection
	GlobalSection(ExtensibilityGlobals) = postSolution
		SolutionGuid = {1EAD3578-E472-4F16-94BF-1D588BAA5BB0}
	EndGlobalSection
EndGlobal
