
Microsoft Visual Studio Solution File, Format Version 12.00
# Visual Studio 15
VisualStudioVersion = 15.0.27130.2026
MinimumVisualStudioVersion = 10.0.40219.1
Project("{FAE04EC0-301F-11D3-BF4B-00C04F79EFBC}") = "01. Find the Letter", "01. Find the Letter\01. Find the Letter.csproj", "{501923CF-D859-436A-A148-D539C675B533}"
EndProject
Project("{FAE04EC0-301F-11D3-BF4B-00C04F79EFBC}") = "02. Placeholders", "02. Placeholders\02. Placeholders.csproj", "{2320BB2E-D859-43E6-9A75-E89EAFA73A6C}"
EndProject
Project("{FAE04EC0-301F-11D3-BF4B-00C04F79EFBC}") = "03. JSON Stringify", "03. JSON Stringify\03. JSON Stringify.csproj", "{ACBE1C19-FEC2-4F0A-954D-400916F36D3D}"
EndProject
Project("{FAE04EC0-301F-11D3-BF4B-00C04F79EFBC}") = "04. JSON Parse", "04. JSON Parse\04. JSON Parse.csproj", "{9CDA40AD-2C3D-479D-B02E-6B19573212C8}"
EndProject
Project("{FAE04EC0-301F-11D3-BF4B-00C04F79EFBC}") = "05. Points Counter", "05. Points Counter\05. Points Counter.csproj", "{6C20EB86-F866-440E-9E3E-256CC4669845}"
EndProject
Project("{FAE04EC0-301F-11D3-BF4B-00C04F79EFBC}") = "06. Sentence Split", "06. Sentence Split\06. Sentence Split.csproj", "{801D3BAF-B1CA-4B64-8D02-8FADC6E142F2}"
EndProject
Project("{FAE04EC0-301F-11D3-BF4B-00C04F79EFBC}") = "07. Capitalize Words", "07. Capitalize Words\07. Capitalize Words.csproj", "{756AB4CF-6149-41A1-A418-CA3600E10987}"
EndProject
Project("{FAE04EC0-301F-11D3-BF4B-00C04F79EFBC}") = "08. Value of a String", "08. Value of a String\08. Value of a String.csproj", "{E4FF141C-4FA6-4ED5-AFB0-FBB1C61F9102}"
EndProject
Project("{FAE04EC0-301F-11D3-BF4B-00C04F79EFBC}") = "09. Diamond Problem", "09. Diamond Problem\09. Diamond Problem.csproj", "{166BF45C-EBC9-468E-825A-24054FDC4911}"
EndProject
Project("{FAE04EC0-301F-11D3-BF4B-00C04F79EFBC}") = "10. Serialize String", "10. Serialize String\10. Serialize String.csproj", "{7420F2A7-98A9-4180-AE85-56F2FAB58749}"
EndProject
Project("{FAE04EC0-301F-11D3-BF4B-00C04F79EFBC}") = "11. Deserialize String", "11. Deserialize String\11. Deserialize String.csproj", "{303BF0F0-294A-4D82-BD39-A602E01D0302}"
EndProject
Project("{FAE04EC0-301F-11D3-BF4B-00C04F79EFBC}") = "12. String Commander", "12. String Commander\12. String Commander.csproj", "{C2985C4D-B932-4E5E-B0A3-75FBA1B7E072}"
EndProject
Project("{FAE04EC0-301F-11D3-BF4B-00C04F79EFBC}") = "13. Stateless", "13. Stateless\13. Stateless.csproj", "{7BA84EF8-B124-4737-9D05-E96B45E5460A}"
EndProject
Project("{FAE04EC0-301F-11D3-BF4B-00C04F79EFBC}") = "14. Pyramidic", "14. Pyramidic\14. Pyramidic.csproj", "{2E6C2A84-39D0-41A4-AFC1-DEDB4E8CA37D}"
EndProject
Project("{FAE04EC0-301F-11D3-BF4B-00C04F79EFBC}") = "15. Nilapdromes", "15. Nilapdromes\15. Nilapdromes.csproj", "{FD4168CF-30BF-49D2-A35A-44C888352991}"
EndProject
Project("{FAE04EC0-301F-11D3-BF4B-00C04F79EFBC}") = "16. Convert from base-10 to base-N", "16. Convert from base-10 to base-N\16. Convert from base-10 to base-N.csproj", "{B8AC4ABF-DDD7-46CE-BA29-7D46F01FCAC2}"
EndProject
Project("{FAE04EC0-301F-11D3-BF4B-00C04F79EFBC}") = "17. Convert from Base-N to Base-10", "17. Convert from Base-N to Base-10\17. Convert from Base-N to Base-10.csproj", "{50DACB93-5AA7-478C-98E5-80477174A1E2}"
EndProject
Project("{FAE04EC0-301F-11D3-BF4B-00C04F79EFBC}") = "18. Unicode Characters", "18. Unicode Characters\18. Unicode Characters.csproj", "{310D16FB-F55F-4A8B-9F02-29D81DB0F490}"
EndProject
Project("{FAE04EC0-301F-11D3-BF4B-00C04F79EFBC}") = "19. Character Multiplier", "19. Character Multiplier\19. Character Multiplier.csproj", "{981CFD94-672D-43B9-8D97-E3612A020DE7}"
EndProject
Project("{FAE04EC0-301F-11D3-BF4B-00C04F79EFBC}") = "20. Magic exchangeable words", "20. Magic exchangeable words\20. Magic exchangeable words.csproj", "{BE647994-5565-4EA3-986F-51D3204459C1}"
EndProject
Project("{FAE04EC0-301F-11D3-BF4B-00C04F79EFBC}") = "21. Sum Big Numbers", "21. Sum Big Numbers\21. Sum Big Numbers.csproj", "{9043A98D-7256-4BF6-B4A1-90BFF8DF98EC}"
EndProject
Project("{FAE04EC0-301F-11D3-BF4B-00C04F79EFBC}") = "22. Multiply big number", "22. Multiply big number\22. Multiply big number.csproj", "{244E5C6A-2155-42B7-A69A-B6D72D9FE414}"
EndProject
Project("{FAE04EC0-301F-11D3-BF4B-00C04F79EFBC}") = "23. Letters Change Numbers", "23. Letters Change Numbers\23. Letters Change Numbers.csproj", "{1BF5E8BD-18F0-4168-9798-71046A1541E1}"
EndProject
Global
	GlobalSection(SolutionConfigurationPlatforms) = preSolution
		Debug|Any CPU = Debug|Any CPU
		Release|Any CPU = Release|Any CPU
	EndGlobalSection
	GlobalSection(ProjectConfigurationPlatforms) = postSolution
		{501923CF-D859-436A-A148-D539C675B533}.Debug|Any CPU.ActiveCfg = Debug|Any CPU
		{501923CF-D859-436A-A148-D539C675B533}.Debug|Any CPU.Build.0 = Debug|Any CPU
		{501923CF-D859-436A-A148-D539C675B533}.Release|Any CPU.ActiveCfg = Release|Any CPU
		{501923CF-D859-436A-A148-D539C675B533}.Release|Any CPU.Build.0 = Release|Any CPU
		{2320BB2E-D859-43E6-9A75-E89EAFA73A6C}.Debug|Any CPU.ActiveCfg = Debug|Any CPU
		{2320BB2E-D859-43E6-9A75-E89EAFA73A6C}.Debug|Any CPU.Build.0 = Debug|Any CPU
		{2320BB2E-D859-43E6-9A75-E89EAFA73A6C}.Release|Any CPU.ActiveCfg = Release|Any CPU
		{2320BB2E-D859-43E6-9A75-E89EAFA73A6C}.Release|Any CPU.Build.0 = Release|Any CPU
		{ACBE1C19-FEC2-4F0A-954D-400916F36D3D}.Debug|Any CPU.ActiveCfg = Debug|Any CPU
		{ACBE1C19-FEC2-4F0A-954D-400916F36D3D}.Debug|Any CPU.Build.0 = Debug|Any CPU
		{ACBE1C19-FEC2-4F0A-954D-400916F36D3D}.Release|Any CPU.ActiveCfg = Release|Any CPU
		{ACBE1C19-FEC2-4F0A-954D-400916F36D3D}.Release|Any CPU.Build.0 = Release|Any CPU
		{9CDA40AD-2C3D-479D-B02E-6B19573212C8}.Debug|Any CPU.ActiveCfg = Debug|Any CPU
		{9CDA40AD-2C3D-479D-B02E-6B19573212C8}.Debug|Any CPU.Build.0 = Debug|Any CPU
		{9CDA40AD-2C3D-479D-B02E-6B19573212C8}.Release|Any CPU.ActiveCfg = Release|Any CPU
		{9CDA40AD-2C3D-479D-B02E-6B19573212C8}.Release|Any CPU.Build.0 = Release|Any CPU
		{6C20EB86-F866-440E-9E3E-256CC4669845}.Debug|Any CPU.ActiveCfg = Debug|Any CPU
		{6C20EB86-F866-440E-9E3E-256CC4669845}.Debug|Any CPU.Build.0 = Debug|Any CPU
		{6C20EB86-F866-440E-9E3E-256CC4669845}.Release|Any CPU.ActiveCfg = Release|Any CPU
		{6C20EB86-F866-440E-9E3E-256CC4669845}.Release|Any CPU.Build.0 = Release|Any CPU
		{801D3BAF-B1CA-4B64-8D02-8FADC6E142F2}.Debug|Any CPU.ActiveCfg = Debug|Any CPU
		{801D3BAF-B1CA-4B64-8D02-8FADC6E142F2}.Debug|Any CPU.Build.0 = Debug|Any CPU
		{801D3BAF-B1CA-4B64-8D02-8FADC6E142F2}.Release|Any CPU.ActiveCfg = Release|Any CPU
		{801D3BAF-B1CA-4B64-8D02-8FADC6E142F2}.Release|Any CPU.Build.0 = Release|Any CPU
		{756AB4CF-6149-41A1-A418-CA3600E10987}.Debug|Any CPU.ActiveCfg = Debug|Any CPU
		{756AB4CF-6149-41A1-A418-CA3600E10987}.Debug|Any CPU.Build.0 = Debug|Any CPU
		{756AB4CF-6149-41A1-A418-CA3600E10987}.Release|Any CPU.ActiveCfg = Release|Any CPU
		{756AB4CF-6149-41A1-A418-CA3600E10987}.Release|Any CPU.Build.0 = Release|Any CPU
		{E4FF141C-4FA6-4ED5-AFB0-FBB1C61F9102}.Debug|Any CPU.ActiveCfg = Debug|Any CPU
		{E4FF141C-4FA6-4ED5-AFB0-FBB1C61F9102}.Debug|Any CPU.Build.0 = Debug|Any CPU
		{E4FF141C-4FA6-4ED5-AFB0-FBB1C61F9102}.Release|Any CPU.ActiveCfg = Release|Any CPU
		{E4FF141C-4FA6-4ED5-AFB0-FBB1C61F9102}.Release|Any CPU.Build.0 = Release|Any CPU
		{166BF45C-EBC9-468E-825A-24054FDC4911}.Debug|Any CPU.ActiveCfg = Debug|Any CPU
		{166BF45C-EBC9-468E-825A-24054FDC4911}.Debug|Any CPU.Build.0 = Debug|Any CPU
		{166BF45C-EBC9-468E-825A-24054FDC4911}.Release|Any CPU.ActiveCfg = Release|Any CPU
		{166BF45C-EBC9-468E-825A-24054FDC4911}.Release|Any CPU.Build.0 = Release|Any CPU
		{7420F2A7-98A9-4180-AE85-56F2FAB58749}.Debug|Any CPU.ActiveCfg = Debug|Any CPU
		{7420F2A7-98A9-4180-AE85-56F2FAB58749}.Debug|Any CPU.Build.0 = Debug|Any CPU
		{7420F2A7-98A9-4180-AE85-56F2FAB58749}.Release|Any CPU.ActiveCfg = Release|Any CPU
		{7420F2A7-98A9-4180-AE85-56F2FAB58749}.Release|Any CPU.Build.0 = Release|Any CPU
		{303BF0F0-294A-4D82-BD39-A602E01D0302}.Debug|Any CPU.ActiveCfg = Debug|Any CPU
		{303BF0F0-294A-4D82-BD39-A602E01D0302}.Debug|Any CPU.Build.0 = Debug|Any CPU
		{303BF0F0-294A-4D82-BD39-A602E01D0302}.Release|Any CPU.ActiveCfg = Release|Any CPU
		{303BF0F0-294A-4D82-BD39-A602E01D0302}.Release|Any CPU.Build.0 = Release|Any CPU
		{C2985C4D-B932-4E5E-B0A3-75FBA1B7E072}.Debug|Any CPU.ActiveCfg = Debug|Any CPU
		{C2985C4D-B932-4E5E-B0A3-75FBA1B7E072}.Debug|Any CPU.Build.0 = Debug|Any CPU
		{C2985C4D-B932-4E5E-B0A3-75FBA1B7E072}.Release|Any CPU.ActiveCfg = Release|Any CPU
		{C2985C4D-B932-4E5E-B0A3-75FBA1B7E072}.Release|Any CPU.Build.0 = Release|Any CPU
		{7BA84EF8-B124-4737-9D05-E96B45E5460A}.Debug|Any CPU.ActiveCfg = Debug|Any CPU
		{7BA84EF8-B124-4737-9D05-E96B45E5460A}.Debug|Any CPU.Build.0 = Debug|Any CPU
		{7BA84EF8-B124-4737-9D05-E96B45E5460A}.Release|Any CPU.ActiveCfg = Release|Any CPU
		{7BA84EF8-B124-4737-9D05-E96B45E5460A}.Release|Any CPU.Build.0 = Release|Any CPU
		{2E6C2A84-39D0-41A4-AFC1-DEDB4E8CA37D}.Debug|Any CPU.ActiveCfg = Debug|Any CPU
		{2E6C2A84-39D0-41A4-AFC1-DEDB4E8CA37D}.Debug|Any CPU.Build.0 = Debug|Any CPU
		{2E6C2A84-39D0-41A4-AFC1-DEDB4E8CA37D}.Release|Any CPU.ActiveCfg = Release|Any CPU
		{2E6C2A84-39D0-41A4-AFC1-DEDB4E8CA37D}.Release|Any CPU.Build.0 = Release|Any CPU
		{FD4168CF-30BF-49D2-A35A-44C888352991}.Debug|Any CPU.ActiveCfg = Debug|Any CPU
		{FD4168CF-30BF-49D2-A35A-44C888352991}.Debug|Any CPU.Build.0 = Debug|Any CPU
		{FD4168CF-30BF-49D2-A35A-44C888352991}.Release|Any CPU.ActiveCfg = Release|Any CPU
		{FD4168CF-30BF-49D2-A35A-44C888352991}.Release|Any CPU.Build.0 = Release|Any CPU
		{B8AC4ABF-DDD7-46CE-BA29-7D46F01FCAC2}.Debug|Any CPU.ActiveCfg = Debug|Any CPU
		{B8AC4ABF-DDD7-46CE-BA29-7D46F01FCAC2}.Debug|Any CPU.Build.0 = Debug|Any CPU
		{B8AC4ABF-DDD7-46CE-BA29-7D46F01FCAC2}.Release|Any CPU.ActiveCfg = Release|Any CPU
		{B8AC4ABF-DDD7-46CE-BA29-7D46F01FCAC2}.Release|Any CPU.Build.0 = Release|Any CPU
		{50DACB93-5AA7-478C-98E5-80477174A1E2}.Debug|Any CPU.ActiveCfg = Debug|Any CPU
		{50DACB93-5AA7-478C-98E5-80477174A1E2}.Debug|Any CPU.Build.0 = Debug|Any CPU
		{50DACB93-5AA7-478C-98E5-80477174A1E2}.Release|Any CPU.ActiveCfg = Release|Any CPU
		{50DACB93-5AA7-478C-98E5-80477174A1E2}.Release|Any CPU.Build.0 = Release|Any CPU
		{310D16FB-F55F-4A8B-9F02-29D81DB0F490}.Debug|Any CPU.ActiveCfg = Debug|Any CPU
		{310D16FB-F55F-4A8B-9F02-29D81DB0F490}.Debug|Any CPU.Build.0 = Debug|Any CPU
		{310D16FB-F55F-4A8B-9F02-29D81DB0F490}.Release|Any CPU.ActiveCfg = Release|Any CPU
		{310D16FB-F55F-4A8B-9F02-29D81DB0F490}.Release|Any CPU.Build.0 = Release|Any CPU
		{981CFD94-672D-43B9-8D97-E3612A020DE7}.Debug|Any CPU.ActiveCfg = Debug|Any CPU
		{981CFD94-672D-43B9-8D97-E3612A020DE7}.Debug|Any CPU.Build.0 = Debug|Any CPU
		{981CFD94-672D-43B9-8D97-E3612A020DE7}.Release|Any CPU.ActiveCfg = Release|Any CPU
		{981CFD94-672D-43B9-8D97-E3612A020DE7}.Release|Any CPU.Build.0 = Release|Any CPU
		{BE647994-5565-4EA3-986F-51D3204459C1}.Debug|Any CPU.ActiveCfg = Debug|Any CPU
		{BE647994-5565-4EA3-986F-51D3204459C1}.Debug|Any CPU.Build.0 = Debug|Any CPU
		{BE647994-5565-4EA3-986F-51D3204459C1}.Release|Any CPU.ActiveCfg = Release|Any CPU
		{BE647994-5565-4EA3-986F-51D3204459C1}.Release|Any CPU.Build.0 = Release|Any CPU
		{9043A98D-7256-4BF6-B4A1-90BFF8DF98EC}.Debug|Any CPU.ActiveCfg = Debug|Any CPU
		{9043A98D-7256-4BF6-B4A1-90BFF8DF98EC}.Debug|Any CPU.Build.0 = Debug|Any CPU
		{9043A98D-7256-4BF6-B4A1-90BFF8DF98EC}.Release|Any CPU.ActiveCfg = Release|Any CPU
		{9043A98D-7256-4BF6-B4A1-90BFF8DF98EC}.Release|Any CPU.Build.0 = Release|Any CPU
		{244E5C6A-2155-42B7-A69A-B6D72D9FE414}.Debug|Any CPU.ActiveCfg = Debug|Any CPU
		{244E5C6A-2155-42B7-A69A-B6D72D9FE414}.Debug|Any CPU.Build.0 = Debug|Any CPU
		{244E5C6A-2155-42B7-A69A-B6D72D9FE414}.Release|Any CPU.ActiveCfg = Release|Any CPU
		{244E5C6A-2155-42B7-A69A-B6D72D9FE414}.Release|Any CPU.Build.0 = Release|Any CPU
		{1BF5E8BD-18F0-4168-9798-71046A1541E1}.Debug|Any CPU.ActiveCfg = Debug|Any CPU
		{1BF5E8BD-18F0-4168-9798-71046A1541E1}.Debug|Any CPU.Build.0 = Debug|Any CPU
		{1BF5E8BD-18F0-4168-9798-71046A1541E1}.Release|Any CPU.ActiveCfg = Release|Any CPU
		{1BF5E8BD-18F0-4168-9798-71046A1541E1}.Release|Any CPU.Build.0 = Release|Any CPU
	EndGlobalSection
	GlobalSection(SolutionProperties) = preSolution
		HideSolutionNode = FALSE
	EndGlobalSection
	GlobalSection(ExtensibilityGlobals) = postSolution
		SolutionGuid = {402242B9-FBB3-4DBD-A625-4ED3A4C62CA7}
	EndGlobalSection
EndGlobal
