
Microsoft Visual Studio Solution File, Format Version 12.00
# Visual Studio 15
VisualStudioVersion = 15.0.27130.2026
MinimumVisualStudioVersion = 10.0.40219.1
Project("{FAE04EC0-301F-11D3-BF4B-00C04F79EFBC}") = "01. Find the Letter", "01. Find the Letter\01. Find the Letter.csproj", "{501923CF-D859-436A-A148-D539C675B533}"
EndProject
Project("{FAE04EC0-301F-11D3-BF4B-00C04F79EFBC}") = "02. Placeholders", "02. Placeholders\02. Placeholders.csproj", "{2320BB2E-D859-43E6-9A75-E89EAFA73A6C}"
EndProject
Project("{FAE04EC0-301F-11D3-BF4B-00C04F79EFBC}") = "03. JSON Stringify", "03. JSON Stringify\03. JSON Stringify.csproj", "{ACBE1C19-FEC2-4F0A-954D-400916F36D3D}"
EndProject
Project("{FAE04EC0-301F-11D3-BF4B-00C04F79EFBC}") = "04. JSON Parse", "04. JSON Parse\04. JSON Parse.csproj", "{9CDA40AD-2C3D-479D-B02E-6B19573212C8}"
EndProject
Project("{FAE04EC0-301F-11D3-BF4B-00C04F79EFBC}") = "05. Points Counter", "05. Points Counter\05. Points Counter.csproj", "{6C20EB86-F866-440E-9E3E-256CC4669845}"
EndProject
Project("{FAE04EC0-301F-11D3-BF4B-00C04F79EFBC}") = "06. Sentence Split", "06. Sentence Split\06. Sentence Split.csproj", "{801D3BAF-B1CA-4B64-8D02-8FADC6E142F2}"
EndProject
Project("{FAE04EC0-301F-11D3-BF4B-00C04F79EFBC}") = "07. Capitalize Words", "07. Capitalize Words\07. Capitalize Words.csproj", "{756AB4CF-6149-41A1-A418-CA3600E10987}"
EndProject
Global
	GlobalSection(SolutionConfigurationPlatforms) = preSolution
		Debug|Any CPU = Debug|Any CPU
		Release|Any CPU = Release|Any CPU
	EndGlobalSection
	GlobalSection(ProjectConfigurationPlatforms) = postSolution
		{501923CF-D859-436A-A148-D539C675B533}.Debug|Any CPU.ActiveCfg = Debug|Any CPU
		{501923CF-D859-436A-A148-D539C675B533}.Debug|Any CPU.Build.0 = Debug|Any CPU
		{501923CF-D859-436A-A148-D539C675B533}.Release|Any CPU.ActiveCfg = Release|Any CPU
		{501923CF-D859-436A-A148-D539C675B533}.Release|Any CPU.Build.0 = Release|Any CPU
		{2320BB2E-D859-43E6-9A75-E89EAFA73A6C}.Debug|Any CPU.ActiveCfg = Debug|Any CPU
		{2320BB2E-D859-43E6-9A75-E89EAFA73A6C}.Debug|Any CPU.Build.0 = Debug|Any CPU
		{2320BB2E-D859-43E6-9A75-E89EAFA73A6C}.Release|Any CPU.ActiveCfg = Release|Any CPU
		{2320BB2E-D859-43E6-9A75-E89EAFA73A6C}.Release|Any CPU.Build.0 = Release|Any CPU
		{ACBE1C19-FEC2-4F0A-954D-400916F36D3D}.Debug|Any CPU.ActiveCfg = Debug|Any CPU
		{ACBE1C19-FEC2-4F0A-954D-400916F36D3D}.Debug|Any CPU.Build.0 = Debug|Any CPU
		{ACBE1C19-FEC2-4F0A-954D-400916F36D3D}.Release|Any CPU.ActiveCfg = Release|Any CPU
		{ACBE1C19-FEC2-4F0A-954D-400916F36D3D}.Release|Any CPU.Build.0 = Release|Any CPU
		{9CDA40AD-2C3D-479D-B02E-6B19573212C8}.Debug|Any CPU.ActiveCfg = Debug|Any CPU
		{9CDA40AD-2C3D-479D-B02E-6B19573212C8}.Debug|Any CPU.Build.0 = Debug|Any CPU
		{9CDA40AD-2C3D-479D-B02E-6B19573212C8}.Release|Any CPU.ActiveCfg = Release|Any CPU
		{9CDA40AD-2C3D-479D-B02E-6B19573212C8}.Release|Any CPU.Build.0 = Release|Any CPU
		{6C20EB86-F866-440E-9E3E-256CC4669845}.Debug|Any CPU.ActiveCfg = Debug|Any CPU
		{6C20EB86-F866-440E-9E3E-256CC4669845}.Debug|Any CPU.Build.0 = Debug|Any CPU
		{6C20EB86-F866-440E-9E3E-256CC4669845}.Release|Any CPU.ActiveCfg = Release|Any CPU
		{6C20EB86-F866-440E-9E3E-256CC4669845}.Release|Any CPU.Build.0 = Release|Any CPU
		{801D3BAF-B1CA-4B64-8D02-8FADC6E142F2}.Debug|Any CPU.ActiveCfg = Debug|Any CPU
		{801D3BAF-B1CA-4B64-8D02-8FADC6E142F2}.Debug|Any CPU.Build.0 = Debug|Any CPU
		{801D3BAF-B1CA-4B64-8D02-8FADC6E142F2}.Release|Any CPU.ActiveCfg = Release|Any CPU
		{801D3BAF-B1CA-4B64-8D02-8FADC6E142F2}.Release|Any CPU.Build.0 = Release|Any CPU
		{756AB4CF-6149-41A1-A418-CA3600E10987}.Debug|Any CPU.ActiveCfg = Debug|Any CPU
		{756AB4CF-6149-41A1-A418-CA3600E10987}.Debug|Any CPU.Build.0 = Debug|Any CPU
		{756AB4CF-6149-41A1-A418-CA3600E10987}.Release|Any CPU.ActiveCfg = Release|Any CPU
		{756AB4CF-6149-41A1-A418-CA3600E10987}.Release|Any CPU.Build.0 = Release|Any CPU
	EndGlobalSection
	GlobalSection(SolutionProperties) = preSolution
		HideSolutionNode = FALSE
	EndGlobalSection
	GlobalSection(ExtensibilityGlobals) = postSolution
		SolutionGuid = {402242B9-FBB3-4DBD-A625-4ED3A4C62CA7}
	EndGlobalSection
EndGlobal
