
Microsoft Visual Studio Solution File, Format Version 12.00
# Visual Studio 15
VisualStudioVersion = 15.0.27130.2020
MinimumVisualStudioVersion = 10.0.40219.1
Project("{FAE04EC0-301F-11D3-BF4B-00C04F79EFBC}") = "01. Average Student Grades", "01. Average Student Grades\01. Average Student Grades.csproj", "{FE858F4B-4D2A-470D-9FE1-6FF8BCB1E8B4}"
EndProject
Project("{FAE04EC0-301F-11D3-BF4B-00C04F79EFBC}") = "02. Cities by Continent and Country", "02. Cities by Continent and Country\02. Cities by Continent and Country.csproj", "{2E2FDFB8-3B72-419B-A802-C64B1A477355}"
EndProject
Global
	GlobalSection(SolutionConfigurationPlatforms) = preSolution
		Debug|Any CPU = Debug|Any CPU
		Release|Any CPU = Release|Any CPU
	EndGlobalSection
	GlobalSection(ProjectConfigurationPlatforms) = postSolution
		{FE858F4B-4D2A-470D-9FE1-6FF8BCB1E8B4}.Debug|Any CPU.ActiveCfg = Debug|Any CPU
		{FE858F4B-4D2A-470D-9FE1-6FF8BCB1E8B4}.Debug|Any CPU.Build.0 = Debug|Any CPU
		{FE858F4B-4D2A-470D-9FE1-6FF8BCB1E8B4}.Release|Any CPU.ActiveCfg = Release|Any CPU
		{FE858F4B-4D2A-470D-9FE1-6FF8BCB1E8B4}.Release|Any CPU.Build.0 = Release|Any CPU
		{2E2FDFB8-3B72-419B-A802-C64B1A477355}.Debug|Any CPU.ActiveCfg = Debug|Any CPU
		{2E2FDFB8-3B72-419B-A802-C64B1A477355}.Debug|Any CPU.Build.0 = Debug|Any CPU
		{2E2FDFB8-3B72-419B-A802-C64B1A477355}.Release|Any CPU.ActiveCfg = Release|Any CPU
		{2E2FDFB8-3B72-419B-A802-C64B1A477355}.Release|Any CPU.Build.0 = Release|Any CPU
	EndGlobalSection
	GlobalSection(SolutionProperties) = preSolution
		HideSolutionNode = FALSE
	EndGlobalSection
	GlobalSection(ExtensibilityGlobals) = postSolution
		SolutionGuid = {886BF3EB-710E-46BE-953B-BBE01279882F}
	EndGlobalSection
EndGlobal
