
Microsoft Visual Studio Solution File, Format Version 12.00
# Visual Studio 15
VisualStudioVersion = 15.0.27130.2010
MinimumVisualStudioVersion = 10.0.40219.1
Project("{FAE04EC0-301F-11D3-BF4B-00C04F79EFBC}") = "BlankReceipt", "BlankReceipt\BlankReceipt.csproj", "{67A096F5-26DA-4FD5-B4F3-D899C37C2E57}"
EndProject
Project("{FAE04EC0-301F-11D3-BF4B-00C04F79EFBC}") = "SignOfInteger", "SignOfInteger\SignOfInteger.csproj", "{1A28D87A-A37F-4427-8835-48B780D77607}"
EndProject
Project("{FAE04EC0-301F-11D3-BF4B-00C04F79EFBC}") = "PrintingTriangle", "PrintingTriangle\PrintingTriangle.csproj", "{2D086A7A-5C9B-4BE4-A369-52D7524FCB2F}"
EndProject
Project("{FAE04EC0-301F-11D3-BF4B-00C04F79EFBC}") = "DrawFilledSquare", "DrawFilled Square\DrawFilledSquare.csproj", "{3BAA0F32-BC9A-4B36-A3CA-FCD6CC134BD8}"
EndProject
Project("{FAE04EC0-301F-11D3-BF4B-00C04F79EFBC}") = "TemperatureConversion", "TemperatureConversion\TemperatureConversion.csproj", "{DC72C7A7-157F-489F-9622-48A5FCC674ED}"
EndProject
Project("{FAE04EC0-301F-11D3-BF4B-00C04F79EFBC}") = "CalculateTriangleArea", "CalculateTriangleArea\CalculateTriangleArea.csproj", "{8C639E82-49BB-49F5-8247-25BDCD6D5874}"
EndProject
Project("{FAE04EC0-301F-11D3-BF4B-00C04F79EFBC}") = "MathPower", "MathPower\MathPower.csproj", "{FAB3D8A5-DCB1-4748-A965-FE3AEA5FDA30}"
EndProject
Project("{FAE04EC0-301F-11D3-BF4B-00C04F79EFBC}") = "GreaterTwoValues", "GreaterTwoValues\GreaterTwoValues.csproj", "{EFCEADDB-8442-4B62-92E4-1EFE28212E9C}"
EndProject
Project("{FAE04EC0-301F-11D3-BF4B-00C04F79EFBC}") = "MultiplyEvensByOdds", "MultiplyEvensByOdds\MultiplyEvensByOdds.csproj", "{44D6DDF0-3491-47D7-8C10-D84322539F5A}"
EndProject
Global
	GlobalSection(SolutionConfigurationPlatforms) = preSolution
		Debug|Any CPU = Debug|Any CPU
		Release|Any CPU = Release|Any CPU
	EndGlobalSection
	GlobalSection(ProjectConfigurationPlatforms) = postSolution
		{67A096F5-26DA-4FD5-B4F3-D899C37C2E57}.Debug|Any CPU.ActiveCfg = Debug|Any CPU
		{67A096F5-26DA-4FD5-B4F3-D899C37C2E57}.Debug|Any CPU.Build.0 = Debug|Any CPU
		{67A096F5-26DA-4FD5-B4F3-D899C37C2E57}.Release|Any CPU.ActiveCfg = Release|Any CPU
		{67A096F5-26DA-4FD5-B4F3-D899C37C2E57}.Release|Any CPU.Build.0 = Release|Any CPU
		{1A28D87A-A37F-4427-8835-48B780D77607}.Debug|Any CPU.ActiveCfg = Debug|Any CPU
		{1A28D87A-A37F-4427-8835-48B780D77607}.Debug|Any CPU.Build.0 = Debug|Any CPU
		{1A28D87A-A37F-4427-8835-48B780D77607}.Release|Any CPU.ActiveCfg = Release|Any CPU
		{1A28D87A-A37F-4427-8835-48B780D77607}.Release|Any CPU.Build.0 = Release|Any CPU
		{2D086A7A-5C9B-4BE4-A369-52D7524FCB2F}.Debug|Any CPU.ActiveCfg = Debug|Any CPU
		{2D086A7A-5C9B-4BE4-A369-52D7524FCB2F}.Debug|Any CPU.Build.0 = Debug|Any CPU
		{2D086A7A-5C9B-4BE4-A369-52D7524FCB2F}.Release|Any CPU.ActiveCfg = Release|Any CPU
		{2D086A7A-5C9B-4BE4-A369-52D7524FCB2F}.Release|Any CPU.Build.0 = Release|Any CPU
		{3BAA0F32-BC9A-4B36-A3CA-FCD6CC134BD8}.Debug|Any CPU.ActiveCfg = Debug|Any CPU
		{3BAA0F32-BC9A-4B36-A3CA-FCD6CC134BD8}.Debug|Any CPU.Build.0 = Debug|Any CPU
		{3BAA0F32-BC9A-4B36-A3CA-FCD6CC134BD8}.Release|Any CPU.ActiveCfg = Release|Any CPU
		{3BAA0F32-BC9A-4B36-A3CA-FCD6CC134BD8}.Release|Any CPU.Build.0 = Release|Any CPU
		{DC72C7A7-157F-489F-9622-48A5FCC674ED}.Debug|Any CPU.ActiveCfg = Debug|Any CPU
		{DC72C7A7-157F-489F-9622-48A5FCC674ED}.Debug|Any CPU.Build.0 = Debug|Any CPU
		{DC72C7A7-157F-489F-9622-48A5FCC674ED}.Release|Any CPU.ActiveCfg = Release|Any CPU
		{DC72C7A7-157F-489F-9622-48A5FCC674ED}.Release|Any CPU.Build.0 = Release|Any CPU
		{8C639E82-49BB-49F5-8247-25BDCD6D5874}.Debug|Any CPU.ActiveCfg = Debug|Any CPU
		{8C639E82-49BB-49F5-8247-25BDCD6D5874}.Debug|Any CPU.Build.0 = Debug|Any CPU
		{8C639E82-49BB-49F5-8247-25BDCD6D5874}.Release|Any CPU.ActiveCfg = Release|Any CPU
		{8C639E82-49BB-49F5-8247-25BDCD6D5874}.Release|Any CPU.Build.0 = Release|Any CPU
		{FAB3D8A5-DCB1-4748-A965-FE3AEA5FDA30}.Debug|Any CPU.ActiveCfg = Debug|Any CPU
		{FAB3D8A5-DCB1-4748-A965-FE3AEA5FDA30}.Debug|Any CPU.Build.0 = Debug|Any CPU
		{FAB3D8A5-DCB1-4748-A965-FE3AEA5FDA30}.Release|Any CPU.ActiveCfg = Release|Any CPU
		{FAB3D8A5-DCB1-4748-A965-FE3AEA5FDA30}.Release|Any CPU.Build.0 = Release|Any CPU
		{EFCEADDB-8442-4B62-92E4-1EFE28212E9C}.Debug|Any CPU.ActiveCfg = Debug|Any CPU
		{EFCEADDB-8442-4B62-92E4-1EFE28212E9C}.Debug|Any CPU.Build.0 = Debug|Any CPU
		{EFCEADDB-8442-4B62-92E4-1EFE28212E9C}.Release|Any CPU.ActiveCfg = Release|Any CPU
		{EFCEADDB-8442-4B62-92E4-1EFE28212E9C}.Release|Any CPU.Build.0 = Release|Any CPU
		{44D6DDF0-3491-47D7-8C10-D84322539F5A}.Debug|Any CPU.ActiveCfg = Debug|Any CPU
		{44D6DDF0-3491-47D7-8C10-D84322539F5A}.Debug|Any CPU.Build.0 = Debug|Any CPU
		{44D6DDF0-3491-47D7-8C10-D84322539F5A}.Release|Any CPU.ActiveCfg = Release|Any CPU
		{44D6DDF0-3491-47D7-8C10-D84322539F5A}.Release|Any CPU.Build.0 = Release|Any CPU
	EndGlobalSection
	GlobalSection(SolutionProperties) = preSolution
		HideSolutionNode = FALSE
	EndGlobalSection
	GlobalSection(ExtensibilityGlobals) = postSolution
		SolutionGuid = {E9E53E0F-08C3-4A1A-BD86-F984A551F319}
	EndGlobalSection
EndGlobal
