
Microsoft Visual Studio Solution File, Format Version 12.00
# Visual Studio 15
VisualStudioVersion = 15.0.27130.2010
MinimumVisualStudioVersion = 10.0.40219.1
Project("{FAE04EC0-301F-11D3-BF4B-00C04F79EFBC}") = "ChooseDrink", "ChooseDrink\ChooseDrink.csproj", "{FFCEA034-A9B2-4167-9E9F-450DDEA34ED8}"
EndProject
Project("{FAE04EC0-301F-11D3-BF4B-00C04F79EFBC}") = "ChooseDrink2.0", "ChooseDrink2.0\ChooseDrink2.0.csproj", "{593B0ED7-5783-42E5-AA1A-3A1C693E145C}"
EndProject
Project("{FAE04EC0-301F-11D3-BF4B-00C04F79EFBC}") = "RestaurantDiscount", "RestaurantDiscount\RestaurantDiscount.csproj", "{8D4A362E-269D-4039-AA17-3C7A0D1A4113}"
EndProject
Project("{FAE04EC0-301F-11D3-BF4B-00C04F79EFBC}") = "Hotel", "Hotel\Hotel.csproj", "{221520AB-2E58-4AEC-9D76-502C92928825}"
EndProject
Project("{FAE04EC0-301F-11D3-BF4B-00C04F79EFBC}") = "WordInPlural", "WordInPlural\WordInPlural.csproj", "{197BF502-C8FA-4C92-B057-BE8C4FB519B2}"
EndProject
Project("{FAE04EC0-301F-11D3-BF4B-00C04F79EFBC}") = "IntervalNumbers", "IntervalNumbers\IntervalNumbers.csproj", "{065C748E-E00A-4A7E-B5EF-1BB47EEE5661}"
EndProject
Project("{FAE04EC0-301F-11D3-BF4B-00C04F79EFBC}") = "CakeIngredients", "CakeIngredients\CakeIngredients.csproj", "{4C6194E6-05E9-48CC-BD38-EE1885F84B5F}"
EndProject
Project("{FAE04EC0-301F-11D3-BF4B-00C04F79EFBC}") = "CaloriesCounter", "CaloriesCounter\CaloriesCounter.csproj", "{261D8C8F-035B-4271-B2EE-5EF0865DF80E}"
EndProject
Project("{FAE04EC0-301F-11D3-BF4B-00C04F79EFBC}") = "CountIntegers", "CountIntegers\CountIntegers.csproj", "{62D03345-237A-465F-B29D-FD9EFA3E59F3}"
EndProject
Project("{FAE04EC0-301F-11D3-BF4B-00C04F79EFBC}") = "TriangleNumbers", "TriangleNumbers\TriangleNumbers.csproj", "{A717FCF9-8A70-4E17-BE3F-D8EDB3D91095}"
EndProject
Project("{FAE04EC0-301F-11D3-BF4B-00C04F79EFBC}") = "DifferentNumbers", "DifferentNumbers\DifferentNumbers.csproj", "{8F63D00A-5680-4D61-9882-58E44AA7A926}"
EndProject
Project("{FAE04EC0-301F-11D3-BF4B-00C04F79EFBC}") = "TestNumbers", "TestNumbers\TestNumbers.csproj", "{5878B808-EFA7-4594-8AE6-A2471CA25402}"
EndProject
Global
	GlobalSection(SolutionConfigurationPlatforms) = preSolution
		Debug|Any CPU = Debug|Any CPU
		Release|Any CPU = Release|Any CPU
	EndGlobalSection
	GlobalSection(ProjectConfigurationPlatforms) = postSolution
		{FFCEA034-A9B2-4167-9E9F-450DDEA34ED8}.Debug|Any CPU.ActiveCfg = Debug|Any CPU
		{FFCEA034-A9B2-4167-9E9F-450DDEA34ED8}.Debug|Any CPU.Build.0 = Debug|Any CPU
		{FFCEA034-A9B2-4167-9E9F-450DDEA34ED8}.Release|Any CPU.ActiveCfg = Release|Any CPU
		{FFCEA034-A9B2-4167-9E9F-450DDEA34ED8}.Release|Any CPU.Build.0 = Release|Any CPU
		{593B0ED7-5783-42E5-AA1A-3A1C693E145C}.Debug|Any CPU.ActiveCfg = Debug|Any CPU
		{593B0ED7-5783-42E5-AA1A-3A1C693E145C}.Debug|Any CPU.Build.0 = Debug|Any CPU
		{593B0ED7-5783-42E5-AA1A-3A1C693E145C}.Release|Any CPU.ActiveCfg = Release|Any CPU
		{593B0ED7-5783-42E5-AA1A-3A1C693E145C}.Release|Any CPU.Build.0 = Release|Any CPU
		{8D4A362E-269D-4039-AA17-3C7A0D1A4113}.Debug|Any CPU.ActiveCfg = Debug|Any CPU
		{8D4A362E-269D-4039-AA17-3C7A0D1A4113}.Debug|Any CPU.Build.0 = Debug|Any CPU
		{8D4A362E-269D-4039-AA17-3C7A0D1A4113}.Release|Any CPU.ActiveCfg = Release|Any CPU
		{8D4A362E-269D-4039-AA17-3C7A0D1A4113}.Release|Any CPU.Build.0 = Release|Any CPU
		{221520AB-2E58-4AEC-9D76-502C92928825}.Debug|Any CPU.ActiveCfg = Debug|Any CPU
		{221520AB-2E58-4AEC-9D76-502C92928825}.Debug|Any CPU.Build.0 = Debug|Any CPU
		{221520AB-2E58-4AEC-9D76-502C92928825}.Release|Any CPU.ActiveCfg = Release|Any CPU
		{221520AB-2E58-4AEC-9D76-502C92928825}.Release|Any CPU.Build.0 = Release|Any CPU
		{197BF502-C8FA-4C92-B057-BE8C4FB519B2}.Debug|Any CPU.ActiveCfg = Debug|Any CPU
		{197BF502-C8FA-4C92-B057-BE8C4FB519B2}.Debug|Any CPU.Build.0 = Debug|Any CPU
		{197BF502-C8FA-4C92-B057-BE8C4FB519B2}.Release|Any CPU.ActiveCfg = Release|Any CPU
		{197BF502-C8FA-4C92-B057-BE8C4FB519B2}.Release|Any CPU.Build.0 = Release|Any CPU
		{065C748E-E00A-4A7E-B5EF-1BB47EEE5661}.Debug|Any CPU.ActiveCfg = Debug|Any CPU
		{065C748E-E00A-4A7E-B5EF-1BB47EEE5661}.Debug|Any CPU.Build.0 = Debug|Any CPU
		{065C748E-E00A-4A7E-B5EF-1BB47EEE5661}.Release|Any CPU.ActiveCfg = Release|Any CPU
		{065C748E-E00A-4A7E-B5EF-1BB47EEE5661}.Release|Any CPU.Build.0 = Release|Any CPU
		{4C6194E6-05E9-48CC-BD38-EE1885F84B5F}.Debug|Any CPU.ActiveCfg = Debug|Any CPU
		{4C6194E6-05E9-48CC-BD38-EE1885F84B5F}.Debug|Any CPU.Build.0 = Debug|Any CPU
		{4C6194E6-05E9-48CC-BD38-EE1885F84B5F}.Release|Any CPU.ActiveCfg = Release|Any CPU
		{4C6194E6-05E9-48CC-BD38-EE1885F84B5F}.Release|Any CPU.Build.0 = Release|Any CPU
		{261D8C8F-035B-4271-B2EE-5EF0865DF80E}.Debug|Any CPU.ActiveCfg = Debug|Any CPU
		{261D8C8F-035B-4271-B2EE-5EF0865DF80E}.Debug|Any CPU.Build.0 = Debug|Any CPU
		{261D8C8F-035B-4271-B2EE-5EF0865DF80E}.Release|Any CPU.ActiveCfg = Release|Any CPU
		{261D8C8F-035B-4271-B2EE-5EF0865DF80E}.Release|Any CPU.Build.0 = Release|Any CPU
		{62D03345-237A-465F-B29D-FD9EFA3E59F3}.Debug|Any CPU.ActiveCfg = Debug|Any CPU
		{62D03345-237A-465F-B29D-FD9EFA3E59F3}.Debug|Any CPU.Build.0 = Debug|Any CPU
		{62D03345-237A-465F-B29D-FD9EFA3E59F3}.Release|Any CPU.ActiveCfg = Release|Any CPU
		{62D03345-237A-465F-B29D-FD9EFA3E59F3}.Release|Any CPU.Build.0 = Release|Any CPU
		{A717FCF9-8A70-4E17-BE3F-D8EDB3D91095}.Debug|Any CPU.ActiveCfg = Debug|Any CPU
		{A717FCF9-8A70-4E17-BE3F-D8EDB3D91095}.Debug|Any CPU.Build.0 = Debug|Any CPU
		{A717FCF9-8A70-4E17-BE3F-D8EDB3D91095}.Release|Any CPU.ActiveCfg = Release|Any CPU
		{A717FCF9-8A70-4E17-BE3F-D8EDB3D91095}.Release|Any CPU.Build.0 = Release|Any CPU
		{8F63D00A-5680-4D61-9882-58E44AA7A926}.Debug|Any CPU.ActiveCfg = Debug|Any CPU
		{8F63D00A-5680-4D61-9882-58E44AA7A926}.Debug|Any CPU.Build.0 = Debug|Any CPU
		{8F63D00A-5680-4D61-9882-58E44AA7A926}.Release|Any CPU.ActiveCfg = Release|Any CPU
		{8F63D00A-5680-4D61-9882-58E44AA7A926}.Release|Any CPU.Build.0 = Release|Any CPU
		{5878B808-EFA7-4594-8AE6-A2471CA25402}.Debug|Any CPU.ActiveCfg = Debug|Any CPU
		{5878B808-EFA7-4594-8AE6-A2471CA25402}.Debug|Any CPU.Build.0 = Debug|Any CPU
		{5878B808-EFA7-4594-8AE6-A2471CA25402}.Release|Any CPU.ActiveCfg = Release|Any CPU
		{5878B808-EFA7-4594-8AE6-A2471CA25402}.Release|Any CPU.Build.0 = Release|Any CPU
	EndGlobalSection
	GlobalSection(SolutionProperties) = preSolution
		HideSolutionNode = FALSE
	EndGlobalSection
	GlobalSection(ExtensibilityGlobals) = postSolution
		SolutionGuid = {7CD723C2-4DEC-46BB-AFFE-ECAE6F37F4A7}
	EndGlobalSection
EndGlobal
