
Microsoft Visual Studio Solution File, Format Version 12.00
# Visual Studio 15
VisualStudioVersion = 15.0.27130.2026
MinimumVisualStudioVersion = 10.0.40219.1
Project("{FAE04EC0-301F-11D3-BF4B-00C04F79EFBC}") = "01. Reverse String", "01. Reverse String\01. Reverse String.csproj", "{0E50852C-40C5-49C9-90EE-5335217B54F1}"
EndProject
Project("{FAE04EC0-301F-11D3-BF4B-00C04F79EFBC}") = "02. Count Substring Occurrences", "02. Count Substring Occurrences\02. Count Substring Occurrences.csproj", "{693BCA90-3296-4F0C-8916-DF08BC5447AE}"
EndProject
Project("{FAE04EC0-301F-11D3-BF4B-00C04F79EFBC}") = "03. Text Filter", "03. Text Filter\03. Text Filter.csproj", "{53695C18-AE7D-4C4D-BDDC-CCE3DB7524C1}"
EndProject
Global
	GlobalSection(SolutionConfigurationPlatforms) = preSolution
		Debug|Any CPU = Debug|Any CPU
		Release|Any CPU = Release|Any CPU
	EndGlobalSection
	GlobalSection(ProjectConfigurationPlatforms) = postSolution
		{0E50852C-40C5-49C9-90EE-5335217B54F1}.Debug|Any CPU.ActiveCfg = Debug|Any CPU
		{0E50852C-40C5-49C9-90EE-5335217B54F1}.Debug|Any CPU.Build.0 = Debug|Any CPU
		{0E50852C-40C5-49C9-90EE-5335217B54F1}.Release|Any CPU.ActiveCfg = Release|Any CPU
		{0E50852C-40C5-49C9-90EE-5335217B54F1}.Release|Any CPU.Build.0 = Release|Any CPU
		{693BCA90-3296-4F0C-8916-DF08BC5447AE}.Debug|Any CPU.ActiveCfg = Debug|Any CPU
		{693BCA90-3296-4F0C-8916-DF08BC5447AE}.Debug|Any CPU.Build.0 = Debug|Any CPU
		{693BCA90-3296-4F0C-8916-DF08BC5447AE}.Release|Any CPU.ActiveCfg = Release|Any CPU
		{693BCA90-3296-4F0C-8916-DF08BC5447AE}.Release|Any CPU.Build.0 = Release|Any CPU
		{53695C18-AE7D-4C4D-BDDC-CCE3DB7524C1}.Debug|Any CPU.ActiveCfg = Debug|Any CPU
		{53695C18-AE7D-4C4D-BDDC-CCE3DB7524C1}.Debug|Any CPU.Build.0 = Debug|Any CPU
		{53695C18-AE7D-4C4D-BDDC-CCE3DB7524C1}.Release|Any CPU.ActiveCfg = Release|Any CPU
		{53695C18-AE7D-4C4D-BDDC-CCE3DB7524C1}.Release|Any CPU.Build.0 = Release|Any CPU
	EndGlobalSection
	GlobalSection(SolutionProperties) = preSolution
		HideSolutionNode = FALSE
	EndGlobalSection
	GlobalSection(ExtensibilityGlobals) = postSolution
		SolutionGuid = {C1D9DCC8-9F73-4975-A90A-70600F23E74F}
	EndGlobalSection
EndGlobal
