
Microsoft Visual Studio Solution File, Format Version 12.00
# Visual Studio 15
VisualStudioVersion = 15.0.27130.2020
MinimumVisualStudioVersion = 10.0.40219.1
Project("{FAE04EC0-301F-11D3-BF4B-00C04F79EFBC}") = "01. Array Contains Element", "01. Array Contains Element\01. Array Contains Element.csproj", "{D6810998-43D4-4EF9-A6A3-04226680750F}"
EndProject
Project("{FAE04EC0-301F-11D3-BF4B-00C04F79EFBC}") = "02. Smallest Element in Array", "02. Smallest Element in Array\02. Smallest Element in Array.csproj", "{6E93D2CB-E256-4939-9EFB-B4E839DA0E68}"
EndProject
Project("{FAE04EC0-301F-11D3-BF4B-00C04F79EFBC}") = "03. Reverse Array In-place", "03. Reverse Array In-place\03. Reverse Array In-place.csproj", "{98DB9D66-A17F-4DF4-9D50-FBA2620819B1}"
EndProject
Project("{FAE04EC0-301F-11D3-BF4B-00C04F79EFBC}") = "04. Sort Array Using Bubble Sort", "04. Sort Array Using Bubble Sort\04. Sort Array Using Bubble Sort.csproj", "{63D92D6D-9B2A-4279-B066-04E572EDCF9C}"
EndProject
Project("{FAE04EC0-301F-11D3-BF4B-00C04F79EFBC}") = "05. Sort Array Using Insertion Sort", "05. Sort Array Using Insertion Sort\05. Sort Array Using Insertion Sort.csproj", "{D141ED25-D651-4B71-A028-6C1CDD4353D3}"
EndProject
Project("{FAE04EC0-301F-11D3-BF4B-00C04F79EFBC}") = "06. Insertion Sort Using List", "06. Insertion Sort Using List\06. Insertion Sort Using List.csproj", "{3B7868E0-2EFA-4BCC-A602-781C4CC7F75D}"
EndProject
Global
	GlobalSection(SolutionConfigurationPlatforms) = preSolution
		Debug|Any CPU = Debug|Any CPU
		Release|Any CPU = Release|Any CPU
	EndGlobalSection
	GlobalSection(ProjectConfigurationPlatforms) = postSolution
		{D6810998-43D4-4EF9-A6A3-04226680750F}.Debug|Any CPU.ActiveCfg = Debug|Any CPU
		{D6810998-43D4-4EF9-A6A3-04226680750F}.Debug|Any CPU.Build.0 = Debug|Any CPU
		{D6810998-43D4-4EF9-A6A3-04226680750F}.Release|Any CPU.ActiveCfg = Release|Any CPU
		{D6810998-43D4-4EF9-A6A3-04226680750F}.Release|Any CPU.Build.0 = Release|Any CPU
		{6E93D2CB-E256-4939-9EFB-B4E839DA0E68}.Debug|Any CPU.ActiveCfg = Debug|Any CPU
		{6E93D2CB-E256-4939-9EFB-B4E839DA0E68}.Debug|Any CPU.Build.0 = Debug|Any CPU
		{6E93D2CB-E256-4939-9EFB-B4E839DA0E68}.Release|Any CPU.ActiveCfg = Release|Any CPU
		{6E93D2CB-E256-4939-9EFB-B4E839DA0E68}.Release|Any CPU.Build.0 = Release|Any CPU
		{98DB9D66-A17F-4DF4-9D50-FBA2620819B1}.Debug|Any CPU.ActiveCfg = Debug|Any CPU
		{98DB9D66-A17F-4DF4-9D50-FBA2620819B1}.Debug|Any CPU.Build.0 = Debug|Any CPU
		{98DB9D66-A17F-4DF4-9D50-FBA2620819B1}.Release|Any CPU.ActiveCfg = Release|Any CPU
		{98DB9D66-A17F-4DF4-9D50-FBA2620819B1}.Release|Any CPU.Build.0 = Release|Any CPU
		{63D92D6D-9B2A-4279-B066-04E572EDCF9C}.Debug|Any CPU.ActiveCfg = Debug|Any CPU
		{63D92D6D-9B2A-4279-B066-04E572EDCF9C}.Debug|Any CPU.Build.0 = Debug|Any CPU
		{63D92D6D-9B2A-4279-B066-04E572EDCF9C}.Release|Any CPU.ActiveCfg = Release|Any CPU
		{63D92D6D-9B2A-4279-B066-04E572EDCF9C}.Release|Any CPU.Build.0 = Release|Any CPU
		{D141ED25-D651-4B71-A028-6C1CDD4353D3}.Debug|Any CPU.ActiveCfg = Debug|Any CPU
		{D141ED25-D651-4B71-A028-6C1CDD4353D3}.Debug|Any CPU.Build.0 = Debug|Any CPU
		{D141ED25-D651-4B71-A028-6C1CDD4353D3}.Release|Any CPU.ActiveCfg = Release|Any CPU
		{D141ED25-D651-4B71-A028-6C1CDD4353D3}.Release|Any CPU.Build.0 = Release|Any CPU
		{3B7868E0-2EFA-4BCC-A602-781C4CC7F75D}.Debug|Any CPU.ActiveCfg = Debug|Any CPU
		{3B7868E0-2EFA-4BCC-A602-781C4CC7F75D}.Debug|Any CPU.Build.0 = Debug|Any CPU
		{3B7868E0-2EFA-4BCC-A602-781C4CC7F75D}.Release|Any CPU.ActiveCfg = Release|Any CPU
		{3B7868E0-2EFA-4BCC-A602-781C4CC7F75D}.Release|Any CPU.Build.0 = Release|Any CPU
	EndGlobalSection
	GlobalSection(SolutionProperties) = preSolution
		HideSolutionNode = FALSE
	EndGlobalSection
	GlobalSection(ExtensibilityGlobals) = postSolution
		SolutionGuid = {59F6ABED-C059-405B-B831-DAB776BB99E4}
	EndGlobalSection
EndGlobal
