
Microsoft Visual Studio Solution File, Format Version 12.00
# Visual Studio Version 16
VisualStudioVersion = 16.0.30907.101
MinimumVisualStudioVersion = 10.0.40219.1
Project("{FAE04EC0-301F-11D3-BF4B-00C04F79EFBC}") = "01. BonusScoringSystem", "01. BonusScoringSystem\01. BonusScoringSystem.csproj", "{AFCC376A-2D1B-4676-9EA5-834DF3C06FBA}"
EndProject
Project("{FAE04EC0-301F-11D3-BF4B-00C04F79EFBC}") = "02. MuOnline", "02. MuOnline\02. MuOnline.csproj", "{CD8E5F63-2198-4DB7-8943-937BDAAE38B8}"
EndProject
Project("{FAE04EC0-301F-11D3-BF4B-00C04F79EFBC}") = "03. Inventory", "03. Inventory\03. Inventory.csproj", "{48FED68F-A6F1-4713-ABE7-1460E20C8F78}"
EndProject
Global
	GlobalSection(SolutionConfigurationPlatforms) = preSolution
		Debug|Any CPU = Debug|Any CPU
		Release|Any CPU = Release|Any CPU
	EndGlobalSection
	GlobalSection(ProjectConfigurationPlatforms) = postSolution
		{AFCC376A-2D1B-4676-9EA5-834DF3C06FBA}.Debug|Any CPU.ActiveCfg = Debug|Any CPU
		{AFCC376A-2D1B-4676-9EA5-834DF3C06FBA}.Debug|Any CPU.Build.0 = Debug|Any CPU
		{AFCC376A-2D1B-4676-9EA5-834DF3C06FBA}.Release|Any CPU.ActiveCfg = Release|Any CPU
		{AFCC376A-2D1B-4676-9EA5-834DF3C06FBA}.Release|Any CPU.Build.0 = Release|Any CPU
		{CD8E5F63-2198-4DB7-8943-937BDAAE38B8}.Debug|Any CPU.ActiveCfg = Debug|Any CPU
		{CD8E5F63-2198-4DB7-8943-937BDAAE38B8}.Debug|Any CPU.Build.0 = Debug|Any CPU
		{CD8E5F63-2198-4DB7-8943-937BDAAE38B8}.Release|Any CPU.ActiveCfg = Release|Any CPU
		{CD8E5F63-2198-4DB7-8943-937BDAAE38B8}.Release|Any CPU.Build.0 = Release|Any CPU
		{48FED68F-A6F1-4713-ABE7-1460E20C8F78}.Debug|Any CPU.ActiveCfg = Debug|Any CPU
		{48FED68F-A6F1-4713-ABE7-1460E20C8F78}.Debug|Any CPU.Build.0 = Debug|Any CPU
		{48FED68F-A6F1-4713-ABE7-1460E20C8F78}.Release|Any CPU.ActiveCfg = Release|Any CPU
		{48FED68F-A6F1-4713-ABE7-1460E20C8F78}.Release|Any CPU.Build.0 = Release|Any CPU
	EndGlobalSection
	GlobalSection(SolutionProperties) = preSolution
		HideSolutionNode = FALSE
	EndGlobalSection
	GlobalSection(ExtensibilityGlobals) = postSolution
		SolutionGuid = {400A5695-B112-46C0-93D6-3BBF4D264A82}
	EndGlobalSection
EndGlobal
