
Microsoft Visual Studio Solution File, Format Version 12.00
# Visual Studio 15
VisualStudioVersion = 15.0.27130.2024
MinimumVisualStudioVersion = 10.0.40219.1
Project("{FAE04EC0-301F-11D3-BF4B-00C04F79EFBC}") = "01. Min, Max, Sum, Average", "01. Min, Max, Sum, Average\01. Min, Max, Sum, Average.csproj", "{8A3043C9-771A-4A6E-89CC-F494A5A4A595}"
EndProject
Project("{FAE04EC0-301F-11D3-BF4B-00C04F79EFBC}") = "02. Largest 3 Numbers", "02. Largest 3 Numbers\02. Largest 3 Numbers.csproj", "{5FA67279-B15C-45BB-BC26-379FE9D7BDA9}"
EndProject
Global
	GlobalSection(SolutionConfigurationPlatforms) = preSolution
		Debug|Any CPU = Debug|Any CPU
		Release|Any CPU = Release|Any CPU
	EndGlobalSection
	GlobalSection(ProjectConfigurationPlatforms) = postSolution
		{8A3043C9-771A-4A6E-89CC-F494A5A4A595}.Debug|Any CPU.ActiveCfg = Debug|Any CPU
		{8A3043C9-771A-4A6E-89CC-F494A5A4A595}.Debug|Any CPU.Build.0 = Debug|Any CPU
		{8A3043C9-771A-4A6E-89CC-F494A5A4A595}.Release|Any CPU.ActiveCfg = Release|Any CPU
		{8A3043C9-771A-4A6E-89CC-F494A5A4A595}.Release|Any CPU.Build.0 = Release|Any CPU
		{5FA67279-B15C-45BB-BC26-379FE9D7BDA9}.Debug|Any CPU.ActiveCfg = Debug|Any CPU
		{5FA67279-B15C-45BB-BC26-379FE9D7BDA9}.Debug|Any CPU.Build.0 = Debug|Any CPU
		{5FA67279-B15C-45BB-BC26-379FE9D7BDA9}.Release|Any CPU.ActiveCfg = Release|Any CPU
		{5FA67279-B15C-45BB-BC26-379FE9D7BDA9}.Release|Any CPU.Build.0 = Release|Any CPU
	EndGlobalSection
	GlobalSection(SolutionProperties) = preSolution
		HideSolutionNode = FALSE
	EndGlobalSection
	GlobalSection(ExtensibilityGlobals) = postSolution
		SolutionGuid = {84C462B2-6416-488D-A3AF-0DF877FA9094}
	EndGlobalSection
EndGlobal
