
Microsoft Visual Studio Solution File, Format Version 12.00
# Visual Studio 15
VisualStudioVersion = 15.0.27130.2020
MinimumVisualStudioVersion = 10.0.40219.1
Project("{FAE04EC0-301F-11D3-BF4B-00C04F79EFBC}") = "01. Wardrobe", "01. Wardrobe\01. Wardrobe.csproj", "{B86AAC41-8790-4D69-B050-32CE0A6F1033}"
EndProject
Project("{FAE04EC0-301F-11D3-BF4B-00C04F79EFBC}") = "02. Key-Key Value-Value", "02. Key-Key Value-Value\02. Key-Key Value-Value.csproj", "{182D5A53-5BA0-41D5-8E0D-4F71B97B40A3}"
EndProject
Project("{FAE04EC0-301F-11D3-BF4B-00C04F79EFBC}") = "03. Travel Company", "03. Travel Company\03. Travel Company.csproj", "{C5E38A66-ACF0-43C2-97C3-695F53FC034C}"
EndProject
Global
	GlobalSection(SolutionConfigurationPlatforms) = preSolution
		Debug|Any CPU = Debug|Any CPU
		Release|Any CPU = Release|Any CPU
	EndGlobalSection
	GlobalSection(ProjectConfigurationPlatforms) = postSolution
		{B86AAC41-8790-4D69-B050-32CE0A6F1033}.Debug|Any CPU.ActiveCfg = Debug|Any CPU
		{B86AAC41-8790-4D69-B050-32CE0A6F1033}.Debug|Any CPU.Build.0 = Debug|Any CPU
		{B86AAC41-8790-4D69-B050-32CE0A6F1033}.Release|Any CPU.ActiveCfg = Release|Any CPU
		{B86AAC41-8790-4D69-B050-32CE0A6F1033}.Release|Any CPU.Build.0 = Release|Any CPU
		{182D5A53-5BA0-41D5-8E0D-4F71B97B40A3}.Debug|Any CPU.ActiveCfg = Debug|Any CPU
		{182D5A53-5BA0-41D5-8E0D-4F71B97B40A3}.Debug|Any CPU.Build.0 = Debug|Any CPU
		{182D5A53-5BA0-41D5-8E0D-4F71B97B40A3}.Release|Any CPU.ActiveCfg = Release|Any CPU
		{182D5A53-5BA0-41D5-8E0D-4F71B97B40A3}.Release|Any CPU.Build.0 = Release|Any CPU
		{C5E38A66-ACF0-43C2-97C3-695F53FC034C}.Debug|Any CPU.ActiveCfg = Debug|Any CPU
		{C5E38A66-ACF0-43C2-97C3-695F53FC034C}.Debug|Any CPU.Build.0 = Debug|Any CPU
		{C5E38A66-ACF0-43C2-97C3-695F53FC034C}.Release|Any CPU.ActiveCfg = Release|Any CPU
		{C5E38A66-ACF0-43C2-97C3-695F53FC034C}.Release|Any CPU.Build.0 = Release|Any CPU
	EndGlobalSection
	GlobalSection(SolutionProperties) = preSolution
		HideSolutionNode = FALSE
	EndGlobalSection
	GlobalSection(ExtensibilityGlobals) = postSolution
		SolutionGuid = {8C2157A3-D171-4736-8ED3-C7023C3D54EF}
	EndGlobalSection
EndGlobal
