
Microsoft Visual Studio Solution File, Format Version 12.00
# Visual Studio 15
VisualStudioVersion = 15.0.27130.2020
MinimumVisualStudioVersion = 10.0.40219.1
Project("{FAE04EC0-301F-11D3-BF4B-00C04F79EFBC}") = "01. Shoot List Elements", "01. Shoot List Elements\01. Shoot List Elements.csproj", "{61F083E2-8F56-4B57-9017-0841A6EC67D6}"
EndProject
Project("{FAE04EC0-301F-11D3-BF4B-00C04F79EFBC}") = "02. Average Character Delimiter", "02. Average Character Delimiter\02. Average Character Delimiter.csproj", "{26C4EB7B-2B6B-4A3C-B0C1-D8B8E61AEC47}"
EndProject
Project("{FAE04EC0-301F-11D3-BF4B-00C04F79EFBC}") = "03. Sort Array of Strings", "03. Sort Array of Strings\03. Sort Array of Strings.csproj", "{B7BBCA6C-DCDF-4E07-81A2-71B7137AE166}"
EndProject
Project("{FAE04EC0-301F-11D3-BF4B-00C04F79EFBC}") = "04. Array Histogram", "04. Array Histogram\04. Array Histogram.csproj", "{339455DE-DEA2-4652-9F60-C9DCBFFE36D2}"
EndProject
Project("{FAE04EC0-301F-11D3-BF4B-00C04F79EFBC}") = "05. Decode Radio Frequencies", "05. Decode Radio Frequencies\05. Decode Radio Frequencies.csproj", "{CEE840C7-6033-49EB-891E-F36BDE76888B}"
EndProject
Project("{FAE04EC0-301F-11D3-BF4B-00C04F79EFBC}") = "06. Batteries", "06. Batteries\06. Batteries.csproj", "{9BAAF171-3C60-481D-BBE5-97A3AA626BC9}"
EndProject
Project("{FAE04EC0-301F-11D3-BF4B-00C04F79EFBC}") = "07. Rabbit Hole", "07. Rabbit Hole\07. Rabbit Hole.csproj", "{DF8E855E-7AD8-481C-9521-A22AB4A2A594}"
EndProject
Project("{FAE04EC0-301F-11D3-BF4B-00C04F79EFBC}") = "08. Binary Search", "08. Binary Search\08. Binary Search.csproj", "{2BEE0E9F-E57F-4A68-ACDB-ECE37DA66056}"
EndProject
Project("{FAE04EC0-301F-11D3-BF4B-00C04F79EFBC}") = "09. Mirror Image", "09. Mirror Image\09. Mirror Image.csproj", "{0D751501-4D69-4313-BBE1-5D776A2EF197}"
EndProject
Global
	GlobalSection(SolutionConfigurationPlatforms) = preSolution
		Debug|Any CPU = Debug|Any CPU
		Release|Any CPU = Release|Any CPU
	EndGlobalSection
	GlobalSection(ProjectConfigurationPlatforms) = postSolution
		{61F083E2-8F56-4B57-9017-0841A6EC67D6}.Debug|Any CPU.ActiveCfg = Debug|Any CPU
		{61F083E2-8F56-4B57-9017-0841A6EC67D6}.Debug|Any CPU.Build.0 = Debug|Any CPU
		{61F083E2-8F56-4B57-9017-0841A6EC67D6}.Release|Any CPU.ActiveCfg = Release|Any CPU
		{61F083E2-8F56-4B57-9017-0841A6EC67D6}.Release|Any CPU.Build.0 = Release|Any CPU
		{26C4EB7B-2B6B-4A3C-B0C1-D8B8E61AEC47}.Debug|Any CPU.ActiveCfg = Debug|Any CPU
		{26C4EB7B-2B6B-4A3C-B0C1-D8B8E61AEC47}.Debug|Any CPU.Build.0 = Debug|Any CPU
		{26C4EB7B-2B6B-4A3C-B0C1-D8B8E61AEC47}.Release|Any CPU.ActiveCfg = Release|Any CPU
		{26C4EB7B-2B6B-4A3C-B0C1-D8B8E61AEC47}.Release|Any CPU.Build.0 = Release|Any CPU
		{B7BBCA6C-DCDF-4E07-81A2-71B7137AE166}.Debug|Any CPU.ActiveCfg = Debug|Any CPU
		{B7BBCA6C-DCDF-4E07-81A2-71B7137AE166}.Debug|Any CPU.Build.0 = Debug|Any CPU
		{B7BBCA6C-DCDF-4E07-81A2-71B7137AE166}.Release|Any CPU.ActiveCfg = Release|Any CPU
		{B7BBCA6C-DCDF-4E07-81A2-71B7137AE166}.Release|Any CPU.Build.0 = Release|Any CPU
		{339455DE-DEA2-4652-9F60-C9DCBFFE36D2}.Debug|Any CPU.ActiveCfg = Debug|Any CPU
		{339455DE-DEA2-4652-9F60-C9DCBFFE36D2}.Debug|Any CPU.Build.0 = Debug|Any CPU
		{339455DE-DEA2-4652-9F60-C9DCBFFE36D2}.Release|Any CPU.ActiveCfg = Release|Any CPU
		{339455DE-DEA2-4652-9F60-C9DCBFFE36D2}.Release|Any CPU.Build.0 = Release|Any CPU
		{CEE840C7-6033-49EB-891E-F36BDE76888B}.Debug|Any CPU.ActiveCfg = Debug|Any CPU
		{CEE840C7-6033-49EB-891E-F36BDE76888B}.Debug|Any CPU.Build.0 = Debug|Any CPU
		{CEE840C7-6033-49EB-891E-F36BDE76888B}.Release|Any CPU.ActiveCfg = Release|Any CPU
		{CEE840C7-6033-49EB-891E-F36BDE76888B}.Release|Any CPU.Build.0 = Release|Any CPU
		{9BAAF171-3C60-481D-BBE5-97A3AA626BC9}.Debug|Any CPU.ActiveCfg = Debug|Any CPU
		{9BAAF171-3C60-481D-BBE5-97A3AA626BC9}.Debug|Any CPU.Build.0 = Debug|Any CPU
		{9BAAF171-3C60-481D-BBE5-97A3AA626BC9}.Release|Any CPU.ActiveCfg = Release|Any CPU
		{9BAAF171-3C60-481D-BBE5-97A3AA626BC9}.Release|Any CPU.Build.0 = Release|Any CPU
		{DF8E855E-7AD8-481C-9521-A22AB4A2A594}.Debug|Any CPU.ActiveCfg = Debug|Any CPU
		{DF8E855E-7AD8-481C-9521-A22AB4A2A594}.Debug|Any CPU.Build.0 = Debug|Any CPU
		{DF8E855E-7AD8-481C-9521-A22AB4A2A594}.Release|Any CPU.ActiveCfg = Release|Any CPU
		{DF8E855E-7AD8-481C-9521-A22AB4A2A594}.Release|Any CPU.Build.0 = Release|Any CPU
		{2BEE0E9F-E57F-4A68-ACDB-ECE37DA66056}.Debug|Any CPU.ActiveCfg = Debug|Any CPU
		{2BEE0E9F-E57F-4A68-ACDB-ECE37DA66056}.Debug|Any CPU.Build.0 = Debug|Any CPU
		{2BEE0E9F-E57F-4A68-ACDB-ECE37DA66056}.Release|Any CPU.ActiveCfg = Release|Any CPU
		{2BEE0E9F-E57F-4A68-ACDB-ECE37DA66056}.Release|Any CPU.Build.0 = Release|Any CPU
		{0D751501-4D69-4313-BBE1-5D776A2EF197}.Debug|Any CPU.ActiveCfg = Debug|Any CPU
		{0D751501-4D69-4313-BBE1-5D776A2EF197}.Debug|Any CPU.Build.0 = Debug|Any CPU
		{0D751501-4D69-4313-BBE1-5D776A2EF197}.Release|Any CPU.ActiveCfg = Release|Any CPU
		{0D751501-4D69-4313-BBE1-5D776A2EF197}.Release|Any CPU.Build.0 = Release|Any CPU
	EndGlobalSection
	GlobalSection(SolutionProperties) = preSolution
		HideSolutionNode = FALSE
	EndGlobalSection
	GlobalSection(ExtensibilityGlobals) = postSolution
		SolutionGuid = {04D311E6-7CDA-4118-87CB-5966FC7160BA}
	EndGlobalSection
EndGlobal
