
Microsoft Visual Studio Solution File, Format Version 12.00
# Visual Studio 15
VisualStudioVersion = 15.0.27130.2020
MinimumVisualStudioVersion = 10.0.40219.1
Project("{FAE04EC0-301F-11D3-BF4B-00C04F79EFBC}") = "01. Shoot List Elements", "01. Shoot List Elements\01. Shoot List Elements.csproj", "{61F083E2-8F56-4B57-9017-0841A6EC67D6}"
EndProject
Global
	GlobalSection(SolutionConfigurationPlatforms) = preSolution
		Debug|Any CPU = Debug|Any CPU
		Release|Any CPU = Release|Any CPU
	EndGlobalSection
	GlobalSection(ProjectConfigurationPlatforms) = postSolution
		{61F083E2-8F56-4B57-9017-0841A6EC67D6}.Debug|Any CPU.ActiveCfg = Debug|Any CPU
		{61F083E2-8F56-4B57-9017-0841A6EC67D6}.Debug|Any CPU.Build.0 = Debug|Any CPU
		{61F083E2-8F56-4B57-9017-0841A6EC67D6}.Release|Any CPU.ActiveCfg = Release|Any CPU
		{61F083E2-8F56-4B57-9017-0841A6EC67D6}.Release|Any CPU.Build.0 = Release|Any CPU
	EndGlobalSection
	GlobalSection(SolutionProperties) = preSolution
		HideSolutionNode = FALSE
	EndGlobalSection
	GlobalSection(ExtensibilityGlobals) = postSolution
		SolutionGuid = {04D311E6-7CDA-4118-87CB-5966FC7160BA}
	EndGlobalSection
EndGlobal
