
Microsoft Visual Studio Solution File, Format Version 12.00
# Visual Studio 15
VisualStudioVersion = 15.0.27130.2010
MinimumVisualStudioVersion = 10.0.40219.1
Project("{FAE04EC0-301F-11D3-BF4B-00C04F79EFBC}") = "CenturiesMinutes", "CenturiesMinutes\CenturiesMinutes.csproj", "{A499D337-62E0-4492-BC5D-66CAA6B1BA58}"
EndProject
Project("{FAE04EC0-301F-11D3-BF4B-00C04F79EFBC}") = "CircleArea", "CircleArea\CircleArea.csproj", "{821D83B7-E6A4-4E32-9042-B3A8D0D506A2}"
EndProject
Project("{FAE04EC0-301F-11D3-BF4B-00C04F79EFBC}") = "ExactSumRealNumbers", "ExactSumRealNumbers\ExactSumRealNumbers.csproj", "{E9E951CF-57BC-479C-8A25-8E7639B1C6C6}"
EndProject
Project("{FAE04EC0-301F-11D3-BF4B-00C04F79EFBC}") = "Elevator", "Elevator\Elevator.csproj", "{D5316061-ABE4-48A5-A817-2D4049EA2DBA}"
EndProject
Project("{FAE04EC0-301F-11D3-BF4B-00C04F79EFBC}") = "SpecialNumbers", "SpecialNumbers\SpecialNumbers.csproj", "{B9FF2885-3A2F-4B80-B259-4F036AA28B7D}"
EndProject
Project("{FAE04EC0-301F-11D3-BF4B-00C04F79EFBC}") = "TriplesLatinLetters", "TriplesLatinLetters\TriplesLatinLetters.csproj", "{39DE5992-C018-4824-B4E0-ED792A70B3FC}"
EndProject
Project("{FAE04EC0-301F-11D3-BF4B-00C04F79EFBC}") = "Greeting", "Greeting\Greeting.csproj", "{1D805704-156C-48DB-AF00-755AD0FAEFAE}"
EndProject
Project("{FAE04EC0-301F-11D3-BF4B-00C04F79EFBC}") = "RefactorVolumePyramid", "RefactorVolumePyramid\RefactorVolumePyramid.csproj", "{2F4685D0-A76D-45A1-9A81-A5263FD7215D}"
EndProject
Project("{FAE04EC0-301F-11D3-BF4B-00C04F79EFBC}") = "RefactorSpecialNumbers", "RefactorSpecialNumbers\RefactorSpecialNumbers.csproj", "{162E3DA8-1CB6-4C64-B059-E89D65B4973C}"
EndProject
Global
	GlobalSection(SolutionConfigurationPlatforms) = preSolution
		Debug|Any CPU = Debug|Any CPU
		Release|Any CPU = Release|Any CPU
	EndGlobalSection
	GlobalSection(ProjectConfigurationPlatforms) = postSolution
		{A499D337-62E0-4492-BC5D-66CAA6B1BA58}.Debug|Any CPU.ActiveCfg = Debug|Any CPU
		{A499D337-62E0-4492-BC5D-66CAA6B1BA58}.Debug|Any CPU.Build.0 = Debug|Any CPU
		{A499D337-62E0-4492-BC5D-66CAA6B1BA58}.Release|Any CPU.ActiveCfg = Release|Any CPU
		{A499D337-62E0-4492-BC5D-66CAA6B1BA58}.Release|Any CPU.Build.0 = Release|Any CPU
		{821D83B7-E6A4-4E32-9042-B3A8D0D506A2}.Debug|Any CPU.ActiveCfg = Debug|Any CPU
		{821D83B7-E6A4-4E32-9042-B3A8D0D506A2}.Debug|Any CPU.Build.0 = Debug|Any CPU
		{821D83B7-E6A4-4E32-9042-B3A8D0D506A2}.Release|Any CPU.ActiveCfg = Release|Any CPU
		{821D83B7-E6A4-4E32-9042-B3A8D0D506A2}.Release|Any CPU.Build.0 = Release|Any CPU
		{E9E951CF-57BC-479C-8A25-8E7639B1C6C6}.Debug|Any CPU.ActiveCfg = Debug|Any CPU
		{E9E951CF-57BC-479C-8A25-8E7639B1C6C6}.Debug|Any CPU.Build.0 = Debug|Any CPU
		{E9E951CF-57BC-479C-8A25-8E7639B1C6C6}.Release|Any CPU.ActiveCfg = Release|Any CPU
		{E9E951CF-57BC-479C-8A25-8E7639B1C6C6}.Release|Any CPU.Build.0 = Release|Any CPU
		{D5316061-ABE4-48A5-A817-2D4049EA2DBA}.Debug|Any CPU.ActiveCfg = Debug|Any CPU
		{D5316061-ABE4-48A5-A817-2D4049EA2DBA}.Debug|Any CPU.Build.0 = Debug|Any CPU
		{D5316061-ABE4-48A5-A817-2D4049EA2DBA}.Release|Any CPU.ActiveCfg = Release|Any CPU
		{D5316061-ABE4-48A5-A817-2D4049EA2DBA}.Release|Any CPU.Build.0 = Release|Any CPU
		{B9FF2885-3A2F-4B80-B259-4F036AA28B7D}.Debug|Any CPU.ActiveCfg = Debug|Any CPU
		{B9FF2885-3A2F-4B80-B259-4F036AA28B7D}.Debug|Any CPU.Build.0 = Debug|Any CPU
		{B9FF2885-3A2F-4B80-B259-4F036AA28B7D}.Release|Any CPU.ActiveCfg = Release|Any CPU
		{B9FF2885-3A2F-4B80-B259-4F036AA28B7D}.Release|Any CPU.Build.0 = Release|Any CPU
		{39DE5992-C018-4824-B4E0-ED792A70B3FC}.Debug|Any CPU.ActiveCfg = Debug|Any CPU
		{39DE5992-C018-4824-B4E0-ED792A70B3FC}.Debug|Any CPU.Build.0 = Debug|Any CPU
		{39DE5992-C018-4824-B4E0-ED792A70B3FC}.Release|Any CPU.ActiveCfg = Release|Any CPU
		{39DE5992-C018-4824-B4E0-ED792A70B3FC}.Release|Any CPU.Build.0 = Release|Any CPU
		{1D805704-156C-48DB-AF00-755AD0FAEFAE}.Debug|Any CPU.ActiveCfg = Debug|Any CPU
		{1D805704-156C-48DB-AF00-755AD0FAEFAE}.Debug|Any CPU.Build.0 = Debug|Any CPU
		{1D805704-156C-48DB-AF00-755AD0FAEFAE}.Release|Any CPU.ActiveCfg = Release|Any CPU
		{1D805704-156C-48DB-AF00-755AD0FAEFAE}.Release|Any CPU.Build.0 = Release|Any CPU
		{2F4685D0-A76D-45A1-9A81-A5263FD7215D}.Debug|Any CPU.ActiveCfg = Debug|Any CPU
		{2F4685D0-A76D-45A1-9A81-A5263FD7215D}.Debug|Any CPU.Build.0 = Debug|Any CPU
		{2F4685D0-A76D-45A1-9A81-A5263FD7215D}.Release|Any CPU.ActiveCfg = Release|Any CPU
		{2F4685D0-A76D-45A1-9A81-A5263FD7215D}.Release|Any CPU.Build.0 = Release|Any CPU
		{162E3DA8-1CB6-4C64-B059-E89D65B4973C}.Debug|Any CPU.ActiveCfg = Debug|Any CPU
		{162E3DA8-1CB6-4C64-B059-E89D65B4973C}.Debug|Any CPU.Build.0 = Debug|Any CPU
		{162E3DA8-1CB6-4C64-B059-E89D65B4973C}.Release|Any CPU.ActiveCfg = Release|Any CPU
		{162E3DA8-1CB6-4C64-B059-E89D65B4973C}.Release|Any CPU.Build.0 = Release|Any CPU
	EndGlobalSection
	GlobalSection(SolutionProperties) = preSolution
		HideSolutionNode = FALSE
	EndGlobalSection
	GlobalSection(ExtensibilityGlobals) = postSolution
		SolutionGuid = {A8CBEC50-90AE-4A7B-BCC2-9996AD6FDEE4}
	EndGlobalSection
EndGlobal
