
Microsoft Visual Studio Solution File, Format Version 12.00
# Visual Studio 15
VisualStudioVersion = 15.0.27130.2020
MinimumVisualStudioVersion = 10.0.40219.1
Project("{FAE04EC0-301F-11D3-BF4B-00C04F79EFBC}") = "01. Letter Repetition", "01. Letter Repetition\01. Letter Repetition.csproj", "{5E0A1EA3-E3DC-4D3C-BD99-58D4C690DE65}"
EndProject
Project("{FAE04EC0-301F-11D3-BF4B-00C04F79EFBC}") = "02. Dict-Ref", "02. Dict-Ref\02. Dict-Ref.csproj", "{5E07367D-264B-477E-A938-4D38A40715B5}"
EndProject
Project("{FAE04EC0-301F-11D3-BF4B-00C04F79EFBC}") = "03. Mixed Phones", "03. Mixed Phones\03. Mixed Phones.csproj", "{F9544335-4F9B-4BC9-AFE2-66D84C7F60DF}"
EndProject
Project("{FAE04EC0-301F-11D3-BF4B-00C04F79EFBC}") = "04. Exam Shopping", "04. Exam Shopping\04. Exam Shopping.csproj", "{685BF236-7DD1-4F40-91EC-7113BD03E900}"
EndProject
Global
	GlobalSection(SolutionConfigurationPlatforms) = preSolution
		Debug|Any CPU = Debug|Any CPU
		Release|Any CPU = Release|Any CPU
	EndGlobalSection
	GlobalSection(ProjectConfigurationPlatforms) = postSolution
		{5E0A1EA3-E3DC-4D3C-BD99-58D4C690DE65}.Debug|Any CPU.ActiveCfg = Debug|Any CPU
		{5E0A1EA3-E3DC-4D3C-BD99-58D4C690DE65}.Debug|Any CPU.Build.0 = Debug|Any CPU
		{5E0A1EA3-E3DC-4D3C-BD99-58D4C690DE65}.Release|Any CPU.ActiveCfg = Release|Any CPU
		{5E0A1EA3-E3DC-4D3C-BD99-58D4C690DE65}.Release|Any CPU.Build.0 = Release|Any CPU
		{5E07367D-264B-477E-A938-4D38A40715B5}.Debug|Any CPU.ActiveCfg = Debug|Any CPU
		{5E07367D-264B-477E-A938-4D38A40715B5}.Debug|Any CPU.Build.0 = Debug|Any CPU
		{5E07367D-264B-477E-A938-4D38A40715B5}.Release|Any CPU.ActiveCfg = Release|Any CPU
		{5E07367D-264B-477E-A938-4D38A40715B5}.Release|Any CPU.Build.0 = Release|Any CPU
		{F9544335-4F9B-4BC9-AFE2-66D84C7F60DF}.Debug|Any CPU.ActiveCfg = Debug|Any CPU
		{F9544335-4F9B-4BC9-AFE2-66D84C7F60DF}.Debug|Any CPU.Build.0 = Debug|Any CPU
		{F9544335-4F9B-4BC9-AFE2-66D84C7F60DF}.Release|Any CPU.ActiveCfg = Release|Any CPU
		{F9544335-4F9B-4BC9-AFE2-66D84C7F60DF}.Release|Any CPU.Build.0 = Release|Any CPU
		{685BF236-7DD1-4F40-91EC-7113BD03E900}.Debug|Any CPU.ActiveCfg = Debug|Any CPU
		{685BF236-7DD1-4F40-91EC-7113BD03E900}.Debug|Any CPU.Build.0 = Debug|Any CPU
		{685BF236-7DD1-4F40-91EC-7113BD03E900}.Release|Any CPU.ActiveCfg = Release|Any CPU
		{685BF236-7DD1-4F40-91EC-7113BD03E900}.Release|Any CPU.Build.0 = Release|Any CPU
	EndGlobalSection
	GlobalSection(SolutionProperties) = preSolution
		HideSolutionNode = FALSE
	EndGlobalSection
	GlobalSection(ExtensibilityGlobals) = postSolution
		SolutionGuid = {CD541C25-315F-4062-9371-3491D19F745A}
	EndGlobalSection
EndGlobal
