
Microsoft Visual Studio Solution File, Format Version 12.00
# Visual Studio 15
VisualStudioVersion = 15.0.27130.2026
MinimumVisualStudioVersion = 10.0.40219.1
Project("{FAE04EC0-301F-11D3-BF4B-00C04F79EFBC}") = "01. Match Full Name", "01. Match Full Name\01. Match Full Name.csproj", "{BC270E0B-9747-46EC-A0BD-C7D4314A29F2}"
EndProject
Project("{FAE04EC0-301F-11D3-BF4B-00C04F79EFBC}") = "02. Match Phone Number", "02. Match Phone Number\02. Match Phone Number.csproj", "{1B12E684-46B8-4587-996E-36A62DE3A6AA}"
EndProject
Project("{FAE04EC0-301F-11D3-BF4B-00C04F79EFBC}") = "03. Match Hexadecimal Numbers", "03. Match Hexadecimal Numbers\03. Match Hexadecimal Numbers.csproj", "{8CB0B8AB-91F2-4967-9104-6174CC68C63C}"
EndProject
Project("{FAE04EC0-301F-11D3-BF4B-00C04F79EFBC}") = "04. Match Dates", "04. Match Dates\04. Match Dates.csproj", "{34A13924-697D-4EDD-A23E-9F17087076CC}"
EndProject
Project("{FAE04EC0-301F-11D3-BF4B-00C04F79EFBC}") = "05. Match Numbers", "05. Match Numbers\05. Match Numbers.csproj", "{D01B0592-3910-45DF-B95F-349A7BDD4DE7}"
EndProject
Project("{FAE04EC0-301F-11D3-BF4B-00C04F79EFBC}") = "06. Replace a Tag", "06. Replace a Tag\06. Replace a Tag.csproj", "{6E273010-148A-44AF-83F5-04C362FA7656}"
EndProject
Global
	GlobalSection(SolutionConfigurationPlatforms) = preSolution
		Debug|Any CPU = Debug|Any CPU
		Release|Any CPU = Release|Any CPU
	EndGlobalSection
	GlobalSection(ProjectConfigurationPlatforms) = postSolution
		{BC270E0B-9747-46EC-A0BD-C7D4314A29F2}.Debug|Any CPU.ActiveCfg = Debug|Any CPU
		{BC270E0B-9747-46EC-A0BD-C7D4314A29F2}.Debug|Any CPU.Build.0 = Debug|Any CPU
		{BC270E0B-9747-46EC-A0BD-C7D4314A29F2}.Release|Any CPU.ActiveCfg = Release|Any CPU
		{BC270E0B-9747-46EC-A0BD-C7D4314A29F2}.Release|Any CPU.Build.0 = Release|Any CPU
		{1B12E684-46B8-4587-996E-36A62DE3A6AA}.Debug|Any CPU.ActiveCfg = Debug|Any CPU
		{1B12E684-46B8-4587-996E-36A62DE3A6AA}.Debug|Any CPU.Build.0 = Debug|Any CPU
		{1B12E684-46B8-4587-996E-36A62DE3A6AA}.Release|Any CPU.ActiveCfg = Release|Any CPU
		{1B12E684-46B8-4587-996E-36A62DE3A6AA}.Release|Any CPU.Build.0 = Release|Any CPU
		{8CB0B8AB-91F2-4967-9104-6174CC68C63C}.Debug|Any CPU.ActiveCfg = Debug|Any CPU
		{8CB0B8AB-91F2-4967-9104-6174CC68C63C}.Debug|Any CPU.Build.0 = Debug|Any CPU
		{8CB0B8AB-91F2-4967-9104-6174CC68C63C}.Release|Any CPU.ActiveCfg = Release|Any CPU
		{8CB0B8AB-91F2-4967-9104-6174CC68C63C}.Release|Any CPU.Build.0 = Release|Any CPU
		{34A13924-697D-4EDD-A23E-9F17087076CC}.Debug|Any CPU.ActiveCfg = Debug|Any CPU
		{34A13924-697D-4EDD-A23E-9F17087076CC}.Debug|Any CPU.Build.0 = Debug|Any CPU
		{34A13924-697D-4EDD-A23E-9F17087076CC}.Release|Any CPU.ActiveCfg = Release|Any CPU
		{34A13924-697D-4EDD-A23E-9F17087076CC}.Release|Any CPU.Build.0 = Release|Any CPU
		{D01B0592-3910-45DF-B95F-349A7BDD4DE7}.Debug|Any CPU.ActiveCfg = Debug|Any CPU
		{D01B0592-3910-45DF-B95F-349A7BDD4DE7}.Debug|Any CPU.Build.0 = Debug|Any CPU
		{D01B0592-3910-45DF-B95F-349A7BDD4DE7}.Release|Any CPU.ActiveCfg = Release|Any CPU
		{D01B0592-3910-45DF-B95F-349A7BDD4DE7}.Release|Any CPU.Build.0 = Release|Any CPU
		{6E273010-148A-44AF-83F5-04C362FA7656}.Debug|Any CPU.ActiveCfg = Debug|Any CPU
		{6E273010-148A-44AF-83F5-04C362FA7656}.Debug|Any CPU.Build.0 = Debug|Any CPU
		{6E273010-148A-44AF-83F5-04C362FA7656}.Release|Any CPU.ActiveCfg = Release|Any CPU
		{6E273010-148A-44AF-83F5-04C362FA7656}.Release|Any CPU.Build.0 = Release|Any CPU
	EndGlobalSection
	GlobalSection(SolutionProperties) = preSolution
		HideSolutionNode = FALSE
	EndGlobalSection
	GlobalSection(ExtensibilityGlobals) = postSolution
		SolutionGuid = {44B7D6E5-89CF-438F-83AE-3DDC6C62B6C1}
	EndGlobalSection
EndGlobal
