
Microsoft Visual Studio Solution File, Format Version 12.00
# Visual Studio 15
VisualStudioVersion = 15.0.27130.2024
MinimumVisualStudioVersion = 10.0.40219.1
Project("{FAE04EC0-301F-11D3-BF4B-00C04F79EFBC}") = "01. Filter Extensions", "01. Filter Extensions\01. Filter Extensions.csproj", "{CD363421-1450-45E7-937B-52BF79FE88D0}"
EndProject
Project("{FAE04EC0-301F-11D3-BF4B-00C04F79EFBC}") = "02. HTML Contents", "02. HTML Contents\02. HTML Contents.csproj", "{358FDCFD-A665-4616-8373-88A14A18119F}"
EndProject
Project("{FAE04EC0-301F-11D3-BF4B-00C04F79EFBC}") = "03. User Database", "03. User Database\03. User Database.csproj", "{63856F1B-50EF-4180-A76F-2B5244A4806B}"
EndProject
Project("{FAE04EC0-301F-11D3-BF4B-00C04F79EFBC}") = "04. Re-Directory", "04. Re-Directory\04. Re-Directory.csproj", "{FE1DABE3-EFD0-46A0-BBCA-4C4C31DD8956}"
EndProject
Project("{FAE04EC0-301F-11D3-BF4B-00C04F79EFBC}") = "05. Products", "05. Products\05. Products.csproj", "{9A6E8BA5-8207-40AF-91CE-15D20D7EC05C}"
EndProject
Project("{FAE04EC0-301F-11D3-BF4B-00C04F79EFBC}") = "06. Most Frequent Number", "06. Most Frequent Number\06. Most Frequent Number.csproj", "{04868AF9-00A4-4635-B673-33AA693599C5}"
EndProject
Project("{FAE04EC0-301F-11D3-BF4B-00C04F79EFBC}") = "07. Index of Letters", "07. Index of Letters\07. Index of Letters.csproj", "{4E3A0C67-D912-47CB-AEBB-0A5FAD9C4B4D}"
EndProject
Project("{FAE04EC0-301F-11D3-BF4B-00C04F79EFBC}") = "08. Equal Sums", "08. Equal Sums\08. Equal Sums.csproj", "{297148BD-8B68-4A63-AED7-DDC1C72907B3}"
EndProject
Project("{FAE04EC0-301F-11D3-BF4B-00C04F79EFBC}") = "09. Max Sequence of Equal Elements", "09. Max Sequence of Equal Elements\09. Max Sequence of Equal Elements.csproj", "{320D4ABC-2E23-4BAF-B1F8-632381C534E3}"
EndProject
Project("{FAE04EC0-301F-11D3-BF4B-00C04F79EFBC}") = "10. A Miner Task", "10. A Miner Task\10. A Miner Task.csproj", "{32D6647E-EE1A-4B3D-93BD-90C312BDC4C3}"
EndProject
Project("{FAE04EC0-301F-11D3-BF4B-00C04F79EFBC}") = "11. Fix Emails", "11. Fix Emails\11. Fix Emails.csproj", "{8AE10076-8BA6-4DCA-852B-CCB6261671CA}"
EndProject
Project("{FAE04EC0-301F-11D3-BF4B-00C04F79EFBC}") = "12. Advertisement Message", "12. Advertisement Message\12. Advertisement Message.csproj", "{B2296BDC-E68C-4494-A4FA-B2663E8125D5}"
EndProject
Project("{FAE04EC0-301F-11D3-BF4B-00C04F79EFBC}") = "13. Average Grades", "13. Average Grades\13. Average Grades.csproj", "{1305ED5B-858B-4A52-975B-8A86AACCFDB6}"
EndProject
Project("{FAE04EC0-301F-11D3-BF4B-00C04F79EFBC}") = "14. Book Library", "14. Book Library\14. Book Library.csproj", "{13F06395-DEDB-431D-89E8-B7357A1D9BF1}"
EndProject
Project("{FAE04EC0-301F-11D3-BF4B-00C04F79EFBC}") = "15. Book Library Modification", "15. Book Library Modification\15. Book Library Modification.csproj", "{96B50530-242E-4F0E-BB79-60BEA14AF504}"
EndProject
Project("{FAE04EC0-301F-11D3-BF4B-00C04F79EFBC}") = "16. Order by Age", "16. Order by Age\16. Order by Age.csproj", "{60263CD5-64BA-4FEB-BAF7-9079879B56D5}"
EndProject
Project("{FAE04EC0-301F-11D3-BF4B-00C04F79EFBC}") = "17. Vehicle Catalogue", "17. Vehicle Catalogue\17. Vehicle Catalogue.csproj", "{F2523340-E992-4F8C-A752-DC4641B0F88F}"
EndProject
Project("{FAE04EC0-301F-11D3-BF4B-00C04F79EFBC}") = "18. Jarvis", "18. Jarvis\18. Jarvis.csproj", "{0CB738C5-FE79-4FF1-9B07-94F37D41D6F5}"
EndProject
Project("{FAE04EC0-301F-11D3-BF4B-00C04F79EFBC}") = "19. Punctuation Finder", "19. Punctuation Finder\19. Punctuation Finder.csproj", "{2A7417D5-1F85-4EDE-8ED4-E2829356B97F}"
EndProject
Global
	GlobalSection(SolutionConfigurationPlatforms) = preSolution
		Debug|Any CPU = Debug|Any CPU
		Release|Any CPU = Release|Any CPU
	EndGlobalSection
	GlobalSection(ProjectConfigurationPlatforms) = postSolution
		{CD363421-1450-45E7-937B-52BF79FE88D0}.Debug|Any CPU.ActiveCfg = Debug|Any CPU
		{CD363421-1450-45E7-937B-52BF79FE88D0}.Debug|Any CPU.Build.0 = Debug|Any CPU
		{CD363421-1450-45E7-937B-52BF79FE88D0}.Release|Any CPU.ActiveCfg = Release|Any CPU
		{CD363421-1450-45E7-937B-52BF79FE88D0}.Release|Any CPU.Build.0 = Release|Any CPU
		{358FDCFD-A665-4616-8373-88A14A18119F}.Debug|Any CPU.ActiveCfg = Debug|Any CPU
		{358FDCFD-A665-4616-8373-88A14A18119F}.Debug|Any CPU.Build.0 = Debug|Any CPU
		{358FDCFD-A665-4616-8373-88A14A18119F}.Release|Any CPU.ActiveCfg = Release|Any CPU
		{358FDCFD-A665-4616-8373-88A14A18119F}.Release|Any CPU.Build.0 = Release|Any CPU
		{63856F1B-50EF-4180-A76F-2B5244A4806B}.Debug|Any CPU.ActiveCfg = Debug|Any CPU
		{63856F1B-50EF-4180-A76F-2B5244A4806B}.Debug|Any CPU.Build.0 = Debug|Any CPU
		{63856F1B-50EF-4180-A76F-2B5244A4806B}.Release|Any CPU.ActiveCfg = Release|Any CPU
		{63856F1B-50EF-4180-A76F-2B5244A4806B}.Release|Any CPU.Build.0 = Release|Any CPU
		{FE1DABE3-EFD0-46A0-BBCA-4C4C31DD8956}.Debug|Any CPU.ActiveCfg = Debug|Any CPU
		{FE1DABE3-EFD0-46A0-BBCA-4C4C31DD8956}.Debug|Any CPU.Build.0 = Debug|Any CPU
		{FE1DABE3-EFD0-46A0-BBCA-4C4C31DD8956}.Release|Any CPU.ActiveCfg = Release|Any CPU
		{FE1DABE3-EFD0-46A0-BBCA-4C4C31DD8956}.Release|Any CPU.Build.0 = Release|Any CPU
		{9A6E8BA5-8207-40AF-91CE-15D20D7EC05C}.Debug|Any CPU.ActiveCfg = Debug|Any CPU
		{9A6E8BA5-8207-40AF-91CE-15D20D7EC05C}.Debug|Any CPU.Build.0 = Debug|Any CPU
		{9A6E8BA5-8207-40AF-91CE-15D20D7EC05C}.Release|Any CPU.ActiveCfg = Release|Any CPU
		{9A6E8BA5-8207-40AF-91CE-15D20D7EC05C}.Release|Any CPU.Build.0 = Release|Any CPU
		{04868AF9-00A4-4635-B673-33AA693599C5}.Debug|Any CPU.ActiveCfg = Debug|Any CPU
		{04868AF9-00A4-4635-B673-33AA693599C5}.Debug|Any CPU.Build.0 = Debug|Any CPU
		{04868AF9-00A4-4635-B673-33AA693599C5}.Release|Any CPU.ActiveCfg = Release|Any CPU
		{04868AF9-00A4-4635-B673-33AA693599C5}.Release|Any CPU.Build.0 = Release|Any CPU
		{4E3A0C67-D912-47CB-AEBB-0A5FAD9C4B4D}.Debug|Any CPU.ActiveCfg = Debug|Any CPU
		{4E3A0C67-D912-47CB-AEBB-0A5FAD9C4B4D}.Debug|Any CPU.Build.0 = Debug|Any CPU
		{4E3A0C67-D912-47CB-AEBB-0A5FAD9C4B4D}.Release|Any CPU.ActiveCfg = Release|Any CPU
		{4E3A0C67-D912-47CB-AEBB-0A5FAD9C4B4D}.Release|Any CPU.Build.0 = Release|Any CPU
		{297148BD-8B68-4A63-AED7-DDC1C72907B3}.Debug|Any CPU.ActiveCfg = Debug|Any CPU
		{297148BD-8B68-4A63-AED7-DDC1C72907B3}.Debug|Any CPU.Build.0 = Debug|Any CPU
		{297148BD-8B68-4A63-AED7-DDC1C72907B3}.Release|Any CPU.ActiveCfg = Release|Any CPU
		{297148BD-8B68-4A63-AED7-DDC1C72907B3}.Release|Any CPU.Build.0 = Release|Any CPU
		{320D4ABC-2E23-4BAF-B1F8-632381C534E3}.Debug|Any CPU.ActiveCfg = Debug|Any CPU
		{320D4ABC-2E23-4BAF-B1F8-632381C534E3}.Debug|Any CPU.Build.0 = Debug|Any CPU
		{320D4ABC-2E23-4BAF-B1F8-632381C534E3}.Release|Any CPU.ActiveCfg = Release|Any CPU
		{320D4ABC-2E23-4BAF-B1F8-632381C534E3}.Release|Any CPU.Build.0 = Release|Any CPU
		{32D6647E-EE1A-4B3D-93BD-90C312BDC4C3}.Debug|Any CPU.ActiveCfg = Debug|Any CPU
		{32D6647E-EE1A-4B3D-93BD-90C312BDC4C3}.Debug|Any CPU.Build.0 = Debug|Any CPU
		{32D6647E-EE1A-4B3D-93BD-90C312BDC4C3}.Release|Any CPU.ActiveCfg = Release|Any CPU
		{32D6647E-EE1A-4B3D-93BD-90C312BDC4C3}.Release|Any CPU.Build.0 = Release|Any CPU
		{8AE10076-8BA6-4DCA-852B-CCB6261671CA}.Debug|Any CPU.ActiveCfg = Debug|Any CPU
		{8AE10076-8BA6-4DCA-852B-CCB6261671CA}.Debug|Any CPU.Build.0 = Debug|Any CPU
		{8AE10076-8BA6-4DCA-852B-CCB6261671CA}.Release|Any CPU.ActiveCfg = Release|Any CPU
		{8AE10076-8BA6-4DCA-852B-CCB6261671CA}.Release|Any CPU.Build.0 = Release|Any CPU
		{B2296BDC-E68C-4494-A4FA-B2663E8125D5}.Debug|Any CPU.ActiveCfg = Debug|Any CPU
		{B2296BDC-E68C-4494-A4FA-B2663E8125D5}.Debug|Any CPU.Build.0 = Debug|Any CPU
		{B2296BDC-E68C-4494-A4FA-B2663E8125D5}.Release|Any CPU.ActiveCfg = Release|Any CPU
		{B2296BDC-E68C-4494-A4FA-B2663E8125D5}.Release|Any CPU.Build.0 = Release|Any CPU
		{1305ED5B-858B-4A52-975B-8A86AACCFDB6}.Debug|Any CPU.ActiveCfg = Debug|Any CPU
		{1305ED5B-858B-4A52-975B-8A86AACCFDB6}.Debug|Any CPU.Build.0 = Debug|Any CPU
		{1305ED5B-858B-4A52-975B-8A86AACCFDB6}.Release|Any CPU.ActiveCfg = Release|Any CPU
		{1305ED5B-858B-4A52-975B-8A86AACCFDB6}.Release|Any CPU.Build.0 = Release|Any CPU
		{13F06395-DEDB-431D-89E8-B7357A1D9BF1}.Debug|Any CPU.ActiveCfg = Debug|Any CPU
		{13F06395-DEDB-431D-89E8-B7357A1D9BF1}.Debug|Any CPU.Build.0 = Debug|Any CPU
		{13F06395-DEDB-431D-89E8-B7357A1D9BF1}.Release|Any CPU.ActiveCfg = Release|Any CPU
		{13F06395-DEDB-431D-89E8-B7357A1D9BF1}.Release|Any CPU.Build.0 = Release|Any CPU
		{96B50530-242E-4F0E-BB79-60BEA14AF504}.Debug|Any CPU.ActiveCfg = Debug|Any CPU
		{96B50530-242E-4F0E-BB79-60BEA14AF504}.Debug|Any CPU.Build.0 = Debug|Any CPU
		{96B50530-242E-4F0E-BB79-60BEA14AF504}.Release|Any CPU.ActiveCfg = Release|Any CPU
		{96B50530-242E-4F0E-BB79-60BEA14AF504}.Release|Any CPU.Build.0 = Release|Any CPU
		{60263CD5-64BA-4FEB-BAF7-9079879B56D5}.Debug|Any CPU.ActiveCfg = Debug|Any CPU
		{60263CD5-64BA-4FEB-BAF7-9079879B56D5}.Debug|Any CPU.Build.0 = Debug|Any CPU
		{60263CD5-64BA-4FEB-BAF7-9079879B56D5}.Release|Any CPU.ActiveCfg = Release|Any CPU
		{60263CD5-64BA-4FEB-BAF7-9079879B56D5}.Release|Any CPU.Build.0 = Release|Any CPU
		{F2523340-E992-4F8C-A752-DC4641B0F88F}.Debug|Any CPU.ActiveCfg = Debug|Any CPU
		{F2523340-E992-4F8C-A752-DC4641B0F88F}.Debug|Any CPU.Build.0 = Debug|Any CPU
		{F2523340-E992-4F8C-A752-DC4641B0F88F}.Release|Any CPU.ActiveCfg = Release|Any CPU
		{F2523340-E992-4F8C-A752-DC4641B0F88F}.Release|Any CPU.Build.0 = Release|Any CPU
		{0CB738C5-FE79-4FF1-9B07-94F37D41D6F5}.Debug|Any CPU.ActiveCfg = Debug|Any CPU
		{0CB738C5-FE79-4FF1-9B07-94F37D41D6F5}.Debug|Any CPU.Build.0 = Debug|Any CPU
		{0CB738C5-FE79-4FF1-9B07-94F37D41D6F5}.Release|Any CPU.ActiveCfg = Release|Any CPU
		{0CB738C5-FE79-4FF1-9B07-94F37D41D6F5}.Release|Any CPU.Build.0 = Release|Any CPU
		{2A7417D5-1F85-4EDE-8ED4-E2829356B97F}.Debug|Any CPU.ActiveCfg = Debug|Any CPU
		{2A7417D5-1F85-4EDE-8ED4-E2829356B97F}.Debug|Any CPU.Build.0 = Debug|Any CPU
		{2A7417D5-1F85-4EDE-8ED4-E2829356B97F}.Release|Any CPU.ActiveCfg = Release|Any CPU
		{2A7417D5-1F85-4EDE-8ED4-E2829356B97F}.Release|Any CPU.Build.0 = Release|Any CPU
	EndGlobalSection
	GlobalSection(SolutionProperties) = preSolution
		HideSolutionNode = FALSE
	EndGlobalSection
	GlobalSection(ExtensibilityGlobals) = postSolution
		SolutionGuid = {6518F893-AB27-4A17-98DC-DD349FFC0A62}
	EndGlobalSection
EndGlobal
